{
  "version": 4,
  "terraform_version": "1.9.8",
  "serial": 1009,
  "lineage": "3c7dccf1-7eba-0354-8970-788e3b50a8a4",
  "outputs": {},
  "resources": [
    {
      "module": "module.alb",
      "mode": "managed",
      "type": "aws_alb",
      "name": "network_load_balancer",
      "provider": "provider[\"registry.terraform.io/hashicorp/aws\"]",
      "instances": [
        {
          "schema_version": 0,
          "attributes": {
            "access_logs": [
              {
                "bucket": "",
                "enabled": false,
                "prefix": ""
              }
            ],
            "arn": "arn:aws:elasticloadbalancing:eu-west-1:516371590104:loadbalancer/net/tf-lb-20250122081138788900000014/6ca37990cb493374",
            "arn_suffix": "net/tf-lb-20250122081138788900000014/6ca37990cb493374",
            "customer_owned_ipv4_pool": "",
            "desync_mitigation_mode": null,
            "dns_name": "tf-lb-20250122081138788900000014-6ca37990cb493374.elb.eu-west-1.amazonaws.com",
            "drop_invalid_header_fields": null,
            "enable_cross_zone_load_balancing": false,
            "enable_deletion_protection": false,
            "enable_http2": null,
            "enable_waf_fail_open": null,
            "id": "arn:aws:elasticloadbalancing:eu-west-1:516371590104:loadbalancer/net/tf-lb-20250122081138788900000014/6ca37990cb493374",
            "idle_timeout": null,
            "internal": false,
            "ip_address_type": "ipv4",
            "load_balancer_type": "network",
            "name": "tf-lb-20250122081138788900000014",
            "name_prefix": null,
            "preserve_host_header": null,
            "security_groups": [],
            "subnet_mapping": [
              {
                "allocation_id": "",
                "ipv6_address": "",
                "outpost_id": "",
                "private_ipv4_address": "",
                "subnet_id": "subnet-04a8d9dbf93237613"
              },
              {
                "allocation_id": "",
                "ipv6_address": "",
                "outpost_id": "",
                "private_ipv4_address": "",
                "subnet_id": "subnet-06850062c67d303b1"
              }
            ],
            "subnets": [
              "subnet-04a8d9dbf93237613",
              "subnet-06850062c67d303b1"
            ],
            "tags": {
              "Name": "gis-pov-dev-nlb"
            },
            "tags_all": {
              "Name": "gis-pov-dev-nlb"
            },
            "timeouts": null,
            "vpc_id": "vpc-07cb87fd61b92104c",
            "zone_id": "Z2IFOLAFXWLO4F"
          },
          "sensitive_attributes": [],
          "private": "eyJlMmJmYjczMC1lY2FhLTExZTYtOGY4OC0zNDM2M2JjN2M0YzAiOnsiY3JlYXRlIjo2MDAwMDAwMDAwMDAsImRlbGV0ZSI6NjAwMDAwMDAwMDAwLCJ1cGRhdGUiOjYwMDAwMDAwMDAwMH19",
          "dependencies": [
            "module.vpc.aws_subnet.public_subnet",
            "module.vpc.aws_vpc.main_vpc"
          ]
        }
      ]
    },
    {
      "module": "module.ecs",
      "mode": "managed",
      "type": "aws_ecs_cluster",
      "name": "cluster",
      "provider": "provider[\"registry.terraform.io/hashicorp/aws\"]",
      "instances": [
        {
          "schema_version": 0,
          "attributes": {
            "arn": "arn:aws:ecs:eu-west-1:516371590104:cluster/gis-pov-dev-cluster",
            "capacity_providers": [],
            "configuration": [],
            "default_capacity_provider_strategy": [],
            "id": "arn:aws:ecs:eu-west-1:516371590104:cluster/gis-pov-dev-cluster",
            "name": "gis-pov-dev-cluster",
            "service_connect_defaults": [],
            "setting": [
              {
                "name": "containerInsights",
                "value": "disabled"
              }
            ],
            "tags": null,
            "tags_all": {}
          },
          "sensitive_attributes": [],
          "private": "bnVsbA=="
        }
      ]
    },
    {
      "module": "module.ecs",
      "mode": "managed",
      "type": "aws_iam_policy",
      "name": "ecs_exec_policy",
      "provider": "provider[\"registry.terraform.io/hashicorp/aws\"]",
      "instances": [
        {
          "schema_version": 0,
          "attributes": {
            "arn": "arn:aws:iam::516371590104:policy/gis-pov-dev-ecs-exec-policy",
            "description": "",
            "id": "arn:aws:iam::516371590104:policy/gis-pov-dev-ecs-exec-policy",
            "name": "gis-pov-dev-ecs-exec-policy",
            "name_prefix": null,
            "path": "/",
            "policy": "{\"Statement\":[{\"Action\":[\"ssmmessages:CreateControlChannel\",\"ssmmessages:CreateDataChannel\",\"ssmmessages:OpenControlChannel\",\"ssmmessages:OpenDataChannel\"],\"Effect\":\"Allow\",\"Resource\":\"*\"}],\"Version\":\"2012-10-17\"}",
            "policy_id": "ANPAXQORFFPMGWWYXP5WK",
            "tags": null,
            "tags_all": {}
          },
          "sensitive_attributes": [],
          "private": "bnVsbA=="
        }
      ]
    },
    {
      "module": "module.ecs",
      "mode": "managed",
      "type": "aws_iam_policy",
      "name": "ecs_task_execution_log_policy",
      "provider": "provider[\"registry.terraform.io/hashicorp/aws\"]",
      "instances": [
        {
          "schema_version": 0,
          "attributes": {
            "arn": "arn:aws:iam::516371590104:policy/gis-pov-dev-ecs-task-execution-log-policy",
            "description": "",
            "id": "arn:aws:iam::516371590104:policy/gis-pov-dev-ecs-task-execution-log-policy",
            "name": "gis-pov-dev-ecs-task-execution-log-policy",
            "name_prefix": null,
            "path": "/",
            "policy": "{\"Statement\":[{\"Action\":[\"logs:CreateLogGroup\",\"logs:CreateLogStream\",\"logs:PutLogEvents\"],\"Effect\":\"Allow\",\"Resource\":\"*\"}],\"Version\":\"2012-10-17\"}",
            "policy_id": "ANPAXQORFFPMIVLGQWUBE",
            "tags": null,
            "tags_all": {}
          },
          "sensitive_attributes": [],
          "private": "bnVsbA=="
        }
      ]
    },
    {
      "module": "module.ecs",
      "mode": "managed",
      "type": "aws_iam_policy",
      "name": "efs_access_policy",
      "provider": "provider[\"registry.terraform.io/hashicorp/aws\"]",
      "instances": [
        {
          "schema_version": 0,
          "attributes": {
            "arn": "arn:aws:iam::516371590104:policy/gis-pov-dev-efs-access-policy",
            "description": "",
            "id": "arn:aws:iam::516371590104:policy/gis-pov-dev-efs-access-policy",
            "name": "gis-pov-dev-efs-access-policy",
            "name_prefix": null,
            "path": "/",
            "policy": "{\"Statement\":[{\"Action\":[\"elasticfilesystem:ClientMount\",\"elasticfilesystem:ClientWrite\",\"elasticfilesystem:ClientRootAccess\"],\"Effect\":\"Allow\",\"Resource\":\"*\"}],\"Version\":\"2012-10-17\"}",
            "policy_id": "ANPAXQORFFPMGM4NBAOJX",
            "tags": null,
            "tags_all": {}
          },
          "sensitive_attributes": [],
          "private": "bnVsbA=="
        }
      ]
    },
    {
      "module": "module.ecs",
      "mode": "managed",
      "type": "aws_iam_role",
      "name": "ecs_task_execution_role",
      "provider": "provider[\"registry.terraform.io/hashicorp/aws\"]",
      "instances": [
        {
          "schema_version": 0,
          "attributes": {
            "arn": "arn:aws:iam::516371590104:role/gis-pov-dev-ecs-task-execution-role",
            "assume_role_policy": "{\"Statement\":[{\"Action\":\"sts:AssumeRole\",\"Effect\":\"Allow\",\"Principal\":{\"Service\":\"ecs-tasks.amazonaws.com\"}}],\"Version\":\"2012-10-17\"}",
            "create_date": "2025-01-22T08:11:15Z",
            "description": "",
            "force_detach_policies": false,
            "id": "gis-pov-dev-ecs-task-execution-role",
            "inline_policy": [],
            "managed_policy_arns": [],
            "max_session_duration": 3600,
            "name": "gis-pov-dev-ecs-task-execution-role",
            "name_prefix": "",
            "path": "/",
            "permissions_boundary": null,
            "tags": {
              "Name": "gis-pov-dev-ecs-task-execution-role"
            },
            "tags_all": {
              "Name": "gis-pov-dev-ecs-task-execution-role"
            },
            "unique_id": "AROAXQORFFPMDML3JRPF3"
          },
          "sensitive_attributes": [],
          "private": "bnVsbA=="
        }
      ]
    },
    {
      "module": "module.ecs",
      "mode": "managed",
      "type": "aws_iam_role",
      "name": "ecs_task_role",
      "provider": "provider[\"registry.terraform.io/hashicorp/aws\"]",
      "instances": [
        {
          "schema_version": 0,
          "attributes": {
            "arn": "arn:aws:iam::516371590104:role/gis-pov-dev-ecs-task-role",
            "assume_role_policy": "{\"Statement\":[{\"Action\":\"sts:AssumeRole\",\"Effect\":\"Allow\",\"Principal\":{\"Service\":\"ecs-tasks.amazonaws.com\"}}],\"Version\":\"2012-10-17\"}",
            "create_date": "2025-01-22T08:11:15Z",
            "description": "",
            "force_detach_policies": false,
            "id": "gis-pov-dev-ecs-task-role",
            "inline_policy": [],
            "managed_policy_arns": [],
            "max_session_duration": 3600,
            "name": "gis-pov-dev-ecs-task-role",
            "name_prefix": "",
            "path": "/",
            "permissions_boundary": null,
            "tags": {
              "Name": "gis-pov-dev-ecs-task-role"
            },
            "tags_all": {
              "Name": "gis-pov-dev-ecs-task-role"
            },
            "unique_id": "AROAXQORFFPMMCQM6WXKG"
          },
          "sensitive_attributes": [],
          "private": "bnVsbA=="
        }
      ]
    },
    {
      "module": "module.ecs",
      "mode": "managed",
      "type": "aws_iam_role_policy_attachment",
      "name": "ecr_container_access",
      "provider": "provider[\"registry.terraform.io/hashicorp/aws\"]",
      "instances": [
        {
          "schema_version": 0,
          "attributes": {
            "id": "gis-pov-dev-ecs-task-execution-role-20250122081116756300000003",
            "policy_arn": "arn:aws:iam::aws:policy/AmazonEC2ContainerRegistryReadOnly",
            "role": "gis-pov-dev-ecs-task-execution-role"
          },
          "sensitive_attributes": [],
          "private": "bnVsbA==",
          "dependencies": [
            "module.ecs.aws_iam_role.ecs_task_execution_role"
          ]
        }
      ]
    },
    {
      "module": "module.ecs",
      "mode": "managed",
      "type": "aws_iam_role_policy_attachment",
      "name": "ecs_exec_policy_attachment",
      "provider": "provider[\"registry.terraform.io/hashicorp/aws\"]",
      "instances": [
        {
          "schema_version": 0,
          "attributes": {
            "id": "gis-pov-dev-ecs-task-execution-role-20250122081116684200000001",
            "policy_arn": "arn:aws:iam::516371590104:policy/gis-pov-dev-ecs-exec-policy",
            "role": "gis-pov-dev-ecs-task-execution-role"
          },
          "sensitive_attributes": [],
          "private": "bnVsbA==",
          "dependencies": [
            "module.ecs.aws_iam_policy.ecs_exec_policy",
            "module.ecs.aws_iam_role.ecs_task_execution_role"
          ]
        }
      ]
    },
    {
      "module": "module.ecs",
      "mode": "managed",
      "type": "aws_iam_role_policy_attachment",
      "name": "ecs_task_execution_log_policy_attachment",
      "provider": "provider[\"registry.terraform.io/hashicorp/aws\"]",
      "instances": [
        {
          "schema_version": 0,
          "attributes": {
            "id": "gis-pov-dev-ecs-task-execution-role-20250122081117017100000004",
            "policy_arn": "arn:aws:iam::516371590104:policy/gis-pov-dev-ecs-task-execution-log-policy",
            "role": "gis-pov-dev-ecs-task-execution-role"
          },
          "sensitive_attributes": [],
          "private": "bnVsbA==",
          "dependencies": [
            "module.ecs.aws_iam_policy.ecs_task_execution_log_policy",
            "module.ecs.aws_iam_role.ecs_task_execution_role"
          ]
        }
      ]
    },
    {
      "module": "module.ecs",
      "mode": "managed",
      "type": "aws_iam_role_policy_attachment",
      "name": "ecs_task_execution_policy",
      "provider": "provider[\"registry.terraform.io/hashicorp/aws\"]",
      "instances": [
        {
          "schema_version": 0,
          "attributes": {
            "id": "gis-pov-dev-ecs-task-execution-role-20250122081117075500000007",
            "policy_arn": "arn:aws:iam::aws:policy/service-role/AmazonECSTaskExecutionRolePolicy",
            "role": "gis-pov-dev-ecs-task-execution-role"
          },
          "sensitive_attributes": [],
          "private": "bnVsbA==",
          "dependencies": [
            "module.ecs.aws_iam_role.ecs_task_execution_role"
          ]
        }
      ]
    },
    {
      "module": "module.ecs",
      "mode": "managed",
      "type": "aws_iam_role_policy_attachment",
      "name": "efs_access_policy_attachment",
      "provider": "provider[\"registry.terraform.io/hashicorp/aws\"]",
      "instances": [
        {
          "schema_version": 0,
          "attributes": {
            "id": "gis-pov-dev-ecs-task-execution-role-20250122081117141900000009",
            "policy_arn": "arn:aws:iam::516371590104:policy/gis-pov-dev-efs-access-policy",
            "role": "gis-pov-dev-ecs-task-execution-role"
          },
          "sensitive_attributes": [],
          "private": "bnVsbA==",
          "dependencies": [
            "module.ecs.aws_iam_policy.efs_access_policy",
            "module.ecs.aws_iam_role.ecs_task_execution_role"
          ]
        }
      ]
    },
    {
      "module": "module.ecs",
      "mode": "managed",
      "type": "aws_iam_role_policy_attachment",
      "name": "ssm_managed_instance_policy",
      "provider": "provider[\"registry.terraform.io/hashicorp/aws\"]",
      "instances": [
        {
          "schema_version": 0,
          "attributes": {
            "id": "gis-pov-dev-ecs-task-execution-role-20250122081116688900000002",
            "policy_arn": "arn:aws:iam::aws:policy/AmazonSSMManagedInstanceCore",
            "role": "gis-pov-dev-ecs-task-execution-role"
          },
          "sensitive_attributes": [],
          "private": "bnVsbA==",
          "dependencies": [
            "module.ecs.aws_iam_role.ecs_task_execution_role"
          ]
        }
      ]
    },
    {
      "module": "module.ecs.module.nodered",
      "mode": "managed",
      "type": "aws_cloudwatch_log_group",
      "name": "nodered_log_group",
      "provider": "provider[\"registry.terraform.io/hashicorp/aws\"]",
      "instances": [
        {
          "schema_version": 0,
          "attributes": {
            "arn": "arn:aws:logs:eu-west-1:516371590104:log-group:/ecs/gis-pov-dev-nodered",
            "id": "/ecs/gis-pov-dev-nodered",
            "kms_key_id": "",
            "name": "/ecs/gis-pov-dev-nodered",
            "name_prefix": "",
            "retention_in_days": 7,
            "skip_destroy": false,
            "tags": {
              "Name": "gis-pov-dev-nodered-log-group"
            },
            "tags_all": {
              "Name": "gis-pov-dev-nodered-log-group"
            }
          },
          "sensitive_attributes": [],
          "private": "bnVsbA=="
        }
      ]
    },
    {
      "module": "module.ecs.module.nodered",
      "mode": "managed",
      "type": "aws_ecs_service",
      "name": "nodered_service",
      "provider": "provider[\"registry.terraform.io/hashicorp/aws\"]",
      "instances": [
        {
          "schema_version": 0,
          "attributes": {
            "alarms": [],
            "capacity_provider_strategy": [],
            "cluster": "arn:aws:ecs:eu-west-1:516371590104:cluster/gis-pov-dev-cluster",
            "deployment_circuit_breaker": [
              {
                "enable": false,
                "rollback": false
              }
            ],
            "deployment_controller": [
              {
                "type": "ECS"
              }
            ],
            "deployment_maximum_percent": 200,
            "deployment_minimum_healthy_percent": 100,
            "desired_count": 1,
            "enable_ecs_managed_tags": false,
            "enable_execute_command": true,
            "force_new_deployment": null,
            "health_check_grace_period_seconds": 0,
            "iam_role": "aws-service-role",
            "id": "arn:aws:ecs:eu-west-1:516371590104:service/gis-pov-dev-cluster/gis-pov-dev-nodered-service",
            "launch_type": "FARGATE",
            "load_balancer": [
              {
                "container_name": "nodered",
                "container_port": 1880,
                "elb_name": "",
                "target_group_arn": "arn:aws:elasticloadbalancing:eu-west-1:516371590104:targetgroup/gis-pov-dev-nred-tg/435c9a9777d5b854"
              }
            ],
            "name": "gis-pov-dev-nodered-service",
            "network_configuration": [
              {
                "assign_public_ip": false,
                "security_groups": [
                  "sg-012dacc7c187d6520"
                ],
                "subnets": [
                  "subnet-089ea275800d79b4f",
                  "subnet-0d5ce4a1ba3d4f384"
                ]
              }
            ],
            "ordered_placement_strategy": [],
            "placement_constraints": [],
            "platform_version": "LATEST",
            "propagate_tags": "NONE",
            "scheduling_strategy": "REPLICA",
            "service_connect_configuration": [],
            "service_registries": [],
            "tags": null,
            "tags_all": {},
            "task_definition": "arn:aws:ecs:eu-west-1:516371590104:task-definition/gis-pov-dev-nodered-task:34",
            "timeouts": null,
            "triggers": {},
            "wait_for_steady_state": false
          },
          "sensitive_attributes": [],
          "private": "eyJlMmJmYjczMC1lY2FhLTExZTYtOGY4OC0zNDM2M2JjN2M0YzAiOnsiY3JlYXRlIjoxMjAwMDAwMDAwMDAwLCJkZWxldGUiOjEyMDAwMDAwMDAwMDAsInVwZGF0ZSI6MTIwMDAwMDAwMDAwMH19",
          "dependencies": [
            "module.alb.aws_alb.network_load_balancer",
            "module.ecs.aws_ecs_cluster.cluster",
            "module.ecs.aws_iam_role.ecs_task_execution_role",
            "module.ecs.aws_iam_role.ecs_task_role",
            "module.ecs.module.nodered.aws_cloudwatch_log_group.nodered_log_group",
            "module.ecs.module.nodered.aws_ecs_task_definition.nodered_task",
            "module.ecs.module.nodered.aws_efs_access_point.nodered_data_efs_access_point",
            "module.ecs.module.nodered.aws_lb_target_group.ecs_nodered_target_group",
            "module.ecs.module.nodered.aws_security_group.nodered_security_group",
            "module.efs.aws_efs_file_system.main_efs",
            "module.vpc.aws_subnet.private_subnet",
            "module.vpc.aws_subnet.public_subnet",
            "module.vpc.aws_vpc.main_vpc"
          ]
        }
      ]
    },
    {
      "module": "module.ecs.module.nodered",
      "mode": "managed",
      "type": "aws_ecs_task_definition",
      "name": "nodered_task",
      "provider": "provider[\"registry.terraform.io/hashicorp/aws\"]",
      "instances": [
        {
          "schema_version": 1,
          "attributes": {
            "arn": "arn:aws:ecs:eu-west-1:516371590104:task-definition/gis-pov-dev-nodered-task:34",
            "container_definitions": "[{\"cpu\":0,\"environment\":[{\"name\":\"LOAD_BALANCER_DNS_NAME\",\"value\":\"tf-lb-20250122081138788900000014-6ca37990cb493374.elb.eu-west-1.amazonaws.com\"}],\"essential\":true,\"image\":\"516371590104.dkr.ecr.eu-west-1.amazonaws.com/gis-nodered:1.6\",\"logConfiguration\":{\"logDriver\":\"awslogs\",\"options\":{\"awslogs-group\":\"/ecs/gis-pov-dev-nodered\",\"awslogs-region\":\"eu-west-1\",\"awslogs-stream-prefix\":\"ecs\"}},\"mountPoints\":[{\"containerPath\":\"/data\",\"readOnly\":false,\"sourceVolume\":\"nodered-data\"}],\"name\":\"nodered\",\"portMappings\":[{\"containerPort\":1880,\"hostPort\":1880,\"protocol\":\"tcp\"}],\"systemControls\":[],\"volumesFrom\":[]}]",
            "cpu": "512",
            "ephemeral_storage": [],
            "execution_role_arn": "arn:aws:iam::516371590104:role/gis-pov-dev-ecs-task-execution-role",
            "family": "gis-pov-dev-nodered-task",
            "id": "gis-pov-dev-nodered-task",
            "inference_accelerator": [],
            "ipc_mode": "",
            "memory": "1024",
            "network_mode": "awsvpc",
            "pid_mode": "",
            "placement_constraints": [],
            "proxy_configuration": [],
            "requires_compatibilities": [
              "FARGATE"
            ],
            "revision": 34,
            "runtime_platform": [],
            "skip_destroy": false,
            "tags": null,
            "tags_all": {},
            "task_role_arn": "arn:aws:iam::516371590104:role/gis-pov-dev-ecs-task-role",
            "volume": [
              {
                "docker_volume_configuration": [],
                "efs_volume_configuration": [
                  {
                    "authorization_config": [
                      {
                        "access_point_id": "fsap-0adf7128f0b1d66e2",
                        "iam": "ENABLED"
                      }
                    ],
                    "file_system_id": "fs-0053469fa8a32391f",
                    "root_directory": "/nodered",
                    "transit_encryption": "ENABLED",
                    "transit_encryption_port": null
                  }
                ],
                "fsx_windows_file_server_volume_configuration": [],
                "host_path": "",
                "name": "nodered-data"
              }
            ]
          },
          "sensitive_attributes": [],
          "private": "eyJzY2hlbWFfdmVyc2lvbiI6IjEifQ==",
          "dependencies": [
            "module.alb.aws_alb.network_load_balancer",
            "module.ecs.aws_iam_role.ecs_task_execution_role",
            "module.ecs.aws_iam_role.ecs_task_role",
            "module.ecs.module.nodered.aws_cloudwatch_log_group.nodered_log_group",
            "module.ecs.module.nodered.aws_efs_access_point.nodered_data_efs_access_point",
            "module.efs.aws_efs_file_system.main_efs",
            "module.vpc.aws_subnet.public_subnet",
            "module.vpc.aws_vpc.main_vpc"
          ]
        }
      ]
    },
    {
      "module": "module.ecs.module.nodered",
      "mode": "managed",
      "type": "aws_efs_access_point",
      "name": "nodered_data_efs_access_point",
      "provider": "provider[\"registry.terraform.io/hashicorp/aws\"]",
      "instances": [
        {
          "schema_version": 0,
          "attributes": {
            "arn": "arn:aws:elasticfilesystem:eu-west-1:516371590104:access-point/fsap-0adf7128f0b1d66e2",
            "file_system_arn": "arn:aws:elasticfilesystem:eu-west-1:516371590104:file-system/fs-0053469fa8a32391f",
            "file_system_id": "fs-0053469fa8a32391f",
            "id": "fsap-0adf7128f0b1d66e2",
            "owner_id": "516371590104",
            "posix_user": [
              {
                "gid": 1000,
                "secondary_gids": null,
                "uid": 1000
              }
            ],
            "root_directory": [
              {
                "creation_info": [
                  {
                    "owner_gid": 1000,
                    "owner_uid": 1000,
                    "permissions": "0755"
                  }
                ],
                "path": "/nodered"
              }
            ],
            "tags": {
              "Name": "gis-pov-dev-nodered-data-efs-access-point"
            },
            "tags_all": {
              "Name": "gis-pov-dev-nodered-data-efs-access-point"
            }
          },
          "sensitive_attributes": [],
          "private": "bnVsbA==",
          "dependencies": [
            "module.efs.aws_efs_file_system.main_efs"
          ]
        }
      ]
    },
    {
      "module": "module.ecs.module.nodered",
      "mode": "managed",
      "type": "aws_lb_listener",
      "name": "nodered_nlb_listener",
      "provider": "provider[\"registry.terraform.io/hashicorp/aws\"]",
      "instances": [
        {
          "schema_version": 0,
          "attributes": {
            "alpn_policy": null,
            "arn": "arn:aws:elasticloadbalancing:eu-west-1:516371590104:listener/net/tf-lb-20250122081138788900000014/6ca37990cb493374/d34f88f93fbd3e0a",
            "certificate_arn": null,
            "default_action": [
              {
                "authenticate_cognito": [],
                "authenticate_oidc": [],
                "fixed_response": [],
                "forward": [],
                "order": 1,
                "redirect": [],
                "target_group_arn": "arn:aws:elasticloadbalancing:eu-west-1:516371590104:targetgroup/gis-pov-dev-nred-tg/435c9a9777d5b854",
                "type": "forward"
              }
            ],
            "id": "arn:aws:elasticloadbalancing:eu-west-1:516371590104:listener/net/tf-lb-20250122081138788900000014/6ca37990cb493374/d34f88f93fbd3e0a",
            "load_balancer_arn": "arn:aws:elasticloadbalancing:eu-west-1:516371590104:loadbalancer/net/tf-lb-20250122081138788900000014/6ca37990cb493374",
            "port": 1880,
            "protocol": "TCP",
            "ssl_policy": "",
            "tags": null,
            "tags_all": {},
            "timeouts": null
          },
          "sensitive_attributes": [],
          "private": "eyJlMmJmYjczMC1lY2FhLTExZTYtOGY4OC0zNDM2M2JjN2M0YzAiOnsicmVhZCI6NjAwMDAwMDAwMDAwfX0=",
          "dependencies": [
            "module.alb.aws_alb.network_load_balancer",
            "module.ecs.module.nodered.aws_lb_target_group.ecs_nodered_target_group",
            "module.vpc.aws_subnet.public_subnet",
            "module.vpc.aws_vpc.main_vpc"
          ]
        }
      ]
    },
    {
      "module": "module.ecs.module.nodered",
      "mode": "managed",
      "type": "aws_lb_target_group",
      "name": "ecs_nodered_target_group",
      "provider": "provider[\"registry.terraform.io/hashicorp/aws\"]",
      "instances": [
        {
          "schema_version": 0,
          "attributes": {
            "arn": "arn:aws:elasticloadbalancing:eu-west-1:516371590104:targetgroup/gis-pov-dev-nred-tg/435c9a9777d5b854",
            "arn_suffix": "targetgroup/gis-pov-dev-nred-tg/435c9a9777d5b854",
            "connection_termination": false,
            "deregistration_delay": "300",
            "health_check": [
              {
                "enabled": true,
                "healthy_threshold": 5,
                "interval": 30,
                "matcher": "",
                "path": "",
                "port": "traffic-port",
                "protocol": "TCP",
                "timeout": 10,
                "unhealthy_threshold": 2
              }
            ],
            "id": "arn:aws:elasticloadbalancing:eu-west-1:516371590104:targetgroup/gis-pov-dev-nred-tg/435c9a9777d5b854",
            "ip_address_type": "ipv4",
            "lambda_multi_value_headers_enabled": false,
            "load_balancing_algorithm_type": null,
            "name": "gis-pov-dev-nred-tg",
            "name_prefix": null,
            "port": 1880,
            "preserve_client_ip": "false",
            "protocol": "TCP",
            "protocol_version": null,
            "proxy_protocol_v2": false,
            "slow_start": 0,
            "stickiness": [
              {
                "cookie_duration": 0,
                "cookie_name": "",
                "enabled": false,
                "type": "source_ip"
              }
            ],
            "tags": {
              "Name": "gis-pov-devnodered-tg"
            },
            "tags_all": {
              "Name": "gis-pov-devnodered-tg"
            },
            "target_failover": [
              {
                "on_deregistration": null,
                "on_unhealthy": null
              }
            ],
            "target_type": "ip",
            "vpc_id": "vpc-07cb87fd61b92104c"
          },
          "sensitive_attributes": [],
          "private": "bnVsbA==",
          "dependencies": [
            "module.vpc.aws_vpc.main_vpc"
          ]
        }
      ]
    },
    {
      "module": "module.ecs.module.nodered",
      "mode": "managed",
      "type": "aws_security_group",
      "name": "nodered_security_group",
      "provider": "provider[\"registry.terraform.io/hashicorp/aws\"]",
      "instances": [
        {
          "schema_version": 1,
          "attributes": {
            "arn": "arn:aws:ec2:eu-west-1:516371590104:security-group/sg-012dacc7c187d6520",
            "description": "Managed by Terraform",
            "egress": [
              {
                "cidr_blocks": [
                  "0.0.0.0/0"
                ],
                "description": "",
                "from_port": 0,
                "ipv6_cidr_blocks": [],
                "prefix_list_ids": [],
                "protocol": "-1",
                "security_groups": [],
                "self": false,
                "to_port": 0
              }
            ],
            "id": "sg-012dacc7c187d6520",
            "ingress": [
              {
                "cidr_blocks": [
                  "0.0.0.0/0"
                ],
                "description": "",
                "from_port": 1880,
                "ipv6_cidr_blocks": [],
                "prefix_list_ids": [],
                "protocol": "tcp",
                "security_groups": [],
                "self": false,
                "to_port": 1880
              }
            ],
            "name": "terraform-20250122081129855500000010",
            "name_prefix": "terraform-",
            "owner_id": "516371590104",
            "revoke_rules_on_delete": false,
            "tags": {
              "Name": "gis-pov-dev-nodered-sg"
            },
            "tags_all": {
              "Name": "gis-pov-dev-nodered-sg"
            },
            "timeouts": null,
            "vpc_id": "vpc-07cb87fd61b92104c"
          },
          "sensitive_attributes": [],
          "private": "eyJlMmJmYjczMC1lY2FhLTExZTYtOGY4OC0zNDM2M2JjN2M0YzAiOnsiY3JlYXRlIjo2MDAwMDAwMDAwMDAsImRlbGV0ZSI6OTAwMDAwMDAwMDAwfSwic2NoZW1hX3ZlcnNpb24iOiIxIn0=",
          "dependencies": [
            "module.vpc.aws_vpc.main_vpc"
          ]
        }
      ]
    },
    {
      "module": "module.ecs.module.spark",
      "mode": "managed",
      "type": "aws_cloudwatch_log_group",
      "name": "spark_master_log_group",
      "provider": "provider[\"registry.terraform.io/hashicorp/aws\"]",
      "instances": [
        {
          "schema_version": 0,
          "attributes": {
            "arn": "arn:aws:logs:eu-west-1:516371590104:log-group:/ecs/gis-pov-dev-spark-master",
            "id": "/ecs/gis-pov-dev-spark-master",
            "kms_key_id": "",
            "name": "/ecs/gis-pov-dev-spark-master",
            "name_prefix": "",
            "retention_in_days": 7,
            "skip_destroy": false,
            "tags": {
              "Name": "gis-pov-dev-spark-master-log-group"
            },
            "tags_all": {
              "Name": "gis-pov-dev-spark-master-log-group"
            }
          },
          "sensitive_attributes": [],
          "private": "bnVsbA=="
        }
      ]
    },
    {
      "module": "module.ecs.module.spark",
      "mode": "managed",
      "type": "aws_cloudwatch_log_group",
      "name": "spark_worker_log_group",
      "provider": "provider[\"registry.terraform.io/hashicorp/aws\"]",
      "instances": [
        {
          "schema_version": 0,
          "attributes": {
            "arn": "arn:aws:logs:eu-west-1:516371590104:log-group:/ecs/gis-pov-dev-spark-worker",
            "id": "/ecs/gis-pov-dev-spark-worker",
            "kms_key_id": "",
            "name": "/ecs/gis-pov-dev-spark-worker",
            "name_prefix": "",
            "retention_in_days": 7,
            "skip_destroy": false,
            "tags": {
              "Name": "gis-pov-dev-spark-worker-log-group"
            },
            "tags_all": {
              "Name": "gis-pov-dev-spark-worker-log-group"
            }
          },
          "sensitive_attributes": [],
          "private": "bnVsbA=="
        }
      ]
    },
    {
      "module": "module.ecs.module.spark",
      "mode": "managed",
      "type": "aws_ecs_service",
      "name": "spark_master_service",
      "provider": "provider[\"registry.terraform.io/hashicorp/aws\"]",
      "instances": [
        {
          "schema_version": 0,
          "attributes": {
            "alarms": [],
            "capacity_provider_strategy": [],
            "cluster": "arn:aws:ecs:eu-west-1:516371590104:cluster/gis-pov-dev-cluster",
            "deployment_circuit_breaker": [
              {
                "enable": false,
                "rollback": false
              }
            ],
            "deployment_controller": [
              {
                "type": "ECS"
              }
            ],
            "deployment_maximum_percent": 200,
            "deployment_minimum_healthy_percent": 100,
            "desired_count": 1,
            "enable_ecs_managed_tags": false,
            "enable_execute_command": false,
            "force_new_deployment": null,
            "health_check_grace_period_seconds": 0,
            "iam_role": "aws-service-role",
            "id": "arn:aws:ecs:eu-west-1:516371590104:service/gis-pov-dev-cluster/gis-pov-dev-spark-master-service",
            "launch_type": "FARGATE",
            "load_balancer": [
              {
                "container_name": "spark_master",
                "container_port": 6066,
                "elb_name": "",
                "target_group_arn": "arn:aws:elasticloadbalancing:eu-west-1:516371590104:targetgroup/gis-pov-dev-spark-api-tg/c21cc4c0c69dbbda"
              },
              {
                "container_name": "spark_master",
                "container_port": 7077,
                "elb_name": "",
                "target_group_arn": "arn:aws:elasticloadbalancing:eu-west-1:516371590104:targetgroup/gis-pov-dev-spark-task-tg/1d56a3d7438997ee"
              },
              {
                "container_name": "spark_master",
                "container_port": 8080,
                "elb_name": "",
                "target_group_arn": "arn:aws:elasticloadbalancing:eu-west-1:516371590104:targetgroup/gis-pov-dev-spark-ui-tg/ae5c1cbf0675f4f2"
              }
            ],
            "name": "gis-pov-dev-spark-master-service",
            "network_configuration": [
              {
                "assign_public_ip": false,
                "security_groups": [
                  "sg-043ab095f78bd8f83"
                ],
                "subnets": [
                  "subnet-089ea275800d79b4f",
                  "subnet-0d5ce4a1ba3d4f384"
                ]
              }
            ],
            "ordered_placement_strategy": [],
            "placement_constraints": [],
            "platform_version": "LATEST",
            "propagate_tags": "NONE",
            "scheduling_strategy": "REPLICA",
            "service_connect_configuration": [],
            "service_registries": [
              {
                "container_name": "",
                "container_port": 0,
                "port": 0,
                "registry_arn": "arn:aws:servicediscovery:eu-west-1:516371590104:service/srv-4wg4u2iousbmvyr4"
              }
            ],
            "tags": null,
            "tags_all": {},
            "task_definition": "arn:aws:ecs:eu-west-1:516371590104:task-definition/gis-pov-dev-spark-master-task:25",
            "timeouts": null,
            "triggers": {},
            "wait_for_steady_state": false
          },
          "sensitive_attributes": [],
          "private": "eyJlMmJmYjczMC1lY2FhLTExZTYtOGY4OC0zNDM2M2JjN2M0YzAiOnsiY3JlYXRlIjoxMjAwMDAwMDAwMDAwLCJkZWxldGUiOjEyMDAwMDAwMDAwMDAsInVwZGF0ZSI6MTIwMDAwMDAwMDAwMH19",
          "dependencies": [
            "module.ecs.aws_ecs_cluster.cluster",
            "module.ecs.aws_iam_role.ecs_task_execution_role",
            "module.ecs.aws_iam_role.ecs_task_role",
            "module.ecs.module.spark.aws_cloudwatch_log_group.spark_master_log_group",
            "module.ecs.module.spark.aws_cloudwatch_log_group.spark_worker_log_group",
            "module.ecs.module.spark.aws_ecs_service.spark_worker_service",
            "module.ecs.module.spark.aws_ecs_task_definition.spark_master_task",
            "module.ecs.module.spark.aws_ecs_task_definition.spark_worker_task",
            "module.ecs.module.spark.aws_efs_access_point.spark_etc_efs_access_point",
            "module.ecs.module.spark.aws_lb_target_group.ecs_spark_target_group_api",
            "module.ecs.module.spark.aws_lb_target_group.ecs_spark_target_group_task",
            "module.ecs.module.spark.aws_lb_target_group.ecs_spark_target_group_ui",
            "module.ecs.module.spark.aws_security_group.spark_security_group",
            "module.ecs.module.spark.aws_service_discovery_private_dns_namespace.spark_ns",
            "module.ecs.module.spark.aws_service_discovery_service.spark_master_sd",
            "module.efs.aws_efs_file_system.main_efs",
            "module.vpc.aws_subnet.private_subnet",
            "module.vpc.aws_vpc.main_vpc"
          ]
        }
      ]
    },
    {
      "module": "module.ecs.module.spark",
      "mode": "managed",
      "type": "aws_ecs_service",
      "name": "spark_worker_service",
      "provider": "provider[\"registry.terraform.io/hashicorp/aws\"]",
      "instances": [
        {
          "schema_version": 0,
          "attributes": {
            "alarms": [],
            "capacity_provider_strategy": [],
            "cluster": "arn:aws:ecs:eu-west-1:516371590104:cluster/gis-pov-dev-cluster",
            "deployment_circuit_breaker": [
              {
                "enable": false,
                "rollback": false
              }
            ],
            "deployment_controller": [
              {
                "type": "ECS"
              }
            ],
            "deployment_maximum_percent": 200,
            "deployment_minimum_healthy_percent": 100,
            "desired_count": 4,
            "enable_ecs_managed_tags": false,
            "enable_execute_command": false,
            "force_new_deployment": null,
            "health_check_grace_period_seconds": 0,
            "iam_role": "aws-service-role",
            "id": "arn:aws:ecs:eu-west-1:516371590104:service/gis-pov-dev-cluster/gis-pov-dev-spark-worker-service",
            "launch_type": "FARGATE",
            "load_balancer": [],
            "name": "gis-pov-dev-spark-worker-service",
            "network_configuration": [
              {
                "assign_public_ip": false,
                "security_groups": [
                  "sg-043ab095f78bd8f83"
                ],
                "subnets": [
                  "subnet-089ea275800d79b4f",
                  "subnet-0d5ce4a1ba3d4f384"
                ]
              }
            ],
            "ordered_placement_strategy": [],
            "placement_constraints": [],
            "platform_version": "LATEST",
            "propagate_tags": "NONE",
            "scheduling_strategy": "REPLICA",
            "service_connect_configuration": [],
            "service_registries": [],
            "tags": null,
            "tags_all": {},
            "task_definition": "arn:aws:ecs:eu-west-1:516371590104:task-definition/gis-pov-dev-spark-worker-task:25",
            "timeouts": null,
            "triggers": {},
            "wait_for_steady_state": false
          },
          "sensitive_attributes": [],
          "private": "eyJlMmJmYjczMC1lY2FhLTExZTYtOGY4OC0zNDM2M2JjN2M0YzAiOnsiY3JlYXRlIjoxMjAwMDAwMDAwMDAwLCJkZWxldGUiOjEyMDAwMDAwMDAwMDAsInVwZGF0ZSI6MTIwMDAwMDAwMDAwMH19",
          "dependencies": [
            "module.ecs.aws_ecs_cluster.cluster",
            "module.ecs.aws_iam_role.ecs_task_execution_role",
            "module.ecs.aws_iam_role.ecs_task_role",
            "module.ecs.module.spark.aws_cloudwatch_log_group.spark_worker_log_group",
            "module.ecs.module.spark.aws_ecs_task_definition.spark_worker_task",
            "module.ecs.module.spark.aws_efs_access_point.spark_etc_efs_access_point",
            "module.ecs.module.spark.aws_security_group.spark_security_group",
            "module.efs.aws_efs_file_system.main_efs",
            "module.vpc.aws_subnet.private_subnet",
            "module.vpc.aws_vpc.main_vpc"
          ]
        }
      ]
    },
    {
      "module": "module.ecs.module.spark",
      "mode": "managed",
      "type": "aws_ecs_task_definition",
      "name": "spark_master_task",
      "provider": "provider[\"registry.terraform.io/hashicorp/aws\"]",
      "instances": [
        {
          "schema_version": 1,
          "attributes": {
            "arn": "arn:aws:ecs:eu-west-1:516371590104:task-definition/gis-pov-dev-spark-master-task:25",
            "container_definitions": "[{\"cpu\":0,\"environment\":[{\"name\":\"SPARK_HISTORY_PORT\",\"value\":\"18080\"},{\"name\":\"SPARK_MASTER_OPTS\",\"value\":\"-Dspark.master.rest.enabled=true -Dspark.master.rest.port=6066\"},{\"name\":\"SPARK_MASTER_PORT\",\"value\":\"7077\"},{\"name\":\"SPARK_MASTER_WEBUI_PORT\",\"value\":\"8080\"}],\"essential\":true,\"image\":\"bitnami/spark:latest\",\"logConfiguration\":{\"logDriver\":\"awslogs\",\"options\":{\"awslogs-group\":\"/ecs/gis-pov-dev-spark-master\",\"awslogs-region\":\"eu-west-1\",\"awslogs-stream-prefix\":\"ecs\"}},\"mountPoints\":[{\"containerPath\":\"/spark\",\"readOnly\":false,\"sourceVolume\":\"spark-data\"}],\"name\":\"spark_master\",\"portMappings\":[{\"containerPort\":7077,\"hostPort\":7077,\"protocol\":\"tcp\"},{\"containerPort\":8080,\"hostPort\":8080,\"protocol\":\"tcp\"},{\"containerPort\":6066,\"hostPort\":6066,\"protocol\":\"tcp\"}],\"systemControls\":[],\"volumesFrom\":[]}]",
            "cpu": "512",
            "ephemeral_storage": [],
            "execution_role_arn": "arn:aws:iam::516371590104:role/gis-pov-dev-ecs-task-execution-role",
            "family": "gis-pov-dev-spark-master-task",
            "id": "gis-pov-dev-spark-master-task",
            "inference_accelerator": [],
            "ipc_mode": "",
            "memory": "1024",
            "network_mode": "awsvpc",
            "pid_mode": "",
            "placement_constraints": [],
            "proxy_configuration": [],
            "requires_compatibilities": [
              "FARGATE"
            ],
            "revision": 25,
            "runtime_platform": [],
            "skip_destroy": false,
            "tags": null,
            "tags_all": {},
            "task_role_arn": "arn:aws:iam::516371590104:role/gis-pov-dev-ecs-task-role",
            "volume": [
              {
                "docker_volume_configuration": [],
                "efs_volume_configuration": [
                  {
                    "authorization_config": [
                      {
                        "access_point_id": "fsap-078a2d564e86bee28",
                        "iam": "ENABLED"
                      }
                    ],
                    "file_system_id": "fs-0053469fa8a32391f",
                    "root_directory": "/spark",
                    "transit_encryption": "ENABLED",
                    "transit_encryption_port": null
                  }
                ],
                "fsx_windows_file_server_volume_configuration": [],
                "host_path": "",
                "name": "spark-data"
              }
            ]
          },
          "sensitive_attributes": [],
          "private": "eyJzY2hlbWFfdmVyc2lvbiI6IjEifQ==",
          "dependencies": [
            "module.ecs.aws_iam_role.ecs_task_execution_role",
            "module.ecs.aws_iam_role.ecs_task_role",
            "module.ecs.module.spark.aws_cloudwatch_log_group.spark_master_log_group",
            "module.ecs.module.spark.aws_efs_access_point.spark_etc_efs_access_point",
            "module.efs.aws_efs_file_system.main_efs"
          ]
        }
      ]
    },
    {
      "module": "module.ecs.module.spark",
      "mode": "managed",
      "type": "aws_ecs_task_definition",
      "name": "spark_worker_task",
      "provider": "provider[\"registry.terraform.io/hashicorp/aws\"]",
      "instances": [
        {
          "schema_version": 1,
          "attributes": {
            "arn": "arn:aws:ecs:eu-west-1:516371590104:task-definition/gis-pov-dev-spark-worker-task:25",
            "container_definitions": "[{\"cpu\":0,\"environment\":[{\"name\":\"SPARK_MASTER_URL\",\"value\":\"spark://spark-master.spark.local:7077\"},{\"name\":\"SPARK_MODE\",\"value\":\"worker\"}],\"essential\":true,\"image\":\"bitnami/spark:latest\",\"logConfiguration\":{\"logDriver\":\"awslogs\",\"options\":{\"awslogs-group\":\"/ecs/gis-pov-dev-spark-worker\",\"awslogs-region\":\"eu-west-1\",\"awslogs-stream-prefix\":\"ecs\"}},\"mountPoints\":[{\"containerPath\":\"/spark\",\"readOnly\":false,\"sourceVolume\":\"spark-data\"}],\"name\":\"spark_worker\",\"portMappings\":[{\"containerPort\":7077,\"hostPort\":7077,\"protocol\":\"tcp\"},{\"containerPort\":8080,\"hostPort\":8080,\"protocol\":\"tcp\"}],\"systemControls\":[],\"volumesFrom\":[]}]",
            "cpu": "512",
            "ephemeral_storage": [],
            "execution_role_arn": "arn:aws:iam::516371590104:role/gis-pov-dev-ecs-task-execution-role",
            "family": "gis-pov-dev-spark-worker-task",
            "id": "gis-pov-dev-spark-worker-task",
            "inference_accelerator": [],
            "ipc_mode": "",
            "memory": "1024",
            "network_mode": "awsvpc",
            "pid_mode": "",
            "placement_constraints": [],
            "proxy_configuration": [],
            "requires_compatibilities": [
              "FARGATE"
            ],
            "revision": 25,
            "runtime_platform": [],
            "skip_destroy": false,
            "tags": null,
            "tags_all": {},
            "task_role_arn": "arn:aws:iam::516371590104:role/gis-pov-dev-ecs-task-role",
            "volume": [
              {
                "docker_volume_configuration": [],
                "efs_volume_configuration": [
                  {
                    "authorization_config": [
                      {
                        "access_point_id": "fsap-078a2d564e86bee28",
                        "iam": "ENABLED"
                      }
                    ],
                    "file_system_id": "fs-0053469fa8a32391f",
                    "root_directory": "/spark",
                    "transit_encryption": "ENABLED",
                    "transit_encryption_port": null
                  }
                ],
                "fsx_windows_file_server_volume_configuration": [],
                "host_path": "",
                "name": "spark-data"
              }
            ]
          },
          "sensitive_attributes": [],
          "private": "eyJzY2hlbWFfdmVyc2lvbiI6IjEifQ==",
          "dependencies": [
            "module.ecs.aws_iam_role.ecs_task_execution_role",
            "module.ecs.aws_iam_role.ecs_task_role",
            "module.ecs.module.spark.aws_cloudwatch_log_group.spark_worker_log_group",
            "module.ecs.module.spark.aws_efs_access_point.spark_etc_efs_access_point",
            "module.efs.aws_efs_file_system.main_efs"
          ]
        }
      ]
    },
    {
      "module": "module.ecs.module.spark",
      "mode": "managed",
      "type": "aws_efs_access_point",
      "name": "spark_etc_efs_access_point",
      "provider": "provider[\"registry.terraform.io/hashicorp/aws\"]",
      "instances": [
        {
          "schema_version": 0,
          "attributes": {
            "arn": "arn:aws:elasticfilesystem:eu-west-1:516371590104:access-point/fsap-078a2d564e86bee28",
            "file_system_arn": "arn:aws:elasticfilesystem:eu-west-1:516371590104:file-system/fs-0053469fa8a32391f",
            "file_system_id": "fs-0053469fa8a32391f",
            "id": "fsap-078a2d564e86bee28",
            "owner_id": "516371590104",
            "posix_user": [
              {
                "gid": 1000,
                "secondary_gids": null,
                "uid": 1000
              }
            ],
            "root_directory": [
              {
                "creation_info": [
                  {
                    "owner_gid": 1000,
                    "owner_uid": 1000,
                    "permissions": "0755"
                  }
                ],
                "path": "/spark/etc"
              }
            ],
            "tags": {
              "Name": "gis-pov-dev-spark-etc-efs-access-point"
            },
            "tags_all": {
              "Name": "gis-pov-dev-spark-etc-efs-access-point"
            }
          },
          "sensitive_attributes": [],
          "private": "bnVsbA==",
          "dependencies": [
            "module.efs.aws_efs_file_system.main_efs"
          ]
        }
      ]
    },
    {
      "module": "module.ecs.module.spark",
      "mode": "managed",
      "type": "aws_lb_listener",
      "name": "spark_listener_api",
      "provider": "provider[\"registry.terraform.io/hashicorp/aws\"]",
      "instances": [
        {
          "schema_version": 0,
          "attributes": {
            "alpn_policy": null,
            "arn": "arn:aws:elasticloadbalancing:eu-west-1:516371590104:listener/net/tf-lb-20250122081138788900000014/6ca37990cb493374/e687c808bfdeee40",
            "certificate_arn": null,
            "default_action": [
              {
                "authenticate_cognito": [],
                "authenticate_oidc": [],
                "fixed_response": [],
                "forward": [],
                "order": 1,
                "redirect": [],
                "target_group_arn": "arn:aws:elasticloadbalancing:eu-west-1:516371590104:targetgroup/gis-pov-dev-spark-api-tg/c21cc4c0c69dbbda",
                "type": "forward"
              }
            ],
            "id": "arn:aws:elasticloadbalancing:eu-west-1:516371590104:listener/net/tf-lb-20250122081138788900000014/6ca37990cb493374/e687c808bfdeee40",
            "load_balancer_arn": "arn:aws:elasticloadbalancing:eu-west-1:516371590104:loadbalancer/net/tf-lb-20250122081138788900000014/6ca37990cb493374",
            "port": 6066,
            "protocol": "TCP",
            "ssl_policy": "",
            "tags": null,
            "tags_all": {},
            "timeouts": null
          },
          "sensitive_attributes": [],
          "private": "eyJlMmJmYjczMC1lY2FhLTExZTYtOGY4OC0zNDM2M2JjN2M0YzAiOnsicmVhZCI6NjAwMDAwMDAwMDAwfX0=",
          "dependencies": [
            "module.alb.aws_alb.network_load_balancer",
            "module.ecs.module.spark.aws_lb_target_group.ecs_spark_target_group_api",
            "module.vpc.aws_subnet.public_subnet",
            "module.vpc.aws_vpc.main_vpc"
          ]
        }
      ]
    },
    {
      "module": "module.ecs.module.spark",
      "mode": "managed",
      "type": "aws_lb_listener",
      "name": "spark_listener_task",
      "provider": "provider[\"registry.terraform.io/hashicorp/aws\"]",
      "instances": [
        {
          "schema_version": 0,
          "attributes": {
            "alpn_policy": null,
            "arn": "arn:aws:elasticloadbalancing:eu-west-1:516371590104:listener/net/tf-lb-20250122081138788900000014/6ca37990cb493374/a1d2e310830d32cd",
            "certificate_arn": null,
            "default_action": [
              {
                "authenticate_cognito": [],
                "authenticate_oidc": [],
                "fixed_response": [],
                "forward": [],
                "order": 1,
                "redirect": [],
                "target_group_arn": "arn:aws:elasticloadbalancing:eu-west-1:516371590104:targetgroup/gis-pov-dev-spark-task-tg/1d56a3d7438997ee",
                "type": "forward"
              }
            ],
            "id": "arn:aws:elasticloadbalancing:eu-west-1:516371590104:listener/net/tf-lb-20250122081138788900000014/6ca37990cb493374/a1d2e310830d32cd",
            "load_balancer_arn": "arn:aws:elasticloadbalancing:eu-west-1:516371590104:loadbalancer/net/tf-lb-20250122081138788900000014/6ca37990cb493374",
            "port": 7077,
            "protocol": "TCP",
            "ssl_policy": "",
            "tags": null,
            "tags_all": {},
            "timeouts": null
          },
          "sensitive_attributes": [],
          "private": "eyJlMmJmYjczMC1lY2FhLTExZTYtOGY4OC0zNDM2M2JjN2M0YzAiOnsicmVhZCI6NjAwMDAwMDAwMDAwfX0=",
          "dependencies": [
            "module.alb.aws_alb.network_load_balancer",
            "module.ecs.module.spark.aws_lb_target_group.ecs_spark_target_group_task",
            "module.vpc.aws_subnet.public_subnet",
            "module.vpc.aws_vpc.main_vpc"
          ]
        }
      ]
    },
    {
      "module": "module.ecs.module.spark",
      "mode": "managed",
      "type": "aws_lb_listener",
      "name": "spark_listener_ui",
      "provider": "provider[\"registry.terraform.io/hashicorp/aws\"]",
      "instances": [
        {
          "schema_version": 0,
          "attributes": {
            "alpn_policy": null,
            "arn": "arn:aws:elasticloadbalancing:eu-west-1:516371590104:listener/net/tf-lb-20250122081138788900000014/6ca37990cb493374/fb6cc10fcd6b7e8c",
            "certificate_arn": null,
            "default_action": [
              {
                "authenticate_cognito": [],
                "authenticate_oidc": [],
                "fixed_response": [],
                "forward": [],
                "order": 1,
                "redirect": [],
                "target_group_arn": "arn:aws:elasticloadbalancing:eu-west-1:516371590104:targetgroup/gis-pov-dev-spark-ui-tg/ae5c1cbf0675f4f2",
                "type": "forward"
              }
            ],
            "id": "arn:aws:elasticloadbalancing:eu-west-1:516371590104:listener/net/tf-lb-20250122081138788900000014/6ca37990cb493374/fb6cc10fcd6b7e8c",
            "load_balancer_arn": "arn:aws:elasticloadbalancing:eu-west-1:516371590104:loadbalancer/net/tf-lb-20250122081138788900000014/6ca37990cb493374",
            "port": 8080,
            "protocol": "TCP",
            "ssl_policy": "",
            "tags": null,
            "tags_all": {},
            "timeouts": null
          },
          "sensitive_attributes": [],
          "private": "eyJlMmJmYjczMC1lY2FhLTExZTYtOGY4OC0zNDM2M2JjN2M0YzAiOnsicmVhZCI6NjAwMDAwMDAwMDAwfX0=",
          "dependencies": [
            "module.alb.aws_alb.network_load_balancer",
            "module.ecs.module.spark.aws_lb_target_group.ecs_spark_target_group_ui",
            "module.vpc.aws_subnet.public_subnet",
            "module.vpc.aws_vpc.main_vpc"
          ]
        }
      ]
    },
    {
      "module": "module.ecs.module.spark",
      "mode": "managed",
      "type": "aws_lb_target_group",
      "name": "ecs_spark_target_group_api",
      "provider": "provider[\"registry.terraform.io/hashicorp/aws\"]",
      "instances": [
        {
          "schema_version": 0,
          "attributes": {
            "arn": "arn:aws:elasticloadbalancing:eu-west-1:516371590104:targetgroup/gis-pov-dev-spark-api-tg/c21cc4c0c69dbbda",
            "arn_suffix": "targetgroup/gis-pov-dev-spark-api-tg/c21cc4c0c69dbbda",
            "connection_termination": false,
            "deregistration_delay": "300",
            "health_check": [
              {
                "enabled": true,
                "healthy_threshold": 5,
                "interval": 30,
                "matcher": "",
                "path": "",
                "port": "traffic-port",
                "protocol": "TCP",
                "timeout": 10,
                "unhealthy_threshold": 2
              }
            ],
            "id": "arn:aws:elasticloadbalancing:eu-west-1:516371590104:targetgroup/gis-pov-dev-spark-api-tg/c21cc4c0c69dbbda",
            "ip_address_type": "ipv4",
            "lambda_multi_value_headers_enabled": false,
            "load_balancing_algorithm_type": null,
            "name": "gis-pov-dev-spark-api-tg",
            "name_prefix": null,
            "port": 6066,
            "preserve_client_ip": "false",
            "protocol": "TCP",
            "protocol_version": null,
            "proxy_protocol_v2": false,
            "slow_start": 0,
            "stickiness": [
              {
                "cookie_duration": 0,
                "cookie_name": "",
                "enabled": false,
                "type": "source_ip"
              }
            ],
            "tags": null,
            "tags_all": {},
            "target_failover": [
              {
                "on_deregistration": null,
                "on_unhealthy": null
              }
            ],
            "target_type": "ip",
            "vpc_id": "vpc-07cb87fd61b92104c"
          },
          "sensitive_attributes": [],
          "private": "bnVsbA==",
          "dependencies": [
            "module.vpc.aws_vpc.main_vpc"
          ]
        }
      ]
    },
    {
      "module": "module.ecs.module.spark",
      "mode": "managed",
      "type": "aws_lb_target_group",
      "name": "ecs_spark_target_group_task",
      "provider": "provider[\"registry.terraform.io/hashicorp/aws\"]",
      "instances": [
        {
          "schema_version": 0,
          "attributes": {
            "arn": "arn:aws:elasticloadbalancing:eu-west-1:516371590104:targetgroup/gis-pov-dev-spark-task-tg/1d56a3d7438997ee",
            "arn_suffix": "targetgroup/gis-pov-dev-spark-task-tg/1d56a3d7438997ee",
            "connection_termination": false,
            "deregistration_delay": "300",
            "health_check": [
              {
                "enabled": true,
                "healthy_threshold": 5,
                "interval": 30,
                "matcher": "",
                "path": "",
                "port": "traffic-port",
                "protocol": "TCP",
                "timeout": 10,
                "unhealthy_threshold": 2
              }
            ],
            "id": "arn:aws:elasticloadbalancing:eu-west-1:516371590104:targetgroup/gis-pov-dev-spark-task-tg/1d56a3d7438997ee",
            "ip_address_type": "ipv4",
            "lambda_multi_value_headers_enabled": false,
            "load_balancing_algorithm_type": null,
            "name": "gis-pov-dev-spark-task-tg",
            "name_prefix": null,
            "port": 7077,
            "preserve_client_ip": "false",
            "protocol": "TCP",
            "protocol_version": null,
            "proxy_protocol_v2": false,
            "slow_start": 0,
            "stickiness": [
              {
                "cookie_duration": 0,
                "cookie_name": "",
                "enabled": false,
                "type": "source_ip"
              }
            ],
            "tags": null,
            "tags_all": {},
            "target_failover": [
              {
                "on_deregistration": null,
                "on_unhealthy": null
              }
            ],
            "target_type": "ip",
            "vpc_id": "vpc-07cb87fd61b92104c"
          },
          "sensitive_attributes": [],
          "private": "bnVsbA==",
          "dependencies": [
            "module.vpc.aws_vpc.main_vpc"
          ]
        }
      ]
    },
    {
      "module": "module.ecs.module.spark",
      "mode": "managed",
      "type": "aws_lb_target_group",
      "name": "ecs_spark_target_group_ui",
      "provider": "provider[\"registry.terraform.io/hashicorp/aws\"]",
      "instances": [
        {
          "schema_version": 0,
          "attributes": {
            "arn": "arn:aws:elasticloadbalancing:eu-west-1:516371590104:targetgroup/gis-pov-dev-spark-ui-tg/ae5c1cbf0675f4f2",
            "arn_suffix": "targetgroup/gis-pov-dev-spark-ui-tg/ae5c1cbf0675f4f2",
            "connection_termination": false,
            "deregistration_delay": "300",
            "health_check": [
              {
                "enabled": true,
                "healthy_threshold": 5,
                "interval": 30,
                "matcher": "",
                "path": "",
                "port": "traffic-port",
                "protocol": "TCP",
                "timeout": 10,
                "unhealthy_threshold": 2
              }
            ],
            "id": "arn:aws:elasticloadbalancing:eu-west-1:516371590104:targetgroup/gis-pov-dev-spark-ui-tg/ae5c1cbf0675f4f2",
            "ip_address_type": "ipv4",
            "lambda_multi_value_headers_enabled": false,
            "load_balancing_algorithm_type": null,
            "name": "gis-pov-dev-spark-ui-tg",
            "name_prefix": null,
            "port": 8080,
            "preserve_client_ip": "false",
            "protocol": "TCP",
            "protocol_version": null,
            "proxy_protocol_v2": false,
            "slow_start": 0,
            "stickiness": [
              {
                "cookie_duration": 0,
                "cookie_name": "",
                "enabled": false,
                "type": "source_ip"
              }
            ],
            "tags": null,
            "tags_all": {},
            "target_failover": [
              {
                "on_deregistration": null,
                "on_unhealthy": null
              }
            ],
            "target_type": "ip",
            "vpc_id": "vpc-07cb87fd61b92104c"
          },
          "sensitive_attributes": [],
          "private": "bnVsbA==",
          "dependencies": [
            "module.vpc.aws_vpc.main_vpc"
          ]
        }
      ]
    },
    {
      "module": "module.ecs.module.spark",
      "mode": "managed",
      "type": "aws_security_group",
      "name": "spark_security_group",
      "provider": "provider[\"registry.terraform.io/hashicorp/aws\"]",
      "instances": [
        {
          "schema_version": 1,
          "attributes": {
            "arn": "arn:aws:ec2:eu-west-1:516371590104:security-group/sg-043ab095f78bd8f83",
            "description": "Managed by Terraform",
            "egress": [
              {
                "cidr_blocks": [
                  "0.0.0.0/0"
                ],
                "description": "",
                "from_port": 0,
                "ipv6_cidr_blocks": [],
                "prefix_list_ids": [],
                "protocol": "-1",
                "security_groups": [],
                "self": false,
                "to_port": 0
              }
            ],
            "id": "sg-043ab095f78bd8f83",
            "ingress": [
              {
                "cidr_blocks": [
                  "0.0.0.0/0"
                ],
                "description": "",
                "from_port": 6066,
                "ipv6_cidr_blocks": [],
                "prefix_list_ids": [],
                "protocol": "tcp",
                "security_groups": [],
                "self": false,
                "to_port": 6066
              },
              {
                "cidr_blocks": [
                  "0.0.0.0/0"
                ],
                "description": "",
                "from_port": 7077,
                "ipv6_cidr_blocks": [],
                "prefix_list_ids": [],
                "protocol": "tcp",
                "security_groups": [],
                "self": false,
                "to_port": 7077
              },
              {
                "cidr_blocks": [
                  "0.0.0.0/0"
                ],
                "description": "",
                "from_port": 8080,
                "ipv6_cidr_blocks": [],
                "prefix_list_ids": [],
                "protocol": "tcp",
                "security_groups": [],
                "self": false,
                "to_port": 8080
              }
            ],
            "name": "terraform-2025012208112832940000000f",
            "name_prefix": "terraform-",
            "owner_id": "516371590104",
            "revoke_rules_on_delete": false,
            "tags": {
              "Name": "gis-pov-dev-spark-sg"
            },
            "tags_all": {
              "Name": "gis-pov-dev-spark-sg"
            },
            "timeouts": null,
            "vpc_id": "vpc-07cb87fd61b92104c"
          },
          "sensitive_attributes": [],
          "private": "eyJlMmJmYjczMC1lY2FhLTExZTYtOGY4OC0zNDM2M2JjN2M0YzAiOnsiY3JlYXRlIjo2MDAwMDAwMDAwMDAsImRlbGV0ZSI6OTAwMDAwMDAwMDAwfSwic2NoZW1hX3ZlcnNpb24iOiIxIn0=",
          "dependencies": [
            "module.vpc.aws_vpc.main_vpc"
          ]
        }
      ]
    },
    {
      "module": "module.ecs.module.spark",
      "mode": "managed",
      "type": "aws_service_discovery_private_dns_namespace",
      "name": "spark_ns",
      "provider": "provider[\"registry.terraform.io/hashicorp/aws\"]",
      "instances": [
        {
          "schema_version": 0,
          "attributes": {
            "arn": "arn:aws:servicediscovery:eu-west-1:516371590104:namespace/ns-um62574fyztzd4q7",
            "description": "Namespace for Spark Cluster",
            "hosted_zone": "Z036477827FXZXM7MKVAT",
            "id": "ns-um62574fyztzd4q7",
            "name": "spark.local",
            "tags": null,
            "tags_all": {},
            "vpc": "vpc-07cb87fd61b92104c"
          },
          "sensitive_attributes": [],
          "private": "bnVsbA==",
          "dependencies": [
            "module.vpc.aws_vpc.main_vpc"
          ]
        }
      ]
    },
    {
      "module": "module.ecs.module.spark",
      "mode": "managed",
      "type": "aws_service_discovery_service",
      "name": "spark_master_sd",
      "provider": "provider[\"registry.terraform.io/hashicorp/aws\"]",
      "instances": [
        {
          "schema_version": 0,
          "attributes": {
            "arn": "arn:aws:servicediscovery:eu-west-1:516371590104:service/srv-4wg4u2iousbmvyr4",
            "description": "",
            "dns_config": [
              {
                "dns_records": [
                  {
                    "ttl": 60,
                    "type": "A"
                  }
                ],
                "namespace_id": "ns-um62574fyztzd4q7",
                "routing_policy": "MULTIVALUE"
              }
            ],
            "force_destroy": false,
            "health_check_config": [],
            "health_check_custom_config": [
              {
                "failure_threshold": 1
              }
            ],
            "id": "srv-4wg4u2iousbmvyr4",
            "name": "spark-master",
            "namespace_id": "ns-um62574fyztzd4q7",
            "tags": null,
            "tags_all": {},
            "type": "DNS_HTTP"
          },
          "sensitive_attributes": [],
          "private": "bnVsbA==",
          "dependencies": [
            "module.ecs.module.spark.aws_service_discovery_private_dns_namespace.spark_ns",
            "module.vpc.aws_vpc.main_vpc"
          ]
        }
      ]
    },
    {
      "module": "module.ecs.module.timescaledb",
      "mode": "managed",
      "type": "aws_cloudwatch_log_group",
      "name": "timescaledb_log_group",
      "provider": "provider[\"registry.terraform.io/hashicorp/aws\"]",
      "instances": [
        {
          "schema_version": 0,
          "attributes": {
            "arn": "arn:aws:logs:eu-west-1:516371590104:log-group:/ecs/gis-pov-dev-timescaledb",
            "id": "/ecs/gis-pov-dev-timescaledb",
            "kms_key_id": "",
            "name": "/ecs/gis-pov-dev-timescaledb",
            "name_prefix": "",
            "retention_in_days": 7,
            "skip_destroy": false,
            "tags": {
              "Name": "gis-pov-dev-timescaledb-log-group"
            },
            "tags_all": {
              "Name": "gis-pov-dev-timescaledb-log-group"
            }
          },
          "sensitive_attributes": [],
          "private": "bnVsbA=="
        }
      ]
    },
    {
      "module": "module.ecs.module.timescaledb",
      "mode": "managed",
      "type": "aws_ecs_service",
      "name": "timescaledb_service",
      "provider": "provider[\"registry.terraform.io/hashicorp/aws\"]",
      "instances": [
        {
          "schema_version": 0,
          "attributes": {
            "alarms": [],
            "capacity_provider_strategy": [],
            "cluster": "arn:aws:ecs:eu-west-1:516371590104:cluster/gis-pov-dev-cluster",
            "deployment_circuit_breaker": [
              {
                "enable": false,
                "rollback": false
              }
            ],
            "deployment_controller": [
              {
                "type": "ECS"
              }
            ],
            "deployment_maximum_percent": 200,
            "deployment_minimum_healthy_percent": 100,
            "desired_count": 1,
            "enable_ecs_managed_tags": false,
            "enable_execute_command": true,
            "force_new_deployment": null,
            "health_check_grace_period_seconds": 0,
            "iam_role": "aws-service-role",
            "id": "arn:aws:ecs:eu-west-1:516371590104:service/gis-pov-dev-cluster/gis-pov-dev-timescaledb-service",
            "launch_type": "FARGATE",
            "load_balancer": [
              {
                "container_name": "timescaledb",
                "container_port": 5432,
                "elb_name": "",
                "target_group_arn": "arn:aws:elasticloadbalancing:eu-west-1:516371590104:targetgroup/gis-pov-dev-tsdb-tg/ede342030bbe5a2b"
              }
            ],
            "name": "gis-pov-dev-timescaledb-service",
            "network_configuration": [
              {
                "assign_public_ip": false,
                "security_groups": [
                  "sg-0bd6ae9e215fd459b"
                ],
                "subnets": [
                  "subnet-089ea275800d79b4f",
                  "subnet-0d5ce4a1ba3d4f384"
                ]
              }
            ],
            "ordered_placement_strategy": [],
            "placement_constraints": [],
            "platform_version": "LATEST",
            "propagate_tags": "NONE",
            "scheduling_strategy": "REPLICA",
            "service_connect_configuration": [],
            "service_registries": [],
            "tags": null,
            "tags_all": {},
            "task_definition": "arn:aws:ecs:eu-west-1:516371590104:task-definition/gis-pov-dev-timescaledb-task:7",
            "timeouts": null,
            "triggers": {},
            "wait_for_steady_state": false
          },
          "sensitive_attributes": [],
          "private": "eyJlMmJmYjczMC1lY2FhLTExZTYtOGY4OC0zNDM2M2JjN2M0YzAiOnsiY3JlYXRlIjoxMjAwMDAwMDAwMDAwLCJkZWxldGUiOjEyMDAwMDAwMDAwMDAsInVwZGF0ZSI6MTIwMDAwMDAwMDAwMH19",
          "dependencies": [
            "module.alb.aws_alb.network_load_balancer",
            "module.ecs.aws_ecs_cluster.cluster",
            "module.ecs.aws_iam_role.ecs_task_execution_role",
            "module.ecs.aws_iam_role.ecs_task_role",
            "module.ecs.module.timescaledb.aws_cloudwatch_log_group.timescaledb_log_group",
            "module.ecs.module.timescaledb.aws_ecs_task_definition.timescaledb_task",
            "module.ecs.module.timescaledb.aws_lb_target_group.ecs_timescaledb_target_group",
            "module.ecs.module.timescaledb.aws_security_group.timescaledb_security_group",
            "module.vpc.aws_subnet.private_subnet",
            "module.vpc.aws_subnet.public_subnet",
            "module.vpc.aws_vpc.main_vpc"
          ]
        }
      ]
    },
    {
      "module": "module.ecs.module.timescaledb",
      "mode": "managed",
      "type": "aws_ecs_task_definition",
      "name": "timescaledb_task",
      "provider": "provider[\"registry.terraform.io/hashicorp/aws\"]",
      "instances": [
        {
          "schema_version": 1,
          "attributes": {
            "arn": "arn:aws:ecs:eu-west-1:516371590104:task-definition/gis-pov-dev-timescaledb-task:7",
            "container_definitions": "[{\"cpu\":256,\"environment\":[{\"name\":\"POSTGRES_DB\",\"value\":\"gis_db\"},{\"name\":\"POSTGRES_PASSWORD\",\"value\":\"admin\"},{\"name\":\"POSTGRES_USER\",\"value\":\"admin\"}],\"essential\":true,\"image\":\"516371590104.dkr.ecr.eu-west-1.amazonaws.com/gis-timescale:1.0\",\"logConfiguration\":{\"logDriver\":\"awslogs\",\"options\":{\"awslogs-group\":\"/ecs/gis-pov-dev-timescaledb\",\"awslogs-region\":\"eu-west-1\",\"awslogs-stream-prefix\":\"ecs\"}},\"memory\":512,\"mountPoints\":[],\"name\":\"timescaledb\",\"portMappings\":[{\"containerPort\":5432,\"hostPort\":5432,\"protocol\":\"tcp\"}],\"systemControls\":[],\"volumesFrom\":[]},{\"cpu\":256,\"environment\":[{\"name\":\"DATA_SOURCE_NAME\",\"value\":\"postgresql://admin:admin@tf-lb-20250122081138788900000014-6ca37990cb493374.elb.eu-west-1.amazonaws.com:5432/database\"}],\"essential\":false,\"image\":\"prometheuscommunity/postgres-exporter:latest\",\"memory\":512,\"mountPoints\":[],\"name\":\"postgres_exporter\",\"portMappings\":[{\"containerPort\":9187,\"hostPort\":9187,\"protocol\":\"tcp\"}],\"systemControls\":[],\"volumesFrom\":[]}]",
            "cpu": "512",
            "ephemeral_storage": [],
            "execution_role_arn": "arn:aws:iam::516371590104:role/gis-pov-dev-ecs-task-execution-role",
            "family": "gis-pov-dev-timescaledb-task",
            "id": "gis-pov-dev-timescaledb-task",
            "inference_accelerator": [],
            "ipc_mode": "",
            "memory": "1024",
            "network_mode": "awsvpc",
            "pid_mode": "",
            "placement_constraints": [],
            "proxy_configuration": [],
            "requires_compatibilities": [
              "FARGATE"
            ],
            "revision": 7,
            "runtime_platform": [],
            "skip_destroy": false,
            "tags": null,
            "tags_all": {},
            "task_role_arn": "arn:aws:iam::516371590104:role/gis-pov-dev-ecs-task-role",
            "volume": []
          },
          "sensitive_attributes": [],
          "private": "eyJzY2hlbWFfdmVyc2lvbiI6IjEifQ==",
          "dependencies": [
            "module.alb.aws_alb.network_load_balancer",
            "module.ecs.aws_iam_role.ecs_task_execution_role",
            "module.ecs.aws_iam_role.ecs_task_role",
            "module.ecs.module.timescaledb.aws_cloudwatch_log_group.timescaledb_log_group",
            "module.vpc.aws_subnet.public_subnet",
            "module.vpc.aws_vpc.main_vpc"
          ]
        }
      ]
    },
    {
      "module": "module.ecs.module.timescaledb",
      "mode": "managed",
      "type": "aws_efs_access_point",
      "name": "timescaledb_etc_efs_access_point",
      "provider": "provider[\"registry.terraform.io/hashicorp/aws\"]",
      "instances": [
        {
          "schema_version": 0,
          "attributes": {
            "arn": "arn:aws:elasticfilesystem:eu-west-1:516371590104:access-point/fsap-0a9d57f6bf6417529",
            "file_system_arn": "arn:aws:elasticfilesystem:eu-west-1:516371590104:file-system/fs-0053469fa8a32391f",
            "file_system_id": "fs-0053469fa8a32391f",
            "id": "fsap-0a9d57f6bf6417529",
            "owner_id": "516371590104",
            "posix_user": [
              {
                "gid": 1000,
                "secondary_gids": null,
                "uid": 1000
              }
            ],
            "root_directory": [
              {
                "creation_info": [
                  {
                    "owner_gid": 1000,
                    "owner_uid": 1000,
                    "permissions": "0755"
                  }
                ],
                "path": "/timescaledb/etc"
              }
            ],
            "tags": {
              "Name": "gis-pov-dev-timescaledb-etc-efs-access-point"
            },
            "tags_all": {
              "Name": "gis-pov-dev-timescaledb-etc-efs-access-point"
            }
          },
          "sensitive_attributes": [],
          "private": "bnVsbA==",
          "dependencies": [
            "module.efs.aws_efs_file_system.main_efs"
          ]
        }
      ]
    },
    {
      "module": "module.ecs.module.timescaledb",
      "mode": "managed",
      "type": "aws_lb_listener",
      "name": "timescaledb_nlb_listener",
      "provider": "provider[\"registry.terraform.io/hashicorp/aws\"]",
      "instances": [
        {
          "schema_version": 0,
          "attributes": {
            "alpn_policy": null,
            "arn": "arn:aws:elasticloadbalancing:eu-west-1:516371590104:listener/net/tf-lb-20250122081138788900000014/6ca37990cb493374/848af25c1b772139",
            "certificate_arn": null,
            "default_action": [
              {
                "authenticate_cognito": [],
                "authenticate_oidc": [],
                "fixed_response": [],
                "forward": [],
                "order": 1,
                "redirect": [],
                "target_group_arn": "arn:aws:elasticloadbalancing:eu-west-1:516371590104:targetgroup/gis-pov-dev-tsdb-tg/ede342030bbe5a2b",
                "type": "forward"
              }
            ],
            "id": "arn:aws:elasticloadbalancing:eu-west-1:516371590104:listener/net/tf-lb-20250122081138788900000014/6ca37990cb493374/848af25c1b772139",
            "load_balancer_arn": "arn:aws:elasticloadbalancing:eu-west-1:516371590104:loadbalancer/net/tf-lb-20250122081138788900000014/6ca37990cb493374",
            "port": 5432,
            "protocol": "TCP",
            "ssl_policy": "",
            "tags": null,
            "tags_all": {},
            "timeouts": null
          },
          "sensitive_attributes": [],
          "private": "eyJlMmJmYjczMC1lY2FhLTExZTYtOGY4OC0zNDM2M2JjN2M0YzAiOnsicmVhZCI6NjAwMDAwMDAwMDAwfX0=",
          "dependencies": [
            "module.alb.aws_alb.network_load_balancer",
            "module.ecs.module.timescaledb.aws_lb_target_group.ecs_timescaledb_target_group",
            "module.vpc.aws_subnet.public_subnet",
            "module.vpc.aws_vpc.main_vpc"
          ]
        }
      ]
    },
    {
      "module": "module.ecs.module.timescaledb",
      "mode": "managed",
      "type": "aws_lb_target_group",
      "name": "ecs_timescaledb_target_group",
      "provider": "provider[\"registry.terraform.io/hashicorp/aws\"]",
      "instances": [
        {
          "schema_version": 0,
          "attributes": {
            "arn": "arn:aws:elasticloadbalancing:eu-west-1:516371590104:targetgroup/gis-pov-dev-tsdb-tg/ede342030bbe5a2b",
            "arn_suffix": "targetgroup/gis-pov-dev-tsdb-tg/ede342030bbe5a2b",
            "connection_termination": false,
            "deregistration_delay": "300",
            "health_check": [
              {
                "enabled": true,
                "healthy_threshold": 5,
                "interval": 30,
                "matcher": "",
                "path": "",
                "port": "traffic-port",
                "protocol": "TCP",
                "timeout": 10,
                "unhealthy_threshold": 2
              }
            ],
            "id": "arn:aws:elasticloadbalancing:eu-west-1:516371590104:targetgroup/gis-pov-dev-tsdb-tg/ede342030bbe5a2b",
            "ip_address_type": "ipv4",
            "lambda_multi_value_headers_enabled": false,
            "load_balancing_algorithm_type": null,
            "name": "gis-pov-dev-tsdb-tg",
            "name_prefix": null,
            "port": 5432,
            "preserve_client_ip": "false",
            "protocol": "TCP",
            "protocol_version": null,
            "proxy_protocol_v2": false,
            "slow_start": 0,
            "stickiness": [
              {
                "cookie_duration": 0,
                "cookie_name": "",
                "enabled": false,
                "type": "source_ip"
              }
            ],
            "tags": {
              "Name": "gis-pov-dev-tsdb-tg"
            },
            "tags_all": {
              "Name": "gis-pov-dev-tsdb-tg"
            },
            "target_failover": [
              {
                "on_deregistration": null,
                "on_unhealthy": null
              }
            ],
            "target_type": "ip",
            "vpc_id": "vpc-07cb87fd61b92104c"
          },
          "sensitive_attributes": [],
          "private": "bnVsbA==",
          "dependencies": [
            "module.vpc.aws_vpc.main_vpc"
          ]
        }
      ]
    },
    {
      "module": "module.ecs.module.timescaledb",
      "mode": "managed",
      "type": "aws_security_group",
      "name": "timescaledb_security_group",
      "provider": "provider[\"registry.terraform.io/hashicorp/aws\"]",
      "instances": [
        {
          "schema_version": 1,
          "attributes": {
            "arn": "arn:aws:ec2:eu-west-1:516371590104:security-group/sg-0bd6ae9e215fd459b",
            "description": "Managed by Terraform",
            "egress": [
              {
                "cidr_blocks": [
                  "0.0.0.0/0"
                ],
                "description": "",
                "from_port": 0,
                "ipv6_cidr_blocks": [],
                "prefix_list_ids": [],
                "protocol": "-1",
                "security_groups": [],
                "self": false,
                "to_port": 0
              }
            ],
            "id": "sg-0bd6ae9e215fd459b",
            "ingress": [
              {
                "cidr_blocks": [
                  "0.0.0.0/0"
                ],
                "description": "",
                "from_port": 5432,
                "ipv6_cidr_blocks": [],
                "prefix_list_ids": [],
                "protocol": "tcp",
                "security_groups": [],
                "self": false,
                "to_port": 5432
              }
            ],
            "name": "terraform-2025012208112754740000000e",
            "name_prefix": "terraform-",
            "owner_id": "516371590104",
            "revoke_rules_on_delete": false,
            "tags": {
              "Name": "gis-pov-dev-timescaledb-sg"
            },
            "tags_all": {
              "Name": "gis-pov-dev-timescaledb-sg"
            },
            "timeouts": null,
            "vpc_id": "vpc-07cb87fd61b92104c"
          },
          "sensitive_attributes": [],
          "private": "eyJlMmJmYjczMC1lY2FhLTExZTYtOGY4OC0zNDM2M2JjN2M0YzAiOnsiY3JlYXRlIjo2MDAwMDAwMDAwMDAsImRlbGV0ZSI6OTAwMDAwMDAwMDAwfSwic2NoZW1hX3ZlcnNpb24iOiIxIn0=",
          "dependencies": [
            "module.vpc.aws_vpc.main_vpc"
          ]
        }
      ]
    },
    {
      "module": "module.efs",
      "mode": "managed",
      "type": "aws_efs_file_system",
      "name": "main_efs",
      "provider": "provider[\"registry.terraform.io/hashicorp/aws\"]",
      "instances": [
        {
          "schema_version": 0,
          "attributes": {
            "arn": "arn:aws:elasticfilesystem:eu-west-1:516371590104:file-system/fs-0053469fa8a32391f",
            "availability_zone_id": "",
            "availability_zone_name": "",
            "creation_token": "gis-pov-dev-main-efs",
            "dns_name": "fs-0053469fa8a32391f.efs.eu-west-1.amazonaws.com",
            "encrypted": true,
            "id": "fs-0053469fa8a32391f",
            "kms_key_id": "arn:aws:kms:eu-west-1:516371590104:key/4f8a98ff-7e9c-4c05-9b8f-1529b804c30d",
            "lifecycle_policy": [],
            "number_of_mount_targets": 0,
            "owner_id": "516371590104",
            "performance_mode": "generalPurpose",
            "provisioned_throughput_in_mibps": 0,
            "size_in_bytes": [
              {
                "value": 6144,
                "value_in_ia": 0,
                "value_in_standard": 6144
              }
            ],
            "tags": {
              "Name": "gis-pov-dev-main-efs"
            },
            "tags_all": {
              "Name": "gis-pov-dev-main-efs"
            },
            "throughput_mode": "bursting"
          },
          "sensitive_attributes": [],
          "private": "bnVsbA=="
        }
      ]
    },
    {
      "module": "module.efs",
      "mode": "managed",
      "type": "aws_efs_mount_target",
      "name": "main_efs_mount_target",
      "provider": "provider[\"registry.terraform.io/hashicorp/aws\"]",
      "instances": [
        {
          "index_key": 0,
          "schema_version": 0,
          "attributes": {
            "availability_zone_id": "euw1-az1",
            "availability_zone_name": "eu-west-1a",
            "dns_name": "fs-0053469fa8a32391f.efs.eu-west-1.amazonaws.com",
            "file_system_arn": "arn:aws:elasticfilesystem:eu-west-1:516371590104:file-system/fs-0053469fa8a32391f",
            "file_system_id": "fs-0053469fa8a32391f",
            "id": "fsmt-01ae4ff8ebedb0c92",
            "ip_address": "10.0.101.185",
            "mount_target_dns_name": "eu-west-1a.fs-0053469fa8a32391f.efs.eu-west-1.amazonaws.com",
            "network_interface_id": "eni-0bde6c68a44b1f404",
            "owner_id": "516371590104",
            "security_groups": [
              "sg-01cd762095cbe4ae2"
            ],
            "subnet_id": "subnet-089ea275800d79b4f",
            "timeouts": null
          },
          "sensitive_attributes": [],
          "private": "eyJlMmJmYjczMC1lY2FhLTExZTYtOGY4OC0zNDM2M2JjN2M0YzAiOnsiY3JlYXRlIjoxODAwMDAwMDAwMDAwLCJkZWxldGUiOjYwMDAwMDAwMDAwMH19",
          "dependencies": [
            "module.efs.aws_efs_file_system.main_efs",
            "module.efs.aws_security_group.efs_security_group",
            "module.vpc.aws_subnet.private_subnet",
            "module.vpc.aws_vpc.main_vpc"
          ]
        },
        {
          "index_key": 1,
          "schema_version": 0,
          "attributes": {
            "availability_zone_id": "euw1-az2",
            "availability_zone_name": "eu-west-1b",
            "dns_name": "fs-0053469fa8a32391f.efs.eu-west-1.amazonaws.com",
            "file_system_arn": "arn:aws:elasticfilesystem:eu-west-1:516371590104:file-system/fs-0053469fa8a32391f",
            "file_system_id": "fs-0053469fa8a32391f",
            "id": "fsmt-0453d146b8cd8060f",
            "ip_address": "10.0.102.55",
            "mount_target_dns_name": "eu-west-1b.fs-0053469fa8a32391f.efs.eu-west-1.amazonaws.com",
            "network_interface_id": "eni-02bc1614db3bf0660",
            "owner_id": "516371590104",
            "security_groups": [
              "sg-01cd762095cbe4ae2"
            ],
            "subnet_id": "subnet-0d5ce4a1ba3d4f384",
            "timeouts": null
          },
          "sensitive_attributes": [],
          "private": "eyJlMmJmYjczMC1lY2FhLTExZTYtOGY4OC0zNDM2M2JjN2M0YzAiOnsiY3JlYXRlIjoxODAwMDAwMDAwMDAwLCJkZWxldGUiOjYwMDAwMDAwMDAwMH19",
          "dependencies": [
            "module.efs.aws_efs_file_system.main_efs",
            "module.efs.aws_security_group.efs_security_group",
            "module.vpc.aws_subnet.private_subnet",
            "module.vpc.aws_vpc.main_vpc"
          ]
        }
      ]
    },
    {
      "module": "module.efs",
      "mode": "managed",
      "type": "aws_security_group",
      "name": "efs_security_group",
      "provider": "provider[\"registry.terraform.io/hashicorp/aws\"]",
      "instances": [
        {
          "schema_version": 1,
          "attributes": {
            "arn": "arn:aws:ec2:eu-west-1:516371590104:security-group/sg-01cd762095cbe4ae2",
            "description": "Managed by Terraform",
            "egress": [
              {
                "cidr_blocks": [
                  "0.0.0.0/0"
                ],
                "description": "",
                "from_port": 0,
                "ipv6_cidr_blocks": [],
                "prefix_list_ids": [],
                "protocol": "-1",
                "security_groups": [],
                "self": false,
                "to_port": 0
              }
            ],
            "id": "sg-01cd762095cbe4ae2",
            "ingress": [
              {
                "cidr_blocks": [
                  "0.0.0.0/0"
                ],
                "description": "",
                "from_port": 2049,
                "ipv6_cidr_blocks": [],
                "prefix_list_ids": [],
                "protocol": "tcp",
                "security_groups": [],
                "self": false,
                "to_port": 2049
              }
            ],
            "name": "terraform-2025012208112754690000000d",
            "name_prefix": "terraform-",
            "owner_id": "516371590104",
            "revoke_rules_on_delete": false,
            "tags": {
              "Name": "gis-pov-dev-efs-sg"
            },
            "tags_all": {
              "Name": "gis-pov-dev-efs-sg"
            },
            "timeouts": null,
            "vpc_id": "vpc-07cb87fd61b92104c"
          },
          "sensitive_attributes": [],
          "private": "eyJlMmJmYjczMC1lY2FhLTExZTYtOGY4OC0zNDM2M2JjN2M0YzAiOnsiY3JlYXRlIjo2MDAwMDAwMDAwMDAsImRlbGV0ZSI6OTAwMDAwMDAwMDAwfSwic2NoZW1hX3ZlcnNpb24iOiIxIn0=",
          "dependencies": [
            "module.vpc.aws_vpc.main_vpc"
          ]
        }
      ]
    },
    {
      "module": "module.lambda",
      "mode": "managed",
      "type": "aws_iam_policy",
      "name": "lambda_logging_policy",
      "provider": "provider[\"registry.terraform.io/hashicorp/aws\"]",
      "instances": [
        {
          "schema_version": 0,
          "attributes": {
            "arn": "arn:aws:iam::516371590104:policy/gis-pov-dev-lambda-logging-policy",
            "description": "",
            "id": "arn:aws:iam::516371590104:policy/gis-pov-dev-lambda-logging-policy",
            "name": "gis-pov-dev-lambda-logging-policy",
            "name_prefix": null,
            "path": "/",
            "policy": "{\"Statement\":[{\"Action\":[\"logs:CreateLogGroup\",\"logs:CreateLogStream\",\"logs:PutLogEvents\"],\"Effect\":\"Allow\",\"Resource\":\"*\"}],\"Version\":\"2012-10-17\"}",
            "policy_id": "ANPAXQORFFPMJPIL2NWYU",
            "tags": null,
            "tags_all": {}
          },
          "sensitive_attributes": [],
          "private": "bnVsbA=="
        }
      ]
    },
    {
      "module": "module.lambda",
      "mode": "managed",
      "type": "aws_iam_policy",
      "name": "s3_readonly_policy",
      "provider": "provider[\"registry.terraform.io/hashicorp/aws\"]",
      "instances": [
        {
          "schema_version": 0,
          "attributes": {
            "arn": "arn:aws:iam::516371590104:policy/gis-pov-dev-s3-readonly-policy",
            "description": "Policy for Lambda to access S3 with read-only permissions",
            "id": "arn:aws:iam::516371590104:policy/gis-pov-dev-s3-readonly-policy",
            "name": "gis-pov-dev-s3-readonly-policy",
            "name_prefix": null,
            "path": "/",
            "policy": "{\"Statement\":[{\"Action\":[\"s3:GetObject\",\"s3:ListBucket\"],\"Effect\":\"Allow\",\"Resource\":[\"arn:aws:s3:::test-lambda-bucket\",\"arn:aws:s3:::test-lambda-bucket/*\"]}],\"Version\":\"2012-10-17\"}",
            "policy_id": "ANPAXQORFFPMHMJH4OY4M",
            "tags": null,
            "tags_all": {}
          },
          "sensitive_attributes": [],
          "private": "bnVsbA=="
        }
      ]
    },
    {
      "module": "module.lambda",
      "mode": "managed",
      "type": "aws_iam_role",
      "name": "lambda_execution_role",
      "provider": "provider[\"registry.terraform.io/hashicorp/aws\"]",
      "instances": [
        {
          "schema_version": 0,
          "attributes": {
            "arn": "arn:aws:iam::516371590104:role/gis-pov-dev-lambda-execution-role",
            "assume_role_policy": "{\"Statement\":[{\"Action\":\"sts:AssumeRole\",\"Effect\":\"Allow\",\"Principal\":{\"Service\":\"lambda.amazonaws.com\"}}],\"Version\":\"2012-10-17\"}",
            "create_date": "2025-01-22T08:11:15Z",
            "description": "",
            "force_detach_policies": false,
            "id": "gis-pov-dev-lambda-execution-role",
            "inline_policy": [],
            "managed_policy_arns": [],
            "max_session_duration": 3600,
            "name": "gis-pov-dev-lambda-execution-role",
            "name_prefix": "",
            "path": "/",
            "permissions_boundary": null,
            "tags": null,
            "tags_all": {},
            "unique_id": "AROAXQORFFPMFBCPR4SR6"
          },
          "sensitive_attributes": [],
          "private": "bnVsbA=="
        }
      ]
    },
    {
      "module": "module.lambda",
      "mode": "managed",
      "type": "aws_iam_role_policy_attachment",
      "name": "attach_s3_readonly_policy",
      "provider": "provider[\"registry.terraform.io/hashicorp/aws\"]",
      "instances": [
        {
          "schema_version": 0,
          "attributes": {
            "id": "gis-pov-dev-lambda-execution-role-20250122081117057600000006",
            "policy_arn": "arn:aws:iam::516371590104:policy/gis-pov-dev-s3-readonly-policy",
            "role": "gis-pov-dev-lambda-execution-role"
          },
          "sensitive_attributes": [],
          "private": "bnVsbA==",
          "dependencies": [
            "module.lambda.aws_iam_policy.s3_readonly_policy",
            "module.lambda.aws_iam_role.lambda_execution_role"
          ]
        }
      ]
    },
    {
      "module": "module.lambda",
      "mode": "managed",
      "type": "aws_iam_role_policy_attachment",
      "name": "basic_execution_policy",
      "provider": "provider[\"registry.terraform.io/hashicorp/aws\"]",
      "instances": [
        {
          "schema_version": 0,
          "attributes": {
            "id": "gis-pov-dev-lambda-execution-role-20250122081117046000000005",
            "policy_arn": "arn:aws:iam::aws:policy/service-role/AWSLambdaBasicExecutionRole",
            "role": "gis-pov-dev-lambda-execution-role"
          },
          "sensitive_attributes": [],
          "private": "bnVsbA==",
          "dependencies": [
            "module.lambda.aws_iam_role.lambda_execution_role"
          ]
        }
      ]
    },
    {
      "module": "module.lambda",
      "mode": "managed",
      "type": "aws_iam_role_policy_attachment",
      "name": "logging_policy_attachment",
      "provider": "provider[\"registry.terraform.io/hashicorp/aws\"]",
      "instances": [
        {
          "schema_version": 0,
          "attributes": {
            "id": "gis-pov-dev-lambda-execution-role-20250122081117139700000008",
            "policy_arn": "arn:aws:iam::516371590104:policy/gis-pov-dev-lambda-logging-policy",
            "role": "gis-pov-dev-lambda-execution-role"
          },
          "sensitive_attributes": [],
          "private": "bnVsbA==",
          "dependencies": [
            "module.lambda.aws_iam_policy.lambda_logging_policy",
            "module.lambda.aws_iam_role.lambda_execution_role"
          ]
        }
      ]
    },
    {
      "module": "module.lambda",
      "mode": "managed",
      "type": "aws_lambda_function",
      "name": "submit_spark_job_lambda",
      "provider": "provider[\"registry.terraform.io/hashicorp/aws\"]",
      "instances": [
        {
          "schema_version": 0,
          "attributes": {
            "architectures": [
              "x86_64"
            ],
            "arn": "arn:aws:lambda:eu-west-1:516371590104:function:gis-pov-dev-submit-spark-job-lambda",
            "code_signing_config_arn": "",
            "dead_letter_config": [],
            "description": "",
            "environment": [
              {
                "variables": {
                  "LOAD_BALANCER_DNS_NAME": "tf-lb-20250122081138788900000014-6ca37990cb493374.elb.eu-west-1.amazonaws.com",
                  "S3_BUCKET_NAME": "test-lambda-bucket"
                }
              }
            ],
            "ephemeral_storage": [
              {
                "size": 512
              }
            ],
            "file_system_config": [],
            "filename": null,
            "function_name": "gis-pov-dev-submit-spark-job-lambda",
            "handler": "submit_spark_job.lambda_handler",
            "id": "gis-pov-dev-submit-spark-job-lambda",
            "image_config": [],
            "image_uri": "",
            "invoke_arn": "arn:aws:apigateway:eu-west-1:lambda:path/2015-03-31/functions/arn:aws:lambda:eu-west-1:516371590104:function:gis-pov-dev-submit-spark-job-lambda/invocations",
            "kms_key_arn": "",
            "last_modified": "2025-01-22T08:14:11.382+0000",
            "layers": null,
            "memory_size": 128,
            "package_type": "Zip",
            "publish": false,
            "qualified_arn": "arn:aws:lambda:eu-west-1:516371590104:function:gis-pov-dev-submit-spark-job-lambda:$LATEST",
            "qualified_invoke_arn": "arn:aws:apigateway:eu-west-1:lambda:path/2015-03-31/functions/arn:aws:lambda:eu-west-1:516371590104:function:gis-pov-dev-submit-spark-job-lambda:$LATEST/invocations",
            "replace_security_groups_on_destroy": null,
            "replacement_security_group_ids": null,
            "reserved_concurrent_executions": -1,
            "role": "arn:aws:iam::516371590104:role/gis-pov-dev-lambda-execution-role",
            "runtime": "python3.9",
            "s3_bucket": "gis-pov-dev-lambda-bucket",
            "s3_key": "scripts/lambda_spark_submit_api.zip",
            "s3_object_version": null,
            "signing_job_arn": "",
            "signing_profile_version_arn": "",
            "snap_start": [],
            "source_code_hash": "Dppmcbo1+MKcWDXCtGpGozZDIQ81qittnGLb8SAJ5dU=",
            "source_code_size": 813886,
            "tags": {
              "Name": "gis-pov-dev-submit-spark-job-lambda"
            },
            "tags_all": {
              "Name": "gis-pov-dev-submit-spark-job-lambda"
            },
            "timeout": 30,
            "timeouts": null,
            "tracing_config": [
              {
                "mode": "PassThrough"
              }
            ],
            "version": "$LATEST",
            "vpc_config": []
          },
          "sensitive_attributes": [],
          "private": "eyJlMmJmYjczMC1lY2FhLTExZTYtOGY4OC0zNDM2M2JjN2M0YzAiOnsiY3JlYXRlIjo2MDAwMDAwMDAwMDAsInVwZGF0ZSI6NjAwMDAwMDAwMDAwfX0=",
          "dependencies": [
            "module.alb.aws_alb.network_load_balancer",
            "module.lambda.aws_iam_role.lambda_execution_role",
            "module.lambda.aws_s3_bucket.lambda_bucket",
            "module.lambda.aws_s3_object.lambda_code_file",
            "module.vpc.aws_subnet.public_subnet",
            "module.vpc.aws_vpc.main_vpc"
          ]
        }
      ]
    },
    {
      "module": "module.lambda",
      "mode": "managed",
      "type": "aws_s3_bucket",
      "name": "lambda_bucket",
      "provider": "provider[\"registry.terraform.io/hashicorp/aws\"]",
      "instances": [
        {
          "schema_version": 0,
          "attributes": {
            "acceleration_status": "",
            "acl": null,
            "arn": "arn:aws:s3:::gis-pov-dev-lambda-bucket",
            "bucket": "gis-pov-dev-lambda-bucket",
            "bucket_domain_name": "gis-pov-dev-lambda-bucket.s3.amazonaws.com",
            "bucket_prefix": null,
            "bucket_regional_domain_name": "gis-pov-dev-lambda-bucket.s3.eu-west-1.amazonaws.com",
            "cors_rule": [],
            "force_destroy": false,
            "grant": [
              {
                "id": "051745dbb37688cca8243be6bd9182ff70082ad2700b54bbafb80153e4aad15e",
                "permissions": [
                  "FULL_CONTROL"
                ],
                "type": "CanonicalUser",
                "uri": ""
              }
            ],
            "hosted_zone_id": "Z1BKCTXD74EZPE",
            "id": "gis-pov-dev-lambda-bucket",
            "lifecycle_rule": [],
            "logging": [],
            "object_lock_configuration": [],
            "object_lock_enabled": false,
            "policy": "",
            "region": "eu-west-1",
            "replication_configuration": [],
            "request_payer": "BucketOwner",
            "server_side_encryption_configuration": [
              {
                "rule": [
                  {
                    "apply_server_side_encryption_by_default": [
                      {
                        "kms_master_key_id": "",
                        "sse_algorithm": "AES256"
                      }
                    ],
                    "bucket_key_enabled": false
                  }
                ]
              }
            ],
            "tags": {
              "Environment": "production",
              "Name": "gis-pov-dev-lambda-bucket"
            },
            "tags_all": {
              "Environment": "production",
              "Name": "gis-pov-dev-lambda-bucket"
            },
            "timeouts": null,
            "versioning": [
              {
                "enabled": false,
                "mfa_delete": false
              }
            ],
            "website": [],
            "website_domain": null,
            "website_endpoint": null
          },
          "sensitive_attributes": [],
          "private": "eyJlMmJmYjczMC1lY2FhLTExZTYtOGY4OC0zNDM2M2JjN2M0YzAiOnsiY3JlYXRlIjoxMjAwMDAwMDAwMDAwLCJkZWxldGUiOjM2MDAwMDAwMDAwMDAsInJlYWQiOjEyMDAwMDAwMDAwMDAsInVwZGF0ZSI6MTIwMDAwMDAwMDAwMH19"
        }
      ]
    },
    {
      "module": "module.lambda",
      "mode": "managed",
      "type": "aws_s3_bucket_ownership_controls",
      "name": "lambda_bucket_ownership",
      "provider": "provider[\"registry.terraform.io/hashicorp/aws\"]",
      "instances": [
        {
          "schema_version": 0,
          "attributes": {
            "bucket": "gis-pov-dev-lambda-bucket",
            "id": "gis-pov-dev-lambda-bucket",
            "rule": [
              {
                "object_ownership": "BucketOwnerPreferred"
              }
            ]
          },
          "sensitive_attributes": [],
          "private": "bnVsbA==",
          "dependencies": [
            "module.lambda.aws_s3_bucket.lambda_bucket"
          ]
        }
      ]
    },
    {
      "module": "module.lambda",
      "mode": "managed",
      "type": "aws_s3_bucket_versioning",
      "name": "lambda_bucket_versioning",
      "provider": "provider[\"registry.terraform.io/hashicorp/aws\"]",
      "instances": [
        {
          "schema_version": 0,
          "attributes": {
            "bucket": "gis-pov-dev-lambda-bucket",
            "expected_bucket_owner": "",
            "id": "gis-pov-dev-lambda-bucket",
            "mfa": null,
            "versioning_configuration": [
              {
                "mfa_delete": "",
                "status": "Enabled"
              }
            ]
          },
          "sensitive_attributes": [],
          "private": "bnVsbA==",
          "dependencies": [
            "module.lambda.aws_s3_bucket.lambda_bucket"
          ]
        }
      ]
    },
    {
      "module": "module.lambda",
      "mode": "managed",
      "type": "aws_s3_object",
      "name": "lambda_code_file",
      "provider": "provider[\"registry.terraform.io/hashicorp/aws\"]",
      "instances": [
        {
          "schema_version": 0,
          "attributes": {
            "acl": "private",
            "bucket": "gis-pov-dev-lambda-bucket",
            "bucket_key_enabled": false,
            "cache_control": "",
            "content": null,
            "content_base64": null,
            "content_disposition": "",
            "content_encoding": "",
            "content_language": "",
            "content_type": "application/zip",
            "etag": "0e0f05101855996311d0bf6a1926e8a3",
            "force_destroy": false,
            "id": "scripts/lambda_spark_submit_api.zip",
            "key": "scripts/lambda_spark_submit_api.zip",
            "kms_key_id": null,
            "metadata": null,
            "object_lock_legal_hold_status": "",
            "object_lock_mode": "",
            "object_lock_retain_until_date": "",
            "server_side_encryption": "AES256",
            "source": "./../data/lambda_spark_submit_api/lambda_spark_submit_api.zip",
            "source_hash": null,
            "storage_class": "STANDARD",
            "tags": null,
            "tags_all": {},
            "version_id": "uOuPJRZNjQpYSIWdSokFlsU3TfCwN5he",
            "website_redirect": ""
          },
          "sensitive_attributes": [],
          "private": "bnVsbA==",
          "dependencies": [
            "module.lambda.aws_s3_bucket.lambda_bucket"
          ]
        }
      ]
    },
    {
      "module": "module.vpc",
      "mode": "managed",
      "type": "aws_eip",
      "name": "nat_eip",
      "provider": "provider[\"registry.terraform.io/hashicorp/aws\"]",
      "instances": [
        {
          "index_key": "eu-west-1a",
          "schema_version": 0,
          "attributes": {
            "address": null,
            "allocation_id": "eipalloc-0fc34909e8ee1acec",
            "associate_with_private_ip": null,
            "association_id": "",
            "carrier_ip": "",
            "customer_owned_ip": "",
            "customer_owned_ipv4_pool": "",
            "domain": "vpc",
            "id": "eipalloc-0fc34909e8ee1acec",
            "instance": "",
            "network_border_group": "eu-west-1",
            "network_interface": "",
            "private_dns": null,
            "private_ip": "",
            "public_dns": "ec2-54-220-160-224.eu-west-1.compute.amazonaws.com",
            "public_ip": "54.220.160.224",
            "public_ipv4_pool": "amazon",
            "tags": {
              "Name": "gis-pov-dev-nat-eip-eu-west-1a"
            },
            "tags_all": {
              "Name": "gis-pov-dev-nat-eip-eu-west-1a"
            },
            "timeouts": null,
            "vpc": true
          },
          "sensitive_attributes": [],
          "private": "eyJlMmJmYjczMC1lY2FhLTExZTYtOGY4OC0zNDM2M2JjN2M0YzAiOnsiZGVsZXRlIjoxODAwMDAwMDAwMDAsInJlYWQiOjkwMDAwMDAwMDAwMCwidXBkYXRlIjozMDAwMDAwMDAwMDB9fQ=="
        },
        {
          "index_key": "eu-west-1b",
          "schema_version": 0,
          "attributes": {
            "address": null,
            "allocation_id": "eipalloc-0790212664c5cfa73",
            "associate_with_private_ip": null,
            "association_id": "",
            "carrier_ip": "",
            "customer_owned_ip": "",
            "customer_owned_ipv4_pool": "",
            "domain": "vpc",
            "id": "eipalloc-0790212664c5cfa73",
            "instance": "",
            "network_border_group": "eu-west-1",
            "network_interface": "",
            "private_dns": null,
            "private_ip": "",
            "public_dns": "ec2-52-212-31-48.eu-west-1.compute.amazonaws.com",
            "public_ip": "52.212.31.48",
            "public_ipv4_pool": "amazon",
            "tags": {
              "Name": "gis-pov-dev-nat-eip-eu-west-1b"
            },
            "tags_all": {
              "Name": "gis-pov-dev-nat-eip-eu-west-1b"
            },
            "timeouts": null,
            "vpc": true
          },
          "sensitive_attributes": [],
          "private": "eyJlMmJmYjczMC1lY2FhLTExZTYtOGY4OC0zNDM2M2JjN2M0YzAiOnsiZGVsZXRlIjoxODAwMDAwMDAwMDAsInJlYWQiOjkwMDAwMDAwMDAwMCwidXBkYXRlIjozMDAwMDAwMDAwMDB9fQ=="
        }
      ]
    },
    {
      "module": "module.vpc",
      "mode": "managed",
      "type": "aws_internet_gateway",
      "name": "internet_gateway",
      "provider": "provider[\"registry.terraform.io/hashicorp/aws\"]",
      "instances": [
        {
          "schema_version": 0,
          "attributes": {
            "arn": "arn:aws:ec2:eu-west-1:516371590104:internet-gateway/igw-02e87b300556de2db",
            "id": "igw-02e87b300556de2db",
            "owner_id": "516371590104",
            "tags": {
              "Name": "gis-pov-dev-internet-gateway"
            },
            "tags_all": {
              "Name": "gis-pov-dev-internet-gateway"
            },
            "timeouts": null,
            "vpc_id": "vpc-07cb87fd61b92104c"
          },
          "sensitive_attributes": [],
          "private": "eyJlMmJmYjczMC1lY2FhLTExZTYtOGY4OC0zNDM2M2JjN2M0YzAiOnsiY3JlYXRlIjoxMjAwMDAwMDAwMDAwLCJkZWxldGUiOjEyMDAwMDAwMDAwMDAsInVwZGF0ZSI6MTIwMDAwMDAwMDAwMH19",
          "dependencies": [
            "module.vpc.aws_vpc.main_vpc"
          ]
        }
      ]
    },
    {
      "module": "module.vpc",
      "mode": "managed",
      "type": "aws_nat_gateway",
      "name": "nat_gateway",
      "provider": "provider[\"registry.terraform.io/hashicorp/aws\"]",
      "instances": [
        {
          "index_key": "eu-west-1a",
          "schema_version": 0,
          "attributes": {
            "allocation_id": "eipalloc-0fc34909e8ee1acec",
            "connectivity_type": "public",
            "id": "nat-04488d93a537796e1",
            "network_interface_id": "eni-0e76eced7767791fa",
            "private_ip": "10.0.0.189",
            "public_ip": "54.220.160.224",
            "subnet_id": "subnet-04a8d9dbf93237613",
            "tags": {
              "Name": "gis-pov-dev-nat-gw-eu-west-1a"
            },
            "tags_all": {
              "Name": "gis-pov-dev-nat-gw-eu-west-1a"
            }
          },
          "sensitive_attributes": [],
          "private": "bnVsbA==",
          "dependencies": [
            "module.vpc.aws_eip.nat_eip",
            "module.vpc.aws_subnet.public_subnet",
            "module.vpc.aws_vpc.main_vpc"
          ]
        },
        {
          "index_key": "eu-west-1b",
          "schema_version": 0,
          "attributes": {
            "allocation_id": "eipalloc-0790212664c5cfa73",
            "connectivity_type": "public",
            "id": "nat-02b2c13d304c1c123",
            "network_interface_id": "eni-088d3acb126308a4b",
            "private_ip": "10.0.1.159",
            "public_ip": "52.212.31.48",
            "subnet_id": "subnet-06850062c67d303b1",
            "tags": {
              "Name": "gis-pov-dev-nat-gw-eu-west-1b"
            },
            "tags_all": {
              "Name": "gis-pov-dev-nat-gw-eu-west-1b"
            }
          },
          "sensitive_attributes": [],
          "private": "bnVsbA==",
          "dependencies": [
            "module.vpc.aws_eip.nat_eip",
            "module.vpc.aws_subnet.public_subnet",
            "module.vpc.aws_vpc.main_vpc"
          ]
        }
      ]
    },
    {
      "module": "module.vpc",
      "mode": "managed",
      "type": "aws_route_table",
      "name": "private_route_table",
      "provider": "provider[\"registry.terraform.io/hashicorp/aws\"]",
      "instances": [
        {
          "index_key": "eu-west-1a",
          "schema_version": 0,
          "attributes": {
            "arn": "arn:aws:ec2:eu-west-1:516371590104:route-table/rtb-0a8cde47665eac8c0",
            "id": "rtb-0a8cde47665eac8c0",
            "owner_id": "516371590104",
            "propagating_vgws": [],
            "route": [
              {
                "carrier_gateway_id": "",
                "cidr_block": "0.0.0.0/0",
                "core_network_arn": "",
                "destination_prefix_list_id": "",
                "egress_only_gateway_id": "",
                "gateway_id": "",
                "instance_id": "",
                "ipv6_cidr_block": "",
                "local_gateway_id": "",
                "nat_gateway_id": "nat-04488d93a537796e1",
                "network_interface_id": "",
                "transit_gateway_id": "",
                "vpc_endpoint_id": "",
                "vpc_peering_connection_id": ""
              }
            ],
            "tags": {
              "Name": "gis-pov-dev-private-rt-eu-west-1a"
            },
            "tags_all": {
              "Name": "gis-pov-dev-private-rt-eu-west-1a"
            },
            "timeouts": null,
            "vpc_id": "vpc-07cb87fd61b92104c"
          },
          "sensitive_attributes": [],
          "private": "eyJlMmJmYjczMC1lY2FhLTExZTYtOGY4OC0zNDM2M2JjN2M0YzAiOnsiY3JlYXRlIjozMDAwMDAwMDAwMDAsImRlbGV0ZSI6MzAwMDAwMDAwMDAwLCJ1cGRhdGUiOjEyMDAwMDAwMDAwMH19",
          "dependencies": [
            "module.vpc.aws_eip.nat_eip",
            "module.vpc.aws_nat_gateway.nat_gateway",
            "module.vpc.aws_subnet.public_subnet",
            "module.vpc.aws_vpc.main_vpc"
          ]
        },
        {
          "index_key": "eu-west-1b",
          "schema_version": 0,
          "attributes": {
            "arn": "arn:aws:ec2:eu-west-1:516371590104:route-table/rtb-0809739ef2759f615",
            "id": "rtb-0809739ef2759f615",
            "owner_id": "516371590104",
            "propagating_vgws": [],
            "route": [
              {
                "carrier_gateway_id": "",
                "cidr_block": "0.0.0.0/0",
                "core_network_arn": "",
                "destination_prefix_list_id": "",
                "egress_only_gateway_id": "",
                "gateway_id": "",
                "instance_id": "",
                "ipv6_cidr_block": "",
                "local_gateway_id": "",
                "nat_gateway_id": "nat-02b2c13d304c1c123",
                "network_interface_id": "",
                "transit_gateway_id": "",
                "vpc_endpoint_id": "",
                "vpc_peering_connection_id": ""
              }
            ],
            "tags": {
              "Name": "gis-pov-dev-private-rt-eu-west-1b"
            },
            "tags_all": {
              "Name": "gis-pov-dev-private-rt-eu-west-1b"
            },
            "timeouts": null,
            "vpc_id": "vpc-07cb87fd61b92104c"
          },
          "sensitive_attributes": [],
          "private": "eyJlMmJmYjczMC1lY2FhLTExZTYtOGY4OC0zNDM2M2JjN2M0YzAiOnsiY3JlYXRlIjozMDAwMDAwMDAwMDAsImRlbGV0ZSI6MzAwMDAwMDAwMDAwLCJ1cGRhdGUiOjEyMDAwMDAwMDAwMH19",
          "dependencies": [
            "module.vpc.aws_eip.nat_eip",
            "module.vpc.aws_nat_gateway.nat_gateway",
            "module.vpc.aws_subnet.public_subnet",
            "module.vpc.aws_vpc.main_vpc"
          ]
        }
      ]
    },
    {
      "module": "module.vpc",
      "mode": "managed",
      "type": "aws_route_table",
      "name": "public_route_table",
      "provider": "provider[\"registry.terraform.io/hashicorp/aws\"]",
      "instances": [
        {
          "schema_version": 0,
          "attributes": {
            "arn": "arn:aws:ec2:eu-west-1:516371590104:route-table/rtb-028eebbe7fd62e301",
            "id": "rtb-028eebbe7fd62e301",
            "owner_id": "516371590104",
            "propagating_vgws": [],
            "route": [
              {
                "carrier_gateway_id": "",
                "cidr_block": "0.0.0.0/0",
                "core_network_arn": "",
                "destination_prefix_list_id": "",
                "egress_only_gateway_id": "",
                "gateway_id": "igw-02e87b300556de2db",
                "instance_id": "",
                "ipv6_cidr_block": "",
                "local_gateway_id": "",
                "nat_gateway_id": "",
                "network_interface_id": "",
                "transit_gateway_id": "",
                "vpc_endpoint_id": "",
                "vpc_peering_connection_id": ""
              }
            ],
            "tags": {
              "Name": "gis-pov-dev-public-rt"
            },
            "tags_all": {
              "Name": "gis-pov-dev-public-rt"
            },
            "timeouts": null,
            "vpc_id": "vpc-07cb87fd61b92104c"
          },
          "sensitive_attributes": [],
          "private": "eyJlMmJmYjczMC1lY2FhLTExZTYtOGY4OC0zNDM2M2JjN2M0YzAiOnsiY3JlYXRlIjozMDAwMDAwMDAwMDAsImRlbGV0ZSI6MzAwMDAwMDAwMDAwLCJ1cGRhdGUiOjEyMDAwMDAwMDAwMH19",
          "dependencies": [
            "module.vpc.aws_internet_gateway.internet_gateway",
            "module.vpc.aws_vpc.main_vpc"
          ]
        }
      ]
    },
    {
      "module": "module.vpc",
      "mode": "managed",
      "type": "aws_route_table_association",
      "name": "private_route_table_association",
      "provider": "provider[\"registry.terraform.io/hashicorp/aws\"]",
      "instances": [
        {
          "index_key": "eu-west-1a",
          "schema_version": 0,
          "attributes": {
            "gateway_id": "",
            "id": "rtbassoc-011882a0b0938f870",
            "route_table_id": "rtb-0a8cde47665eac8c0",
            "subnet_id": "subnet-089ea275800d79b4f"
          },
          "sensitive_attributes": [],
          "private": "bnVsbA==",
          "dependencies": [
            "module.vpc.aws_eip.nat_eip",
            "module.vpc.aws_nat_gateway.nat_gateway",
            "module.vpc.aws_route_table.private_route_table",
            "module.vpc.aws_subnet.private_subnet",
            "module.vpc.aws_subnet.public_subnet",
            "module.vpc.aws_vpc.main_vpc"
          ]
        },
        {
          "index_key": "eu-west-1b",
          "schema_version": 0,
          "attributes": {
            "gateway_id": "",
            "id": "rtbassoc-046cbb21d9f011324",
            "route_table_id": "rtb-0809739ef2759f615",
            "subnet_id": "subnet-0d5ce4a1ba3d4f384"
          },
          "sensitive_attributes": [],
          "private": "bnVsbA==",
          "dependencies": [
            "module.vpc.aws_eip.nat_eip",
            "module.vpc.aws_nat_gateway.nat_gateway",
            "module.vpc.aws_route_table.private_route_table",
            "module.vpc.aws_subnet.private_subnet",
            "module.vpc.aws_subnet.public_subnet",
            "module.vpc.aws_vpc.main_vpc"
          ]
        }
      ]
    },
    {
      "module": "module.vpc",
      "mode": "managed",
      "type": "aws_route_table_association",
      "name": "public_route_table_association",
      "provider": "provider[\"registry.terraform.io/hashicorp/aws\"]",
      "instances": [
        {
          "index_key": "eu-west-1a",
          "schema_version": 0,
          "attributes": {
            "gateway_id": "",
            "id": "rtbassoc-05f209e1fb0ae5104",
            "route_table_id": "rtb-028eebbe7fd62e301",
            "subnet_id": "subnet-04a8d9dbf93237613"
          },
          "sensitive_attributes": [],
          "private": "bnVsbA==",
          "dependencies": [
            "module.vpc.aws_internet_gateway.internet_gateway",
            "module.vpc.aws_route_table.public_route_table",
            "module.vpc.aws_subnet.public_subnet",
            "module.vpc.aws_vpc.main_vpc"
          ]
        },
        {
          "index_key": "eu-west-1b",
          "schema_version": 0,
          "attributes": {
            "gateway_id": "",
            "id": "rtbassoc-03c844a8157a91150",
            "route_table_id": "rtb-028eebbe7fd62e301",
            "subnet_id": "subnet-06850062c67d303b1"
          },
          "sensitive_attributes": [],
          "private": "bnVsbA==",
          "dependencies": [
            "module.vpc.aws_internet_gateway.internet_gateway",
            "module.vpc.aws_route_table.public_route_table",
            "module.vpc.aws_subnet.public_subnet",
            "module.vpc.aws_vpc.main_vpc"
          ]
        }
      ]
    },
    {
      "module": "module.vpc",
      "mode": "managed",
      "type": "aws_security_group",
      "name": "private_security_group",
      "provider": "provider[\"registry.terraform.io/hashicorp/aws\"]",
      "instances": [
        {
          "schema_version": 1,
          "attributes": {
            "arn": "arn:aws:ec2:eu-west-1:516371590104:security-group/sg-0dd38903838406b5a",
            "description": "Managed by Terraform",
            "egress": [
              {
                "cidr_blocks": [
                  "0.0.0.0/0"
                ],
                "description": "",
                "from_port": 0,
                "ipv6_cidr_blocks": [],
                "prefix_list_ids": [],
                "protocol": "-1",
                "security_groups": [],
                "self": false,
                "to_port": 0
              }
            ],
            "id": "sg-0dd38903838406b5a",
            "ingress": [],
            "name": "terraform-2025012208112754570000000b",
            "name_prefix": "terraform-",
            "owner_id": "516371590104",
            "revoke_rules_on_delete": false,
            "tags": {
              "Name": "gis-pov-dev-private-security-group"
            },
            "tags_all": {
              "Name": "gis-pov-dev-private-security-group"
            },
            "timeouts": null,
            "vpc_id": "vpc-07cb87fd61b92104c"
          },
          "sensitive_attributes": [],
          "private": "eyJlMmJmYjczMC1lY2FhLTExZTYtOGY4OC0zNDM2M2JjN2M0YzAiOnsiY3JlYXRlIjo2MDAwMDAwMDAwMDAsImRlbGV0ZSI6OTAwMDAwMDAwMDAwfSwic2NoZW1hX3ZlcnNpb24iOiIxIn0=",
          "dependencies": [
            "module.vpc.aws_vpc.main_vpc"
          ]
        }
      ]
    },
    {
      "module": "module.vpc",
      "mode": "managed",
      "type": "aws_security_group",
      "name": "public_security_group",
      "provider": "provider[\"registry.terraform.io/hashicorp/aws\"]",
      "instances": [
        {
          "schema_version": 1,
          "attributes": {
            "arn": "arn:aws:ec2:eu-west-1:516371590104:security-group/sg-01cfab2589f9cb6db",
            "description": "Managed by Terraform",
            "egress": [
              {
                "cidr_blocks": [
                  "0.0.0.0/0"
                ],
                "description": "",
                "from_port": 0,
                "ipv6_cidr_blocks": [],
                "prefix_list_ids": [],
                "protocol": "-1",
                "security_groups": [],
                "self": false,
                "to_port": 0
              }
            ],
            "id": "sg-01cfab2589f9cb6db",
            "ingress": [],
            "name": "terraform-2025012208112754570000000c",
            "name_prefix": "terraform-",
            "owner_id": "516371590104",
            "revoke_rules_on_delete": false,
            "tags": {
              "Name": "gis-pov-dev-public-sg"
            },
            "tags_all": {
              "Name": "gis-pov-dev-public-sg"
            },
            "timeouts": null,
            "vpc_id": "vpc-07cb87fd61b92104c"
          },
          "sensitive_attributes": [],
          "private": "eyJlMmJmYjczMC1lY2FhLTExZTYtOGY4OC0zNDM2M2JjN2M0YzAiOnsiY3JlYXRlIjo2MDAwMDAwMDAwMDAsImRlbGV0ZSI6OTAwMDAwMDAwMDAwfSwic2NoZW1hX3ZlcnNpb24iOiIxIn0=",
          "dependencies": [
            "module.vpc.aws_vpc.main_vpc"
          ]
        }
      ]
    },
    {
      "module": "module.vpc",
      "mode": "managed",
      "type": "aws_subnet",
      "name": "private_subnet",
      "provider": "provider[\"registry.terraform.io/hashicorp/aws\"]",
      "instances": [
        {
          "index_key": "eu-west-1a",
          "schema_version": 1,
          "attributes": {
            "arn": "arn:aws:ec2:eu-west-1:516371590104:subnet/subnet-089ea275800d79b4f",
            "assign_ipv6_address_on_creation": false,
            "availability_zone": "eu-west-1a",
            "availability_zone_id": "euw1-az1",
            "cidr_block": "10.0.101.0/24",
            "customer_owned_ipv4_pool": "",
            "enable_dns64": false,
            "enable_resource_name_dns_a_record_on_launch": false,
            "enable_resource_name_dns_aaaa_record_on_launch": false,
            "id": "subnet-089ea275800d79b4f",
            "ipv6_cidr_block": "",
            "ipv6_cidr_block_association_id": "",
            "ipv6_native": false,
            "map_customer_owned_ip_on_launch": false,
            "map_public_ip_on_launch": false,
            "outpost_arn": "",
            "owner_id": "516371590104",
            "private_dns_hostname_type_on_launch": "ip-name",
            "tags": {
              "Name": "gis-pov-dev-private-subnet-eu-west-1a"
            },
            "tags_all": {
              "Name": "gis-pov-dev-private-subnet-eu-west-1a"
            },
            "timeouts": null,
            "vpc_id": "vpc-07cb87fd61b92104c"
          },
          "sensitive_attributes": [],
          "private": "eyJlMmJmYjczMC1lY2FhLTExZTYtOGY4OC0zNDM2M2JjN2M0YzAiOnsiY3JlYXRlIjo2MDAwMDAwMDAwMDAsImRlbGV0ZSI6MTIwMDAwMDAwMDAwMH0sInNjaGVtYV92ZXJzaW9uIjoiMSJ9",
          "dependencies": [
            "module.vpc.aws_vpc.main_vpc"
          ]
        },
        {
          "index_key": "eu-west-1b",
          "schema_version": 1,
          "attributes": {
            "arn": "arn:aws:ec2:eu-west-1:516371590104:subnet/subnet-0d5ce4a1ba3d4f384",
            "assign_ipv6_address_on_creation": false,
            "availability_zone": "eu-west-1b",
            "availability_zone_id": "euw1-az2",
            "cidr_block": "10.0.102.0/24",
            "customer_owned_ipv4_pool": "",
            "enable_dns64": false,
            "enable_resource_name_dns_a_record_on_launch": false,
            "enable_resource_name_dns_aaaa_record_on_launch": false,
            "id": "subnet-0d5ce4a1ba3d4f384",
            "ipv6_cidr_block": "",
            "ipv6_cidr_block_association_id": "",
            "ipv6_native": false,
            "map_customer_owned_ip_on_launch": false,
            "map_public_ip_on_launch": false,
            "outpost_arn": "",
            "owner_id": "516371590104",
            "private_dns_hostname_type_on_launch": "ip-name",
            "tags": {
              "Name": "gis-pov-dev-private-subnet-eu-west-1b"
            },
            "tags_all": {
              "Name": "gis-pov-dev-private-subnet-eu-west-1b"
            },
            "timeouts": null,
            "vpc_id": "vpc-07cb87fd61b92104c"
          },
          "sensitive_attributes": [],
          "private": "eyJlMmJmYjczMC1lY2FhLTExZTYtOGY4OC0zNDM2M2JjN2M0YzAiOnsiY3JlYXRlIjo2MDAwMDAwMDAwMDAsImRlbGV0ZSI6MTIwMDAwMDAwMDAwMH0sInNjaGVtYV92ZXJzaW9uIjoiMSJ9",
          "dependencies": [
            "module.vpc.aws_vpc.main_vpc"
          ]
        }
      ]
    },
    {
      "module": "module.vpc",
      "mode": "managed",
      "type": "aws_subnet",
      "name": "public_subnet",
      "provider": "provider[\"registry.terraform.io/hashicorp/aws\"]",
      "instances": [
        {
          "index_key": "eu-west-1a",
          "schema_version": 1,
          "attributes": {
            "arn": "arn:aws:ec2:eu-west-1:516371590104:subnet/subnet-04a8d9dbf93237613",
            "assign_ipv6_address_on_creation": false,
            "availability_zone": "eu-west-1a",
            "availability_zone_id": "euw1-az1",
            "cidr_block": "10.0.0.0/24",
            "customer_owned_ipv4_pool": "",
            "enable_dns64": false,
            "enable_resource_name_dns_a_record_on_launch": false,
            "enable_resource_name_dns_aaaa_record_on_launch": false,
            "id": "subnet-04a8d9dbf93237613",
            "ipv6_cidr_block": "",
            "ipv6_cidr_block_association_id": "",
            "ipv6_native": false,
            "map_customer_owned_ip_on_launch": false,
            "map_public_ip_on_launch": true,
            "outpost_arn": "",
            "owner_id": "516371590104",
            "private_dns_hostname_type_on_launch": "ip-name",
            "tags": {
              "Name": "gis-pov-dev-pub-subnet-eu-west-1a"
            },
            "tags_all": {
              "Name": "gis-pov-dev-pub-subnet-eu-west-1a"
            },
            "timeouts": null,
            "vpc_id": "vpc-07cb87fd61b92104c"
          },
          "sensitive_attributes": [],
          "private": "eyJlMmJmYjczMC1lY2FhLTExZTYtOGY4OC0zNDM2M2JjN2M0YzAiOnsiY3JlYXRlIjo2MDAwMDAwMDAwMDAsImRlbGV0ZSI6MTIwMDAwMDAwMDAwMH0sInNjaGVtYV92ZXJzaW9uIjoiMSJ9",
          "dependencies": [
            "module.vpc.aws_vpc.main_vpc"
          ]
        },
        {
          "index_key": "eu-west-1b",
          "schema_version": 1,
          "attributes": {
            "arn": "arn:aws:ec2:eu-west-1:516371590104:subnet/subnet-06850062c67d303b1",
            "assign_ipv6_address_on_creation": false,
            "availability_zone": "eu-west-1b",
            "availability_zone_id": "euw1-az2",
            "cidr_block": "10.0.1.0/24",
            "customer_owned_ipv4_pool": "",
            "enable_dns64": false,
            "enable_resource_name_dns_a_record_on_launch": false,
            "enable_resource_name_dns_aaaa_record_on_launch": false,
            "id": "subnet-06850062c67d303b1",
            "ipv6_cidr_block": "",
            "ipv6_cidr_block_association_id": "",
            "ipv6_native": false,
            "map_customer_owned_ip_on_launch": false,
            "map_public_ip_on_launch": true,
            "outpost_arn": "",
            "owner_id": "516371590104",
            "private_dns_hostname_type_on_launch": "ip-name",
            "tags": {
              "Name": "gis-pov-dev-pub-subnet-eu-west-1b"
            },
            "tags_all": {
              "Name": "gis-pov-dev-pub-subnet-eu-west-1b"
            },
            "timeouts": null,
            "vpc_id": "vpc-07cb87fd61b92104c"
          },
          "sensitive_attributes": [],
          "private": "eyJlMmJmYjczMC1lY2FhLTExZTYtOGY4OC0zNDM2M2JjN2M0YzAiOnsiY3JlYXRlIjo2MDAwMDAwMDAwMDAsImRlbGV0ZSI6MTIwMDAwMDAwMDAwMH0sInNjaGVtYV92ZXJzaW9uIjoiMSJ9",
          "dependencies": [
            "module.vpc.aws_vpc.main_vpc"
          ]
        }
      ]
    },
    {
      "module": "module.vpc",
      "mode": "managed",
      "type": "aws_vpc",
      "name": "main_vpc",
      "provider": "provider[\"registry.terraform.io/hashicorp/aws\"]",
      "instances": [
        {
          "schema_version": 1,
          "attributes": {
            "arn": "arn:aws:ec2:eu-west-1:516371590104:vpc/vpc-07cb87fd61b92104c",
            "assign_generated_ipv6_cidr_block": false,
            "cidr_block": "10.0.0.0/16",
            "default_network_acl_id": "acl-0a3e3062cdc546093",
            "default_route_table_id": "rtb-03cdf337de8427d05",
            "default_security_group_id": "sg-05be8ce0b228714c3",
            "dhcp_options_id": "dopt-03eeb75db6aaaba1f",
            "enable_classiclink": false,
            "enable_classiclink_dns_support": false,
            "enable_dns_hostnames": true,
            "enable_dns_support": true,
            "enable_network_address_usage_metrics": false,
            "id": "vpc-07cb87fd61b92104c",
            "instance_tenancy": "default",
            "ipv4_ipam_pool_id": null,
            "ipv4_netmask_length": null,
            "ipv6_association_id": "",
            "ipv6_cidr_block": "",
            "ipv6_cidr_block_network_border_group": "",
            "ipv6_ipam_pool_id": "",
            "ipv6_netmask_length": 0,
            "main_route_table_id": "rtb-03cdf337de8427d05",
            "owner_id": "516371590104",
            "tags": {
              "Name": "gis-pov-dev-vpc"
            },
            "tags_all": {
              "Name": "gis-pov-dev-vpc"
            }
          },
          "sensitive_attributes": [],
          "private": "eyJzY2hlbWFfdmVyc2lvbiI6IjEifQ=="
        }
      ]
    }
  ],
  "check_results": null
}
