{
  "version": 4,
  "terraform_version": "1.9.8",
  "serial": 682,
  "lineage": "250cc92e-f1ea-4a92-00e8-73b466289eea",
  "outputs": {},
  "resources": [
    {
      "module": "module.alb",
      "mode": "managed",
      "type": "aws_alb",
      "name": "network_load_balancer",
      "provider": "provider[\"registry.terraform.io/hashicorp/aws\"]",
      "instances": [
        {
          "schema_version": 0,
          "attributes": {
            "access_logs": [
              {
                "bucket": "",
                "enabled": false,
                "prefix": ""
              }
            ],
            "arn": "arn:aws:elasticloadbalancing:eu-west-1:516371590104:loadbalancer/net/tf-lb-20250122130434376100000001/02b393258de32f50",
            "arn_suffix": "net/tf-lb-20250122130434376100000001/02b393258de32f50",
            "customer_owned_ipv4_pool": "",
            "desync_mitigation_mode": null,
            "dns_name": "tf-lb-20250122130434376100000001-02b393258de32f50.elb.eu-west-1.amazonaws.com",
            "drop_invalid_header_fields": null,
            "enable_cross_zone_load_balancing": false,
            "enable_deletion_protection": false,
            "enable_http2": null,
            "enable_waf_fail_open": null,
            "id": "arn:aws:elasticloadbalancing:eu-west-1:516371590104:loadbalancer/net/tf-lb-20250122130434376100000001/02b393258de32f50",
            "idle_timeout": null,
            "internal": false,
            "ip_address_type": "ipv4",
            "load_balancer_type": "network",
            "name": "tf-lb-20250122130434376100000001",
            "name_prefix": null,
            "preserve_host_header": null,
            "security_groups": [],
            "subnet_mapping": [
              {
                "allocation_id": "",
                "ipv6_address": "",
                "outpost_id": "",
                "private_ipv4_address": "",
                "subnet_id": "subnet-05f9bfe23c197b615"
              },
              {
                "allocation_id": "",
                "ipv6_address": "",
                "outpost_id": "",
                "private_ipv4_address": "",
                "subnet_id": "subnet-07833ac752ec8d715"
              }
            ],
            "subnets": [
              "subnet-05f9bfe23c197b615",
              "subnet-07833ac752ec8d715"
            ],
            "tags": {
              "Name": "gis-pov-dev-nlb"
            },
            "tags_all": {
              "Name": "gis-pov-dev-nlb"
            },
            "timeouts": null,
            "vpc_id": "vpc-0c9e8d23f77fe7872",
            "zone_id": "Z2IFOLAFXWLO4F"
          },
          "sensitive_attributes": [],
          "private": "eyJlMmJmYjczMC1lY2FhLTExZTYtOGY4OC0zNDM2M2JjN2M0YzAiOnsiY3JlYXRlIjo2MDAwMDAwMDAwMDAsImRlbGV0ZSI6NjAwMDAwMDAwMDAwLCJ1cGRhdGUiOjYwMDAwMDAwMDAwMH19",
          "dependencies": [
            "module.vpc.aws_subnet.public_subnet",
            "module.vpc.aws_vpc.main_vpc"
          ]
        }
      ]
    },
    {
      "module": "module.ecs",
      "mode": "managed",
      "type": "aws_ecs_cluster",
      "name": "cluster",
      "provider": "provider[\"registry.terraform.io/hashicorp/aws\"]",
      "instances": [
        {
          "schema_version": 0,
          "attributes": {
            "arn": "arn:aws:ecs:eu-west-1:516371590104:cluster/gis-pov-dev-cluster",
            "capacity_providers": [],
            "configuration": [],
            "default_capacity_provider_strategy": [],
            "id": "arn:aws:ecs:eu-west-1:516371590104:cluster/gis-pov-dev-cluster",
            "name": "gis-pov-dev-cluster",
            "service_connect_defaults": [],
            "setting": [
              {
                "name": "containerInsights",
                "value": "disabled"
              }
            ],
            "tags": {},
            "tags_all": {}
          },
          "sensitive_attributes": [],
          "private": "bnVsbA=="
        }
      ]
    },
    {
      "module": "module.ecs",
      "mode": "managed",
      "type": "aws_iam_policy",
      "name": "ecs_exec_policy",
      "provider": "provider[\"registry.terraform.io/hashicorp/aws\"]",
      "instances": [
        {
          "schema_version": 0,
          "attributes": {
            "arn": "arn:aws:iam::516371590104:policy/gis-pov-dev-ecs-exec-policy",
            "description": "",
            "id": "arn:aws:iam::516371590104:policy/gis-pov-dev-ecs-exec-policy",
            "name": "gis-pov-dev-ecs-exec-policy",
            "name_prefix": null,
            "path": "/",
            "policy": "{\"Statement\":[{\"Action\":[\"ssmmessages:CreateControlChannel\",\"ssmmessages:CreateDataChannel\",\"ssmmessages:OpenControlChannel\",\"ssmmessages:OpenDataChannel\"],\"Effect\":\"Allow\",\"Resource\":\"*\"}],\"Version\":\"2012-10-17\"}",
            "policy_id": "ANPAXQORFFPMD5GBEMSTT",
            "tags": {},
            "tags_all": {}
          },
          "sensitive_attributes": [],
          "private": "bnVsbA=="
        }
      ]
    },
    {
      "module": "module.ecs",
      "mode": "managed",
      "type": "aws_iam_policy",
      "name": "ecs_task_execution_log_policy",
      "provider": "provider[\"registry.terraform.io/hashicorp/aws\"]",
      "instances": [
        {
          "schema_version": 0,
          "attributes": {
            "arn": "arn:aws:iam::516371590104:policy/gis-pov-dev-ecs-task-execution-log-policy",
            "description": "",
            "id": "arn:aws:iam::516371590104:policy/gis-pov-dev-ecs-task-execution-log-policy",
            "name": "gis-pov-dev-ecs-task-execution-log-policy",
            "name_prefix": null,
            "path": "/",
            "policy": "{\"Statement\":[{\"Action\":[\"logs:CreateLogGroup\",\"logs:CreateLogStream\",\"logs:PutLogEvents\"],\"Effect\":\"Allow\",\"Resource\":\"*\"}],\"Version\":\"2012-10-17\"}",
            "policy_id": "ANPAXQORFFPMDAQIDW4XZ",
            "tags": {},
            "tags_all": {}
          },
          "sensitive_attributes": [],
          "private": "bnVsbA=="
        }
      ]
    },
    {
      "module": "module.ecs",
      "mode": "managed",
      "type": "aws_iam_policy",
      "name": "efs_access_policy",
      "provider": "provider[\"registry.terraform.io/hashicorp/aws\"]",
      "instances": [
        {
          "schema_version": 0,
          "attributes": {
            "arn": "arn:aws:iam::516371590104:policy/gis-pov-dev-efs-access-policy",
            "description": "",
            "id": "arn:aws:iam::516371590104:policy/gis-pov-dev-efs-access-policy",
            "name": "gis-pov-dev-efs-access-policy",
            "name_prefix": null,
            "path": "/",
            "policy": "{\"Statement\":[{\"Action\":[\"elasticfilesystem:ClientMount\",\"elasticfilesystem:ClientWrite\",\"elasticfilesystem:ClientRootAccess\"],\"Effect\":\"Allow\",\"Resource\":\"*\"}],\"Version\":\"2012-10-17\"}",
            "policy_id": "ANPAXQORFFPMFAQSBFFPS",
            "tags": {},
            "tags_all": {}
          },
          "sensitive_attributes": [],
          "private": "bnVsbA=="
        }
      ]
    },
    {
      "module": "module.ecs",
      "mode": "managed",
      "type": "aws_iam_role",
      "name": "ecs_task_execution_role",
      "provider": "provider[\"registry.terraform.io/hashicorp/aws\"]",
      "instances": [
        {
          "schema_version": 0,
          "attributes": {
            "arn": "arn:aws:iam::516371590104:role/gis-pov-dev-ecs-task-execution-role",
            "assume_role_policy": "{\"Statement\":[{\"Action\":\"sts:AssumeRole\",\"Effect\":\"Allow\",\"Principal\":{\"Service\":\"ecs-tasks.amazonaws.com\"}}],\"Version\":\"2012-10-17\"}",
            "create_date": "2025-01-22T10:37:10Z",
            "description": "",
            "force_detach_policies": false,
            "id": "gis-pov-dev-ecs-task-execution-role",
            "inline_policy": [],
            "managed_policy_arns": [
              "arn:aws:iam::516371590104:policy/gis-pov-dev-ecs-exec-policy",
              "arn:aws:iam::516371590104:policy/gis-pov-dev-ecs-task-execution-log-policy",
              "arn:aws:iam::516371590104:policy/gis-pov-dev-efs-access-policy",
              "arn:aws:iam::aws:policy/AmazonEC2ContainerRegistryReadOnly",
              "arn:aws:iam::aws:policy/AmazonSSMManagedInstanceCore",
              "arn:aws:iam::aws:policy/service-role/AmazonECSTaskExecutionRolePolicy"
            ],
            "max_session_duration": 3600,
            "name": "gis-pov-dev-ecs-task-execution-role",
            "name_prefix": "",
            "path": "/",
            "permissions_boundary": null,
            "tags": {
              "Name": "gis-pov-dev-ecs-task-execution-role"
            },
            "tags_all": {
              "Name": "gis-pov-dev-ecs-task-execution-role"
            },
            "unique_id": "AROAXQORFFPMI3VCVEQTM"
          },
          "sensitive_attributes": [],
          "private": "eyJzY2hlbWFfdmVyc2lvbiI6IjAifQ=="
        }
      ]
    },
    {
      "module": "module.ecs",
      "mode": "managed",
      "type": "aws_iam_role",
      "name": "ecs_task_role",
      "provider": "provider[\"registry.terraform.io/hashicorp/aws\"]",
      "instances": [
        {
          "schema_version": 0,
          "attributes": {
            "arn": "arn:aws:iam::516371590104:role/gis-pov-dev-ecs-task-role",
            "assume_role_policy": "{\"Statement\":[{\"Action\":\"sts:AssumeRole\",\"Effect\":\"Allow\",\"Principal\":{\"Service\":\"ecs-tasks.amazonaws.com\"}}],\"Version\":\"2012-10-17\"}",
            "create_date": "2025-01-22T10:37:10Z",
            "description": "",
            "force_detach_policies": false,
            "id": "gis-pov-dev-ecs-task-role",
            "inline_policy": [],
            "managed_policy_arns": [],
            "max_session_duration": 3600,
            "name": "gis-pov-dev-ecs-task-role",
            "name_prefix": "",
            "path": "/",
            "permissions_boundary": null,
            "tags": {
              "Name": "gis-pov-dev-ecs-task-role"
            },
            "tags_all": {
              "Name": "gis-pov-dev-ecs-task-role"
            },
            "unique_id": "AROAXQORFFPMBKYJR437A"
          },
          "sensitive_attributes": [],
          "private": "eyJzY2hlbWFfdmVyc2lvbiI6IjAifQ=="
        }
      ]
    },
    {
      "module": "module.ecs",
      "mode": "managed",
      "type": "aws_iam_role_policy_attachment",
      "name": "ecr_container_access",
      "provider": "provider[\"registry.terraform.io/hashicorp/aws\"]",
      "instances": [
        {
          "schema_version": 0,
          "attributes": {
            "id": "gis-pov-dev-ecs-task-execution-role-20250122132931158800000006",
            "policy_arn": "arn:aws:iam::aws:policy/AmazonEC2ContainerRegistryReadOnly",
            "role": "gis-pov-dev-ecs-task-execution-role"
          },
          "sensitive_attributes": [],
          "private": "bnVsbA==",
          "dependencies": [
            "module.ecs.aws_iam_role.ecs_task_execution_role"
          ]
        }
      ]
    },
    {
      "module": "module.ecs",
      "mode": "managed",
      "type": "aws_iam_role_policy_attachment",
      "name": "ecs_exec_policy_attachment",
      "provider": "provider[\"registry.terraform.io/hashicorp/aws\"]",
      "instances": [
        {
          "schema_version": 0,
          "attributes": {
            "id": "gis-pov-dev-ecs-task-execution-role-20250122132931152100000005",
            "policy_arn": "arn:aws:iam::516371590104:policy/gis-pov-dev-ecs-exec-policy",
            "role": "gis-pov-dev-ecs-task-execution-role"
          },
          "sensitive_attributes": [],
          "private": "bnVsbA==",
          "dependencies": [
            "module.ecs.aws_iam_policy.ecs_exec_policy",
            "module.ecs.aws_iam_role.ecs_task_execution_role"
          ]
        }
      ]
    },
    {
      "module": "module.ecs",
      "mode": "managed",
      "type": "aws_iam_role_policy_attachment",
      "name": "ecs_task_execution_log_policy_attachment",
      "provider": "provider[\"registry.terraform.io/hashicorp/aws\"]",
      "instances": [
        {
          "schema_version": 0,
          "attributes": {
            "id": "gis-pov-dev-ecs-task-execution-role-20250122132930980500000002",
            "policy_arn": "arn:aws:iam::516371590104:policy/gis-pov-dev-ecs-task-execution-log-policy",
            "role": "gis-pov-dev-ecs-task-execution-role"
          },
          "sensitive_attributes": [],
          "private": "bnVsbA==",
          "dependencies": [
            "module.ecs.aws_iam_policy.ecs_task_execution_log_policy",
            "module.ecs.aws_iam_role.ecs_task_execution_role"
          ]
        }
      ]
    },
    {
      "module": "module.ecs",
      "mode": "managed",
      "type": "aws_iam_role_policy_attachment",
      "name": "ecs_task_execution_policy",
      "provider": "provider[\"registry.terraform.io/hashicorp/aws\"]",
      "instances": [
        {
          "schema_version": 0,
          "attributes": {
            "id": "gis-pov-dev-ecs-task-execution-role-20250122132931006800000003",
            "policy_arn": "arn:aws:iam::aws:policy/service-role/AmazonECSTaskExecutionRolePolicy",
            "role": "gis-pov-dev-ecs-task-execution-role"
          },
          "sensitive_attributes": [],
          "private": "bnVsbA==",
          "dependencies": [
            "module.ecs.aws_iam_role.ecs_task_execution_role"
          ]
        }
      ]
    },
    {
      "module": "module.ecs",
      "mode": "managed",
      "type": "aws_iam_role_policy_attachment",
      "name": "efs_access_policy_attachment",
      "provider": "provider[\"registry.terraform.io/hashicorp/aws\"]",
      "instances": [
        {
          "schema_version": 0,
          "attributes": {
            "id": "gis-pov-dev-ecs-task-execution-role-20250122132930977200000001",
            "policy_arn": "arn:aws:iam::516371590104:policy/gis-pov-dev-efs-access-policy",
            "role": "gis-pov-dev-ecs-task-execution-role"
          },
          "sensitive_attributes": [],
          "private": "bnVsbA==",
          "dependencies": [
            "module.ecs.aws_iam_policy.efs_access_policy",
            "module.ecs.aws_iam_role.ecs_task_execution_role"
          ]
        }
      ]
    },
    {
      "module": "module.ecs",
      "mode": "managed",
      "type": "aws_iam_role_policy_attachment",
      "name": "ssm_managed_instance_policy",
      "provider": "provider[\"registry.terraform.io/hashicorp/aws\"]",
      "instances": [
        {
          "schema_version": 0,
          "attributes": {
            "id": "gis-pov-dev-ecs-task-execution-role-20250122132931045800000004",
            "policy_arn": "arn:aws:iam::aws:policy/AmazonSSMManagedInstanceCore",
            "role": "gis-pov-dev-ecs-task-execution-role"
          },
          "sensitive_attributes": [],
          "private": "bnVsbA==",
          "dependencies": [
            "module.ecs.aws_iam_role.ecs_task_execution_role"
          ]
        }
      ]
    },
    {
      "module": "module.ecs.module.nodered",
      "mode": "managed",
      "type": "aws_cloudwatch_log_group",
      "name": "nodered_log_group",
      "provider": "provider[\"registry.terraform.io/hashicorp/aws\"]",
      "instances": [
        {
          "schema_version": 0,
          "attributes": {
            "arn": "arn:aws:logs:eu-west-1:516371590104:log-group:/ecs/gis-pov-dev-nodered",
            "id": "/ecs/gis-pov-dev-nodered",
            "kms_key_id": "",
            "name": "/ecs/gis-pov-dev-nodered",
            "name_prefix": "",
            "retention_in_days": 7,
            "skip_destroy": null,
            "tags": {
              "Name": "gis-pov-dev-nodered-log-group"
            },
            "tags_all": {
              "Name": "gis-pov-dev-nodered-log-group"
            }
          },
          "sensitive_attributes": [],
          "private": "eyJzY2hlbWFfdmVyc2lvbiI6IjAifQ=="
        }
      ]
    },
    {
      "module": "module.ecs.module.nodered",
      "mode": "managed",
      "type": "aws_ecs_service",
      "name": "nodered_service",
      "provider": "provider[\"registry.terraform.io/hashicorp/aws\"]",
      "instances": [
        {
          "schema_version": 0,
          "attributes": {
            "alarms": [],
            "capacity_provider_strategy": [],
            "cluster": "arn:aws:ecs:eu-west-1:516371590104:cluster/gis-pov-dev-cluster",
            "deployment_circuit_breaker": [
              {
                "enable": false,
                "rollback": false
              }
            ],
            "deployment_controller": [
              {
                "type": "ECS"
              }
            ],
            "deployment_maximum_percent": 200,
            "deployment_minimum_healthy_percent": 100,
            "desired_count": 1,
            "enable_ecs_managed_tags": false,
            "enable_execute_command": true,
            "force_new_deployment": null,
            "health_check_grace_period_seconds": 0,
            "iam_role": "aws-service-role",
            "id": "arn:aws:ecs:eu-west-1:516371590104:service/gis-pov-dev-cluster/gis-pov-dev-nodered-service",
            "launch_type": "FARGATE",
            "load_balancer": [
              {
                "container_name": "nodered",
                "container_port": 1880,
                "elb_name": "",
                "target_group_arn": "arn:aws:elasticloadbalancing:eu-west-1:516371590104:targetgroup/gis-pov-dev-nred-tg/6f945b9300079dc4"
              }
            ],
            "name": "gis-pov-dev-nodered-service",
            "network_configuration": [
              {
                "assign_public_ip": false,
                "security_groups": [
                  "sg-0e678053edecdfd46"
                ],
                "subnets": [
                  "subnet-0006f3e4e7b7d2fcf",
                  "subnet-003cddfe37b8fff0e"
                ]
              }
            ],
            "ordered_placement_strategy": [],
            "placement_constraints": [],
            "platform_version": "LATEST",
            "propagate_tags": "NONE",
            "scheduling_strategy": "REPLICA",
            "service_connect_configuration": [],
            "service_registries": [],
            "tags": {},
            "tags_all": {},
            "task_definition": "arn:aws:ecs:eu-west-1:516371590104:task-definition/gis-pov-dev-nodered-task:46",
            "timeouts": null,
            "triggers": {},
            "wait_for_steady_state": false
          },
          "sensitive_attributes": [],
          "private": "eyJlMmJmYjczMC1lY2FhLTExZTYtOGY4OC0zNDM2M2JjN2M0YzAiOnsiY3JlYXRlIjoxMjAwMDAwMDAwMDAwLCJkZWxldGUiOjEyMDAwMDAwMDAwMDAsInVwZGF0ZSI6MTIwMDAwMDAwMDAwMH19",
          "dependencies": [
            "module.alb.aws_alb.network_load_balancer",
            "module.ecs.aws_ecs_cluster.cluster",
            "module.ecs.aws_iam_role.ecs_task_execution_role",
            "module.ecs.aws_iam_role.ecs_task_role",
            "module.ecs.module.nodered.aws_cloudwatch_log_group.nodered_log_group",
            "module.ecs.module.nodered.aws_ecs_task_definition.nodered_task",
            "module.ecs.module.nodered.aws_efs_access_point.nodered_data_efs_access_point",
            "module.ecs.module.nodered.aws_lb_target_group.ecs_nodered_target_group",
            "module.ecs.module.nodered.aws_security_group.nodered_security_group",
            "module.efs.aws_efs_file_system.main_efs",
            "module.vpc.aws_subnet.private_subnet",
            "module.vpc.aws_subnet.public_subnet",
            "module.vpc.aws_vpc.main_vpc"
          ]
        }
      ]
    },
    {
      "module": "module.ecs.module.nodered",
      "mode": "managed",
      "type": "aws_ecs_task_definition",
      "name": "nodered_task",
      "provider": "provider[\"registry.terraform.io/hashicorp/aws\"]",
      "instances": [
        {
          "schema_version": 1,
          "attributes": {
            "arn": "arn:aws:ecs:eu-west-1:516371590104:task-definition/gis-pov-dev-nodered-task:46",
            "container_definitions": "[{\"cpu\":0,\"environment\":[{\"name\":\"LOAD_BALANCER_DNS_NAME\",\"value\":\"tf-lb-20250122130434376100000001-02b393258de32f50.elb.eu-west-1.amazonaws.com\"}],\"essential\":true,\"image\":\"516371590104.dkr.ecr.eu-west-1.amazonaws.com/gis-nodered:1.6\",\"logConfiguration\":{\"logDriver\":\"awslogs\",\"options\":{\"awslogs-group\":\"/ecs/gis-pov-dev-nodered\",\"awslogs-region\":\"eu-west-1\",\"awslogs-stream-prefix\":\"ecs\"}},\"mountPoints\":[{\"containerPath\":\"/data\",\"readOnly\":false,\"sourceVolume\":\"nodered-data\"}],\"name\":\"nodered\",\"portMappings\":[{\"containerPort\":1880,\"hostPort\":1880,\"protocol\":\"tcp\"}],\"systemControls\":[],\"volumesFrom\":[]}]",
            "cpu": "512",
            "ephemeral_storage": [],
            "execution_role_arn": "arn:aws:iam::516371590104:role/gis-pov-dev-ecs-task-execution-role",
            "family": "gis-pov-dev-nodered-task",
            "id": "gis-pov-dev-nodered-task",
            "inference_accelerator": [],
            "ipc_mode": "",
            "memory": "1024",
            "network_mode": "awsvpc",
            "pid_mode": "",
            "placement_constraints": [],
            "proxy_configuration": [],
            "requires_compatibilities": [
              "FARGATE"
            ],
            "revision": 46,
            "runtime_platform": [],
            "skip_destroy": false,
            "tags": null,
            "tags_all": {},
            "task_role_arn": "arn:aws:iam::516371590104:role/gis-pov-dev-ecs-task-role",
            "volume": [
              {
                "docker_volume_configuration": [],
                "efs_volume_configuration": [
                  {
                    "authorization_config": [
                      {
                        "access_point_id": "fsap-0dcb7a06a2e81c1d6",
                        "iam": "ENABLED"
                      }
                    ],
                    "file_system_id": "fs-07fa5baae76978bc7",
                    "root_directory": "/nodered",
                    "transit_encryption": "ENABLED",
                    "transit_encryption_port": null
                  }
                ],
                "fsx_windows_file_server_volume_configuration": [],
                "host_path": "",
                "name": "nodered-data"
              }
            ]
          },
          "sensitive_attributes": [],
          "private": "eyJzY2hlbWFfdmVyc2lvbiI6IjEifQ==",
          "dependencies": [
            "module.alb.aws_alb.network_load_balancer",
            "module.ecs.aws_iam_role.ecs_task_execution_role",
            "module.ecs.aws_iam_role.ecs_task_role",
            "module.ecs.module.nodered.aws_cloudwatch_log_group.nodered_log_group",
            "module.ecs.module.nodered.aws_efs_access_point.nodered_data_efs_access_point",
            "module.efs.aws_efs_file_system.main_efs",
            "module.vpc.aws_subnet.public_subnet",
            "module.vpc.aws_vpc.main_vpc"
          ]
        }
      ]
    },
    {
      "module": "module.ecs.module.nodered",
      "mode": "managed",
      "type": "aws_efs_access_point",
      "name": "nodered_data_efs_access_point",
      "provider": "provider[\"registry.terraform.io/hashicorp/aws\"]",
      "instances": [
        {
          "schema_version": 0,
          "attributes": {
            "arn": "arn:aws:elasticfilesystem:eu-west-1:516371590104:access-point/fsap-0dcb7a06a2e81c1d6",
            "file_system_arn": "arn:aws:elasticfilesystem:eu-west-1:516371590104:file-system/fs-07fa5baae76978bc7",
            "file_system_id": "fs-07fa5baae76978bc7",
            "id": "fsap-0dcb7a06a2e81c1d6",
            "owner_id": "516371590104",
            "posix_user": [
              {
                "gid": 1000,
                "secondary_gids": [],
                "uid": 1000
              }
            ],
            "root_directory": [
              {
                "creation_info": [
                  {
                    "owner_gid": 1000,
                    "owner_uid": 1000,
                    "permissions": "0755"
                  }
                ],
                "path": "/nodered"
              }
            ],
            "tags": {
              "Name": "gis-pov-dev-nodered-data-efs-access-point"
            },
            "tags_all": {
              "Name": "gis-pov-dev-nodered-data-efs-access-point"
            }
          },
          "sensitive_attributes": [],
          "private": "bnVsbA==",
          "dependencies": [
            "module.efs.aws_efs_file_system.main_efs"
          ]
        }
      ]
    },
    {
      "module": "module.ecs.module.nodered",
      "mode": "managed",
      "type": "aws_lb_listener",
      "name": "nodered_nlb_listener",
      "provider": "provider[\"registry.terraform.io/hashicorp/aws\"]",
      "instances": [
        {
          "schema_version": 0,
          "attributes": {
            "alpn_policy": null,
            "arn": "arn:aws:elasticloadbalancing:eu-west-1:516371590104:listener/net/tf-lb-20250122130434376100000001/02b393258de32f50/823a41c76a725349",
            "certificate_arn": null,
            "default_action": [
              {
                "authenticate_cognito": [],
                "authenticate_oidc": [],
                "fixed_response": [],
                "forward": [],
                "order": 1,
                "redirect": [],
                "target_group_arn": "arn:aws:elasticloadbalancing:eu-west-1:516371590104:targetgroup/gis-pov-dev-nred-tg/6f945b9300079dc4",
                "type": "forward"
              }
            ],
            "id": "arn:aws:elasticloadbalancing:eu-west-1:516371590104:listener/net/tf-lb-20250122130434376100000001/02b393258de32f50/823a41c76a725349",
            "load_balancer_arn": "arn:aws:elasticloadbalancing:eu-west-1:516371590104:loadbalancer/net/tf-lb-20250122130434376100000001/02b393258de32f50",
            "port": 1880,
            "protocol": "TCP",
            "ssl_policy": "",
            "tags": {},
            "tags_all": {},
            "timeouts": null
          },
          "sensitive_attributes": [],
          "private": "eyJlMmJmYjczMC1lY2FhLTExZTYtOGY4OC0zNDM2M2JjN2M0YzAiOnsicmVhZCI6NjAwMDAwMDAwMDAwfX0=",
          "dependencies": [
            "module.alb.aws_alb.network_load_balancer",
            "module.ecs.module.nodered.aws_lb_target_group.ecs_nodered_target_group",
            "module.vpc.aws_subnet.public_subnet",
            "module.vpc.aws_vpc.main_vpc"
          ]
        }
      ]
    },
    {
      "module": "module.ecs.module.nodered",
      "mode": "managed",
      "type": "aws_lb_target_group",
      "name": "ecs_nodered_target_group",
      "provider": "provider[\"registry.terraform.io/hashicorp/aws\"]",
      "instances": [
        {
          "schema_version": 0,
          "attributes": {
            "arn": "arn:aws:elasticloadbalancing:eu-west-1:516371590104:targetgroup/gis-pov-dev-nred-tg/6f945b9300079dc4",
            "arn_suffix": "targetgroup/gis-pov-dev-nred-tg/6f945b9300079dc4",
            "connection_termination": false,
            "deregistration_delay": "300",
            "health_check": [
              {
                "enabled": true,
                "healthy_threshold": 5,
                "interval": 30,
                "matcher": "",
                "path": "",
                "port": "traffic-port",
                "protocol": "TCP",
                "timeout": 10,
                "unhealthy_threshold": 2
              }
            ],
            "id": "arn:aws:elasticloadbalancing:eu-west-1:516371590104:targetgroup/gis-pov-dev-nred-tg/6f945b9300079dc4",
            "ip_address_type": "ipv4",
            "lambda_multi_value_headers_enabled": false,
            "load_balancing_algorithm_type": null,
            "name": "gis-pov-dev-nred-tg",
            "name_prefix": null,
            "port": 1880,
            "preserve_client_ip": "false",
            "protocol": "TCP",
            "protocol_version": null,
            "proxy_protocol_v2": false,
            "slow_start": 0,
            "stickiness": [
              {
                "cookie_duration": 0,
                "cookie_name": "",
                "enabled": false,
                "type": "source_ip"
              }
            ],
            "tags": {
              "Name": "gis-pov-devnodered-tg"
            },
            "tags_all": {
              "Name": "gis-pov-devnodered-tg"
            },
            "target_failover": [
              {
                "on_deregistration": null,
                "on_unhealthy": null
              }
            ],
            "target_type": "ip",
            "vpc_id": "vpc-0c9e8d23f77fe7872"
          },
          "sensitive_attributes": [],
          "private": "bnVsbA==",
          "dependencies": [
            "module.vpc.aws_vpc.main_vpc"
          ]
        }
      ]
    },
    {
      "module": "module.ecs.module.nodered",
      "mode": "managed",
      "type": "aws_security_group",
      "name": "nodered_security_group",
      "provider": "provider[\"registry.terraform.io/hashicorp/aws\"]",
      "instances": [
        {
          "schema_version": 1,
          "attributes": {
            "arn": "arn:aws:ec2:eu-west-1:516371590104:security-group/sg-0e678053edecdfd46",
            "description": "Managed by Terraform",
            "egress": [
              {
                "cidr_blocks": [
                  "0.0.0.0/0"
                ],
                "description": "",
                "from_port": 0,
                "ipv6_cidr_blocks": [],
                "prefix_list_ids": [],
                "protocol": "-1",
                "security_groups": [],
                "self": false,
                "to_port": 0
              }
            ],
            "id": "sg-0e678053edecdfd46",
            "ingress": [
              {
                "cidr_blocks": [
                  "0.0.0.0/0"
                ],
                "description": "",
                "from_port": 1880,
                "ipv6_cidr_blocks": [],
                "prefix_list_ids": [],
                "protocol": "tcp",
                "security_groups": [],
                "self": false,
                "to_port": 1880
              }
            ],
            "name": "terraform-2025012212482012640000000a",
            "name_prefix": "terraform-",
            "owner_id": "516371590104",
            "revoke_rules_on_delete": false,
            "tags": {
              "Name": "gis-pov-dev-nodered-sg"
            },
            "tags_all": {
              "Name": "gis-pov-dev-nodered-sg"
            },
            "timeouts": null,
            "vpc_id": "vpc-0c9e8d23f77fe7872"
          },
          "sensitive_attributes": [],
          "private": "eyJlMmJmYjczMC1lY2FhLTExZTYtOGY4OC0zNDM2M2JjN2M0YzAiOnsiY3JlYXRlIjo2MDAwMDAwMDAwMDAsImRlbGV0ZSI6OTAwMDAwMDAwMDAwfSwic2NoZW1hX3ZlcnNpb24iOiIxIn0=",
          "dependencies": [
            "module.vpc.aws_vpc.main_vpc"
          ]
        }
      ]
    },
    {
      "module": "module.ecs.module.spark",
      "mode": "managed",
      "type": "aws_cloudwatch_log_group",
      "name": "spark_master_log_group",
      "provider": "provider[\"registry.terraform.io/hashicorp/aws\"]",
      "instances": [
        {
          "schema_version": 0,
          "attributes": {
            "arn": "arn:aws:logs:eu-west-1:516371590104:log-group:/ecs/gis-pov-dev-spark-master",
            "id": "/ecs/gis-pov-dev-spark-master",
            "kms_key_id": "",
            "name": "/ecs/gis-pov-dev-spark-master",
            "name_prefix": "",
            "retention_in_days": 7,
            "skip_destroy": null,
            "tags": {
              "Name": "gis-pov-dev-spark-master-log-group"
            },
            "tags_all": {
              "Name": "gis-pov-dev-spark-master-log-group"
            }
          },
          "sensitive_attributes": [],
          "private": "eyJzY2hlbWFfdmVyc2lvbiI6IjAifQ=="
        }
      ]
    },
    {
      "module": "module.ecs.module.spark",
      "mode": "managed",
      "type": "aws_cloudwatch_log_group",
      "name": "spark_worker_log_group",
      "provider": "provider[\"registry.terraform.io/hashicorp/aws\"]",
      "instances": [
        {
          "schema_version": 0,
          "attributes": {
            "arn": "arn:aws:logs:eu-west-1:516371590104:log-group:/ecs/gis-pov-dev-spark-worker",
            "id": "/ecs/gis-pov-dev-spark-worker",
            "kms_key_id": "",
            "name": "/ecs/gis-pov-dev-spark-worker",
            "name_prefix": "",
            "retention_in_days": 7,
            "skip_destroy": null,
            "tags": {
              "Name": "gis-pov-dev-spark-worker-log-group"
            },
            "tags_all": {
              "Name": "gis-pov-dev-spark-worker-log-group"
            }
          },
          "sensitive_attributes": [],
          "private": "eyJzY2hlbWFfdmVyc2lvbiI6IjAifQ=="
        }
      ]
    },
    {
      "module": "module.ecs.module.spark",
      "mode": "managed",
      "type": "aws_ecs_service",
      "name": "spark_master_service",
      "provider": "provider[\"registry.terraform.io/hashicorp/aws\"]",
      "instances": [
        {
          "schema_version": 0,
          "attributes": {
            "alarms": [],
            "capacity_provider_strategy": [],
            "cluster": "arn:aws:ecs:eu-west-1:516371590104:cluster/gis-pov-dev-cluster",
            "deployment_circuit_breaker": [
              {
                "enable": false,
                "rollback": false
              }
            ],
            "deployment_controller": [
              {
                "type": "ECS"
              }
            ],
            "deployment_maximum_percent": 200,
            "deployment_minimum_healthy_percent": 100,
            "desired_count": 1,
            "enable_ecs_managed_tags": false,
            "enable_execute_command": false,
            "force_new_deployment": null,
            "health_check_grace_period_seconds": 0,
            "iam_role": "aws-service-role",
            "id": "arn:aws:ecs:eu-west-1:516371590104:service/gis-pov-dev-cluster/gis-pov-dev-spark-master-service",
            "launch_type": "FARGATE",
            "load_balancer": [
              {
                "container_name": "spark_master",
                "container_port": 18080,
                "elb_name": "",
                "target_group_arn": "arn:aws:elasticloadbalancing:eu-west-1:516371590104:targetgroup/gis-pov-dev-spark-history-tg/87f1c3eec5eefdbd"
              },
              {
                "container_name": "spark_master",
                "container_port": 6066,
                "elb_name": "",
                "target_group_arn": "arn:aws:elasticloadbalancing:eu-west-1:516371590104:targetgroup/gis-pov-dev-spark-api-tg/d299894606df0e49"
              },
              {
                "container_name": "spark_master",
                "container_port": 8080,
                "elb_name": "",
                "target_group_arn": "arn:aws:elasticloadbalancing:eu-west-1:516371590104:targetgroup/gis-pov-dev-spark-master-ui-tg/7bf54b79d4a65286"
              }
            ],
            "name": "gis-pov-dev-spark-master-service",
            "network_configuration": [
              {
                "assign_public_ip": false,
                "security_groups": [
                  "sg-026a2a4e2724002be"
                ],
                "subnets": [
                  "subnet-0006f3e4e7b7d2fcf",
                  "subnet-003cddfe37b8fff0e"
                ]
              }
            ],
            "ordered_placement_strategy": [],
            "placement_constraints": [],
            "platform_version": "LATEST",
            "propagate_tags": "NONE",
            "scheduling_strategy": "REPLICA",
            "service_connect_configuration": [],
            "service_registries": [
              {
                "container_name": "",
                "container_port": 0,
                "port": 0,
                "registry_arn": "arn:aws:servicediscovery:eu-west-1:516371590104:service/srv-tj7iitfr3n7ohp7v"
              }
            ],
            "tags": {},
            "tags_all": {},
            "task_definition": "arn:aws:ecs:eu-west-1:516371590104:task-definition/gis-pov-dev-spark-master-task:37",
            "timeouts": null,
            "triggers": {},
            "wait_for_steady_state": false
          },
          "sensitive_attributes": [],
          "private": "eyJlMmJmYjczMC1lY2FhLTExZTYtOGY4OC0zNDM2M2JjN2M0YzAiOnsiY3JlYXRlIjoxMjAwMDAwMDAwMDAwLCJkZWxldGUiOjEyMDAwMDAwMDAwMDAsInVwZGF0ZSI6MTIwMDAwMDAwMDAwMH19",
          "dependencies": [
            "module.ecs.aws_ecs_cluster.cluster",
            "module.ecs.aws_iam_role.ecs_task_execution_role",
            "module.ecs.aws_iam_role.ecs_task_role",
            "module.ecs.module.spark.aws_cloudwatch_log_group.spark_master_log_group",
            "module.ecs.module.spark.aws_cloudwatch_log_group.spark_worker_log_group",
            "module.ecs.module.spark.aws_ecs_service.spark_worker_service",
            "module.ecs.module.spark.aws_ecs_task_definition.spark_master_task",
            "module.ecs.module.spark.aws_ecs_task_definition.spark_worker_task",
            "module.ecs.module.spark.aws_efs_access_point.spark_etc_efs_access_point",
            "module.ecs.module.spark.aws_lb_target_group.ecs_spark_history_target_group",
            "module.ecs.module.spark.aws_lb_target_group.ecs_spark_master_api_target_group",
            "module.ecs.module.spark.aws_lb_target_group.ecs_spark_master_ui_target_group",
            "module.ecs.module.spark.aws_security_group.spark_master_security_group",
            "module.ecs.module.spark.aws_security_group.spark_worker_security_group",
            "module.ecs.module.spark.aws_service_discovery_private_dns_namespace.spark_ns",
            "module.ecs.module.spark.aws_service_discovery_service.spark_master_sd",
            "module.efs.aws_efs_file_system.main_efs",
            "module.vpc.aws_subnet.private_subnet",
            "module.vpc.aws_vpc.main_vpc"
          ]
        }
      ]
    },
    {
      "module": "module.ecs.module.spark",
      "mode": "managed",
      "type": "aws_ecs_service",
      "name": "spark_worker_service",
      "provider": "provider[\"registry.terraform.io/hashicorp/aws\"]",
      "instances": [
        {
          "schema_version": 0,
          "attributes": {
            "alarms": [],
            "capacity_provider_strategy": [],
            "cluster": "arn:aws:ecs:eu-west-1:516371590104:cluster/gis-pov-dev-cluster",
            "deployment_circuit_breaker": [
              {
                "enable": false,
                "rollback": false
              }
            ],
            "deployment_controller": [
              {
                "type": "ECS"
              }
            ],
            "deployment_maximum_percent": 200,
            "deployment_minimum_healthy_percent": 100,
            "desired_count": 4,
            "enable_ecs_managed_tags": false,
            "enable_execute_command": false,
            "force_new_deployment": null,
            "health_check_grace_period_seconds": 0,
            "iam_role": "aws-service-role",
            "id": "arn:aws:ecs:eu-west-1:516371590104:service/gis-pov-dev-cluster/gis-pov-dev-spark-worker-service",
            "launch_type": "FARGATE",
            "load_balancer": [],
            "name": "gis-pov-dev-spark-worker-service",
            "network_configuration": [
              {
                "assign_public_ip": false,
                "security_groups": [
                  "sg-0b80f6cbf54b94baa"
                ],
                "subnets": [
                  "subnet-0006f3e4e7b7d2fcf",
                  "subnet-003cddfe37b8fff0e"
                ]
              }
            ],
            "ordered_placement_strategy": [],
            "placement_constraints": [],
            "platform_version": "LATEST",
            "propagate_tags": "NONE",
            "scheduling_strategy": "REPLICA",
            "service_connect_configuration": [],
            "service_registries": [],
            "tags": {},
            "tags_all": {},
            "task_definition": "arn:aws:ecs:eu-west-1:516371590104:task-definition/gis-pov-dev-spark-worker-task:37",
            "timeouts": null,
            "triggers": {},
            "wait_for_steady_state": false
          },
          "sensitive_attributes": [],
          "private": "eyJlMmJmYjczMC1lY2FhLTExZTYtOGY4OC0zNDM2M2JjN2M0YzAiOnsiY3JlYXRlIjoxMjAwMDAwMDAwMDAwLCJkZWxldGUiOjEyMDAwMDAwMDAwMDAsInVwZGF0ZSI6MTIwMDAwMDAwMDAwMH19",
          "dependencies": [
            "module.ecs.aws_ecs_cluster.cluster",
            "module.ecs.aws_iam_role.ecs_task_execution_role",
            "module.ecs.aws_iam_role.ecs_task_role",
            "module.ecs.module.spark.aws_cloudwatch_log_group.spark_worker_log_group",
            "module.ecs.module.spark.aws_ecs_task_definition.spark_worker_task",
            "module.ecs.module.spark.aws_efs_access_point.spark_etc_efs_access_point",
            "module.ecs.module.spark.aws_security_group.spark_master_security_group",
            "module.ecs.module.spark.aws_security_group.spark_worker_security_group",
            "module.efs.aws_efs_file_system.main_efs",
            "module.vpc.aws_subnet.private_subnet",
            "module.vpc.aws_vpc.main_vpc"
          ]
        }
      ]
    },
    {
      "module": "module.ecs.module.spark",
      "mode": "managed",
      "type": "aws_ecs_task_definition",
      "name": "spark_master_task",
      "provider": "provider[\"registry.terraform.io/hashicorp/aws\"]",
      "instances": [
        {
          "schema_version": 1,
          "attributes": {
            "arn": "arn:aws:ecs:eu-west-1:516371590104:task-definition/gis-pov-dev-spark-master-task:37",
            "container_definitions": "[{\"cpu\":0,\"environment\":[{\"name\":\"SPARK_HISTORY_PORT\",\"value\":\"18080\"},{\"name\":\"SPARK_MASTER_OPTS\",\"value\":\"-Dspark.master.rest.enabled=true -Dspark.master.rest.port=6066 -Dspark.ui.reverseProxy=true\"},{\"name\":\"spark_cluster_port\",\"value\":\"7077\"},{\"name\":\"spark_master_ui_port\",\"value\":\"8080\"}],\"essential\":true,\"image\":\"bitnami/spark:latest\",\"logConfiguration\":{\"logDriver\":\"awslogs\",\"options\":{\"awslogs-group\":\"/ecs/gis-pov-dev-spark-master\",\"awslogs-region\":\"eu-west-1\",\"awslogs-stream-prefix\":\"ecs\"}},\"mountPoints\":[{\"containerPath\":\"/spark\",\"readOnly\":false,\"sourceVolume\":\"spark-data\"}],\"name\":\"spark_master\",\"portMappings\":[{\"containerPort\":7077,\"hostPort\":7077,\"protocol\":\"tcp\"},{\"containerPort\":8080,\"hostPort\":8080,\"protocol\":\"tcp\"},{\"containerPort\":6066,\"hostPort\":6066,\"protocol\":\"tcp\"},{\"containerPort\":18080,\"hostPort\":18080,\"protocol\":\"tcp\"}],\"systemControls\":[],\"volumesFrom\":[]}]",
            "cpu": "512",
            "ephemeral_storage": [],
            "execution_role_arn": "arn:aws:iam::516371590104:role/gis-pov-dev-ecs-task-execution-role",
            "family": "gis-pov-dev-spark-master-task",
            "id": "gis-pov-dev-spark-master-task",
            "inference_accelerator": [],
            "ipc_mode": "",
            "memory": "1024",
            "network_mode": "awsvpc",
            "pid_mode": "",
            "placement_constraints": [],
            "proxy_configuration": [],
            "requires_compatibilities": [
              "FARGATE"
            ],
            "revision": 37,
            "runtime_platform": [],
            "skip_destroy": false,
            "tags": null,
            "tags_all": {},
            "task_role_arn": "arn:aws:iam::516371590104:role/gis-pov-dev-ecs-task-role",
            "volume": [
              {
                "docker_volume_configuration": [],
                "efs_volume_configuration": [
                  {
                    "authorization_config": [
                      {
                        "access_point_id": "fsap-040fcd91ad28ec30a",
                        "iam": "ENABLED"
                      }
                    ],
                    "file_system_id": "fs-07fa5baae76978bc7",
                    "root_directory": "/spark",
                    "transit_encryption": "ENABLED",
                    "transit_encryption_port": null
                  }
                ],
                "fsx_windows_file_server_volume_configuration": [],
                "host_path": "",
                "name": "spark-data"
              }
            ]
          },
          "sensitive_attributes": [],
          "private": "eyJzY2hlbWFfdmVyc2lvbiI6IjEifQ==",
          "dependencies": [
            "module.ecs.aws_iam_role.ecs_task_execution_role",
            "module.ecs.aws_iam_role.ecs_task_role",
            "module.ecs.module.spark.aws_cloudwatch_log_group.spark_master_log_group",
            "module.ecs.module.spark.aws_efs_access_point.spark_etc_efs_access_point",
            "module.efs.aws_efs_file_system.main_efs"
          ]
        }
      ]
    },
    {
      "module": "module.ecs.module.spark",
      "mode": "managed",
      "type": "aws_ecs_task_definition",
      "name": "spark_worker_task",
      "provider": "provider[\"registry.terraform.io/hashicorp/aws\"]",
      "instances": [
        {
          "schema_version": 1,
          "attributes": {
            "arn": "arn:aws:ecs:eu-west-1:516371590104:task-definition/gis-pov-dev-spark-worker-task:37",
            "container_definitions": "[{\"cpu\":0,\"environment\":[{\"name\":\"SPARK_MASTER_URL\",\"value\":\"spark://spark-master.spark.local:7077\"},{\"name\":\"SPARK_MODE\",\"value\":\"worker\"}],\"essential\":true,\"image\":\"bitnami/spark:latest\",\"logConfiguration\":{\"logDriver\":\"awslogs\",\"options\":{\"awslogs-group\":\"/ecs/gis-pov-dev-spark-worker\",\"awslogs-region\":\"eu-west-1\",\"awslogs-stream-prefix\":\"ecs\"}},\"mountPoints\":[{\"containerPath\":\"/spark\",\"readOnly\":false,\"sourceVolume\":\"spark-data\"}],\"name\":\"spark_worker\",\"portMappings\":[{\"containerPort\":7077,\"hostPort\":7077,\"protocol\":\"tcp\"},{\"containerPort\":8080,\"hostPort\":8080,\"protocol\":\"tcp\"}],\"systemControls\":[],\"volumesFrom\":[]}]",
            "cpu": "512",
            "ephemeral_storage": [],
            "execution_role_arn": "arn:aws:iam::516371590104:role/gis-pov-dev-ecs-task-execution-role",
            "family": "gis-pov-dev-spark-worker-task",
            "id": "gis-pov-dev-spark-worker-task",
            "inference_accelerator": [],
            "ipc_mode": "",
            "memory": "1024",
            "network_mode": "awsvpc",
            "pid_mode": "",
            "placement_constraints": [],
            "proxy_configuration": [],
            "requires_compatibilities": [
              "FARGATE"
            ],
            "revision": 37,
            "runtime_platform": [],
            "skip_destroy": false,
            "tags": null,
            "tags_all": {},
            "task_role_arn": "arn:aws:iam::516371590104:role/gis-pov-dev-ecs-task-role",
            "volume": [
              {
                "docker_volume_configuration": [],
                "efs_volume_configuration": [
                  {
                    "authorization_config": [
                      {
                        "access_point_id": "fsap-040fcd91ad28ec30a",
                        "iam": "ENABLED"
                      }
                    ],
                    "file_system_id": "fs-07fa5baae76978bc7",
                    "root_directory": "/spark",
                    "transit_encryption": "ENABLED",
                    "transit_encryption_port": null
                  }
                ],
                "fsx_windows_file_server_volume_configuration": [],
                "host_path": "",
                "name": "spark-data"
              }
            ]
          },
          "sensitive_attributes": [],
          "private": "eyJzY2hlbWFfdmVyc2lvbiI6IjEifQ==",
          "dependencies": [
            "module.ecs.aws_iam_role.ecs_task_execution_role",
            "module.ecs.aws_iam_role.ecs_task_role",
            "module.ecs.module.spark.aws_cloudwatch_log_group.spark_worker_log_group",
            "module.ecs.module.spark.aws_efs_access_point.spark_etc_efs_access_point",
            "module.efs.aws_efs_file_system.main_efs"
          ]
        }
      ]
    },
    {
      "module": "module.ecs.module.spark",
      "mode": "managed",
      "type": "aws_efs_access_point",
      "name": "spark_etc_efs_access_point",
      "provider": "provider[\"registry.terraform.io/hashicorp/aws\"]",
      "instances": [
        {
          "schema_version": 0,
          "attributes": {
            "arn": "arn:aws:elasticfilesystem:eu-west-1:516371590104:access-point/fsap-040fcd91ad28ec30a",
            "file_system_arn": "arn:aws:elasticfilesystem:eu-west-1:516371590104:file-system/fs-07fa5baae76978bc7",
            "file_system_id": "fs-07fa5baae76978bc7",
            "id": "fsap-040fcd91ad28ec30a",
            "owner_id": "516371590104",
            "posix_user": [
              {
                "gid": 1000,
                "secondary_gids": [],
                "uid": 1000
              }
            ],
            "root_directory": [
              {
                "creation_info": [
                  {
                    "owner_gid": 1000,
                    "owner_uid": 1000,
                    "permissions": "0755"
                  }
                ],
                "path": "/spark/etc"
              }
            ],
            "tags": {
              "Name": "gis-pov-dev-spark-etc-efs-access-point"
            },
            "tags_all": {
              "Name": "gis-pov-dev-spark-etc-efs-access-point"
            }
          },
          "sensitive_attributes": [],
          "private": "bnVsbA==",
          "dependencies": [
            "module.efs.aws_efs_file_system.main_efs"
          ]
        }
      ]
    },
    {
      "module": "module.ecs.module.spark",
      "mode": "managed",
      "type": "aws_lb_listener",
      "name": "spark_api_listener",
      "provider": "provider[\"registry.terraform.io/hashicorp/aws\"]",
      "instances": [
        {
          "schema_version": 0,
          "attributes": {
            "alpn_policy": null,
            "arn": "arn:aws:elasticloadbalancing:eu-west-1:516371590104:listener/net/tf-lb-20250122130434376100000001/02b393258de32f50/edc46099ce25c5fe",
            "certificate_arn": null,
            "default_action": [
              {
                "authenticate_cognito": [],
                "authenticate_oidc": [],
                "fixed_response": [],
                "forward": [],
                "order": 1,
                "redirect": [],
                "target_group_arn": "arn:aws:elasticloadbalancing:eu-west-1:516371590104:targetgroup/gis-pov-dev-spark-api-tg/d299894606df0e49",
                "type": "forward"
              }
            ],
            "id": "arn:aws:elasticloadbalancing:eu-west-1:516371590104:listener/net/tf-lb-20250122130434376100000001/02b393258de32f50/edc46099ce25c5fe",
            "load_balancer_arn": "arn:aws:elasticloadbalancing:eu-west-1:516371590104:loadbalancer/net/tf-lb-20250122130434376100000001/02b393258de32f50",
            "port": 6066,
            "protocol": "TCP",
            "ssl_policy": "",
            "tags": {},
            "tags_all": {},
            "timeouts": null
          },
          "sensitive_attributes": [],
          "private": "eyJlMmJmYjczMC1lY2FhLTExZTYtOGY4OC0zNDM2M2JjN2M0YzAiOnsicmVhZCI6NjAwMDAwMDAwMDAwfX0=",
          "dependencies": [
            "module.alb.aws_alb.network_load_balancer",
            "module.ecs.module.spark.aws_lb_target_group.ecs_spark_master_api_target_group",
            "module.vpc.aws_subnet.public_subnet",
            "module.vpc.aws_vpc.main_vpc"
          ]
        }
      ]
    },
    {
      "module": "module.ecs.module.spark",
      "mode": "managed",
      "type": "aws_lb_listener",
      "name": "spark_history_listener",
      "provider": "provider[\"registry.terraform.io/hashicorp/aws\"]",
      "instances": [
        {
          "schema_version": 0,
          "attributes": {
            "alpn_policy": null,
            "arn": "arn:aws:elasticloadbalancing:eu-west-1:516371590104:listener/net/tf-lb-20250122130434376100000001/02b393258de32f50/3082f00c135b4091",
            "certificate_arn": null,
            "default_action": [
              {
                "authenticate_cognito": [],
                "authenticate_oidc": [],
                "fixed_response": [],
                "forward": [],
                "order": 1,
                "redirect": [],
                "target_group_arn": "arn:aws:elasticloadbalancing:eu-west-1:516371590104:targetgroup/gis-pov-dev-spark-history-tg/87f1c3eec5eefdbd",
                "type": "forward"
              }
            ],
            "id": "arn:aws:elasticloadbalancing:eu-west-1:516371590104:listener/net/tf-lb-20250122130434376100000001/02b393258de32f50/3082f00c135b4091",
            "load_balancer_arn": "arn:aws:elasticloadbalancing:eu-west-1:516371590104:loadbalancer/net/tf-lb-20250122130434376100000001/02b393258de32f50",
            "port": 18080,
            "protocol": "TCP",
            "ssl_policy": "",
            "tags": {},
            "tags_all": {},
            "timeouts": null
          },
          "sensitive_attributes": [],
          "private": "eyJlMmJmYjczMC1lY2FhLTExZTYtOGY4OC0zNDM2M2JjN2M0YzAiOnsicmVhZCI6NjAwMDAwMDAwMDAwfX0=",
          "dependencies": [
            "module.alb.aws_alb.network_load_balancer",
            "module.ecs.module.spark.aws_lb_target_group.ecs_spark_history_target_group",
            "module.vpc.aws_subnet.public_subnet",
            "module.vpc.aws_vpc.main_vpc"
          ]
        }
      ]
    },
    {
      "module": "module.ecs.module.spark",
      "mode": "managed",
      "type": "aws_lb_listener",
      "name": "spark_master_ui_listener",
      "provider": "provider[\"registry.terraform.io/hashicorp/aws\"]",
      "instances": [
        {
          "schema_version": 0,
          "attributes": {
            "alpn_policy": null,
            "arn": "arn:aws:elasticloadbalancing:eu-west-1:516371590104:listener/net/tf-lb-20250122130434376100000001/02b393258de32f50/02714c4632aaf2db",
            "certificate_arn": null,
            "default_action": [
              {
                "authenticate_cognito": [],
                "authenticate_oidc": [],
                "fixed_response": [],
                "forward": [],
                "order": 1,
                "redirect": [],
                "target_group_arn": "arn:aws:elasticloadbalancing:eu-west-1:516371590104:targetgroup/gis-pov-dev-spark-master-ui-tg/7bf54b79d4a65286",
                "type": "forward"
              }
            ],
            "id": "arn:aws:elasticloadbalancing:eu-west-1:516371590104:listener/net/tf-lb-20250122130434376100000001/02b393258de32f50/02714c4632aaf2db",
            "load_balancer_arn": "arn:aws:elasticloadbalancing:eu-west-1:516371590104:loadbalancer/net/tf-lb-20250122130434376100000001/02b393258de32f50",
            "port": 8080,
            "protocol": "TCP",
            "ssl_policy": "",
            "tags": {},
            "tags_all": {},
            "timeouts": null
          },
          "sensitive_attributes": [],
          "private": "eyJlMmJmYjczMC1lY2FhLTExZTYtOGY4OC0zNDM2M2JjN2M0YzAiOnsicmVhZCI6NjAwMDAwMDAwMDAwfX0=",
          "dependencies": [
            "module.alb.aws_alb.network_load_balancer",
            "module.ecs.module.spark.aws_lb_target_group.ecs_spark_master_ui_target_group",
            "module.vpc.aws_subnet.public_subnet",
            "module.vpc.aws_vpc.main_vpc"
          ]
        }
      ]
    },
    {
      "module": "module.ecs.module.spark",
      "mode": "managed",
      "type": "aws_lb_listener",
      "name": "spark_worker_ui_listener",
      "provider": "provider[\"registry.terraform.io/hashicorp/aws\"]",
      "instances": [
        {
          "schema_version": 0,
          "attributes": {
            "alpn_policy": null,
            "arn": "arn:aws:elasticloadbalancing:eu-west-1:516371590104:listener/net/tf-lb-20250122130434376100000001/02b393258de32f50/ac1fea24fa3620b5",
            "certificate_arn": null,
            "default_action": [
              {
                "authenticate_cognito": [],
                "authenticate_oidc": [],
                "fixed_response": [],
                "forward": [],
                "order": 1,
                "redirect": [],
                "target_group_arn": "arn:aws:elasticloadbalancing:eu-west-1:516371590104:targetgroup/gis-pov-dev-spark-worker-ui-tg/4d7a30897e2b2a21",
                "type": "forward"
              }
            ],
            "id": "arn:aws:elasticloadbalancing:eu-west-1:516371590104:listener/net/tf-lb-20250122130434376100000001/02b393258de32f50/ac1fea24fa3620b5",
            "load_balancer_arn": "arn:aws:elasticloadbalancing:eu-west-1:516371590104:loadbalancer/net/tf-lb-20250122130434376100000001/02b393258de32f50",
            "port": 8081,
            "protocol": "TCP",
            "ssl_policy": "",
            "tags": {},
            "tags_all": {},
            "timeouts": null
          },
          "sensitive_attributes": [],
          "private": "eyJlMmJmYjczMC1lY2FhLTExZTYtOGY4OC0zNDM2M2JjN2M0YzAiOnsicmVhZCI6NjAwMDAwMDAwMDAwfX0=",
          "dependencies": [
            "module.alb.aws_alb.network_load_balancer",
            "module.ecs.module.spark.aws_lb_target_group.ecs_spark_worker_ui_target_group",
            "module.vpc.aws_subnet.public_subnet",
            "module.vpc.aws_vpc.main_vpc"
          ]
        }
      ]
    },
    {
      "module": "module.ecs.module.spark",
      "mode": "managed",
      "type": "aws_lb_target_group",
      "name": "ecs_spark_history_target_group",
      "provider": "provider[\"registry.terraform.io/hashicorp/aws\"]",
      "instances": [
        {
          "schema_version": 0,
          "attributes": {
            "arn": "arn:aws:elasticloadbalancing:eu-west-1:516371590104:targetgroup/gis-pov-dev-spark-history-tg/87f1c3eec5eefdbd",
            "arn_suffix": "targetgroup/gis-pov-dev-spark-history-tg/87f1c3eec5eefdbd",
            "connection_termination": false,
            "deregistration_delay": "300",
            "health_check": [
              {
                "enabled": true,
                "healthy_threshold": 5,
                "interval": 30,
                "matcher": "",
                "path": "",
                "port": "traffic-port",
                "protocol": "TCP",
                "timeout": 10,
                "unhealthy_threshold": 2
              }
            ],
            "id": "arn:aws:elasticloadbalancing:eu-west-1:516371590104:targetgroup/gis-pov-dev-spark-history-tg/87f1c3eec5eefdbd",
            "ip_address_type": "ipv4",
            "lambda_multi_value_headers_enabled": false,
            "load_balancing_algorithm_type": null,
            "name": "gis-pov-dev-spark-history-tg",
            "name_prefix": null,
            "port": 18080,
            "preserve_client_ip": "false",
            "protocol": "TCP",
            "protocol_version": null,
            "proxy_protocol_v2": false,
            "slow_start": 0,
            "stickiness": [
              {
                "cookie_duration": 0,
                "cookie_name": "",
                "enabled": false,
                "type": "source_ip"
              }
            ],
            "tags": {},
            "tags_all": {},
            "target_failover": [
              {
                "on_deregistration": null,
                "on_unhealthy": null
              }
            ],
            "target_type": "ip",
            "vpc_id": "vpc-0c9e8d23f77fe7872"
          },
          "sensitive_attributes": [],
          "private": "bnVsbA==",
          "dependencies": [
            "module.vpc.aws_vpc.main_vpc"
          ]
        }
      ]
    },
    {
      "module": "module.ecs.module.spark",
      "mode": "managed",
      "type": "aws_lb_target_group",
      "name": "ecs_spark_master_api_target_group",
      "provider": "provider[\"registry.terraform.io/hashicorp/aws\"]",
      "instances": [
        {
          "schema_version": 0,
          "attributes": {
            "arn": "arn:aws:elasticloadbalancing:eu-west-1:516371590104:targetgroup/gis-pov-dev-spark-api-tg/d299894606df0e49",
            "arn_suffix": "targetgroup/gis-pov-dev-spark-api-tg/d299894606df0e49",
            "connection_termination": false,
            "deregistration_delay": "300",
            "health_check": [
              {
                "enabled": true,
                "healthy_threshold": 5,
                "interval": 30,
                "matcher": "",
                "path": "",
                "port": "traffic-port",
                "protocol": "TCP",
                "timeout": 10,
                "unhealthy_threshold": 2
              }
            ],
            "id": "arn:aws:elasticloadbalancing:eu-west-1:516371590104:targetgroup/gis-pov-dev-spark-api-tg/d299894606df0e49",
            "ip_address_type": "ipv4",
            "lambda_multi_value_headers_enabled": false,
            "load_balancing_algorithm_type": null,
            "name": "gis-pov-dev-spark-api-tg",
            "name_prefix": null,
            "port": 6066,
            "preserve_client_ip": "false",
            "protocol": "TCP",
            "protocol_version": null,
            "proxy_protocol_v2": false,
            "slow_start": 0,
            "stickiness": [
              {
                "cookie_duration": 0,
                "cookie_name": "",
                "enabled": false,
                "type": "source_ip"
              }
            ],
            "tags": {},
            "tags_all": {},
            "target_failover": [
              {
                "on_deregistration": null,
                "on_unhealthy": null
              }
            ],
            "target_type": "ip",
            "vpc_id": "vpc-0c9e8d23f77fe7872"
          },
          "sensitive_attributes": [],
          "private": "bnVsbA==",
          "dependencies": [
            "module.vpc.aws_vpc.main_vpc"
          ]
        }
      ]
    },
    {
      "module": "module.ecs.module.spark",
      "mode": "managed",
      "type": "aws_lb_target_group",
      "name": "ecs_spark_master_ui_target_group",
      "provider": "provider[\"registry.terraform.io/hashicorp/aws\"]",
      "instances": [
        {
          "schema_version": 0,
          "attributes": {
            "arn": "arn:aws:elasticloadbalancing:eu-west-1:516371590104:targetgroup/gis-pov-dev-spark-master-ui-tg/7bf54b79d4a65286",
            "arn_suffix": "targetgroup/gis-pov-dev-spark-master-ui-tg/7bf54b79d4a65286",
            "connection_termination": false,
            "deregistration_delay": "300",
            "health_check": [
              {
                "enabled": true,
                "healthy_threshold": 5,
                "interval": 30,
                "matcher": "",
                "path": "",
                "port": "traffic-port",
                "protocol": "TCP",
                "timeout": 10,
                "unhealthy_threshold": 2
              }
            ],
            "id": "arn:aws:elasticloadbalancing:eu-west-1:516371590104:targetgroup/gis-pov-dev-spark-master-ui-tg/7bf54b79d4a65286",
            "ip_address_type": "ipv4",
            "lambda_multi_value_headers_enabled": false,
            "load_balancing_algorithm_type": null,
            "name": "gis-pov-dev-spark-master-ui-tg",
            "name_prefix": null,
            "port": 8080,
            "preserve_client_ip": "false",
            "protocol": "TCP",
            "protocol_version": null,
            "proxy_protocol_v2": false,
            "slow_start": 0,
            "stickiness": [
              {
                "cookie_duration": 0,
                "cookie_name": "",
                "enabled": false,
                "type": "source_ip"
              }
            ],
            "tags": {},
            "tags_all": {},
            "target_failover": [
              {
                "on_deregistration": null,
                "on_unhealthy": null
              }
            ],
            "target_type": "ip",
            "vpc_id": "vpc-0c9e8d23f77fe7872"
          },
          "sensitive_attributes": [],
          "private": "bnVsbA==",
          "dependencies": [
            "module.vpc.aws_vpc.main_vpc"
          ]
        }
      ]
    },
    {
      "module": "module.ecs.module.spark",
      "mode": "managed",
      "type": "aws_lb_target_group",
      "name": "ecs_spark_worker_ui_target_group",
      "provider": "provider[\"registry.terraform.io/hashicorp/aws\"]",
      "instances": [
        {
          "schema_version": 0,
          "attributes": {
            "arn": "arn:aws:elasticloadbalancing:eu-west-1:516371590104:targetgroup/gis-pov-dev-spark-worker-ui-tg/4d7a30897e2b2a21",
            "arn_suffix": "targetgroup/gis-pov-dev-spark-worker-ui-tg/4d7a30897e2b2a21",
            "connection_termination": false,
            "deregistration_delay": "300",
            "health_check": [
              {
                "enabled": true,
                "healthy_threshold": 5,
                "interval": 30,
                "matcher": "",
                "path": "",
                "port": "traffic-port",
                "protocol": "TCP",
                "timeout": 10,
                "unhealthy_threshold": 2
              }
            ],
            "id": "arn:aws:elasticloadbalancing:eu-west-1:516371590104:targetgroup/gis-pov-dev-spark-worker-ui-tg/4d7a30897e2b2a21",
            "ip_address_type": "ipv4",
            "lambda_multi_value_headers_enabled": false,
            "load_balancing_algorithm_type": null,
            "name": "gis-pov-dev-spark-worker-ui-tg",
            "name_prefix": null,
            "port": 8081,
            "preserve_client_ip": "false",
            "protocol": "TCP",
            "protocol_version": null,
            "proxy_protocol_v2": false,
            "slow_start": 0,
            "stickiness": [
              {
                "cookie_duration": 0,
                "cookie_name": "",
                "enabled": false,
                "type": "source_ip"
              }
            ],
            "tags": {},
            "tags_all": {},
            "target_failover": [
              {
                "on_deregistration": null,
                "on_unhealthy": null
              }
            ],
            "target_type": "ip",
            "vpc_id": "vpc-0c9e8d23f77fe7872"
          },
          "sensitive_attributes": [],
          "private": "bnVsbA==",
          "dependencies": [
            "module.vpc.aws_vpc.main_vpc"
          ]
        }
      ]
    },
    {
      "module": "module.ecs.module.spark",
      "mode": "managed",
      "type": "aws_security_group",
      "name": "spark_master_security_group",
      "provider": "provider[\"registry.terraform.io/hashicorp/aws\"]",
      "instances": [
        {
          "schema_version": 1,
          "attributes": {
            "arn": "arn:aws:ec2:eu-west-1:516371590104:security-group/sg-026a2a4e2724002be",
            "description": "Managed by Terraform",
            "egress": [
              {
                "cidr_blocks": [
                  "0.0.0.0/0"
                ],
                "description": "",
                "from_port": 0,
                "ipv6_cidr_blocks": [],
                "prefix_list_ids": [],
                "protocol": "-1",
                "security_groups": [],
                "self": false,
                "to_port": 0
              }
            ],
            "id": "sg-026a2a4e2724002be",
            "ingress": [
              {
                "cidr_blocks": [
                  "0.0.0.0/0"
                ],
                "description": "",
                "from_port": 18080,
                "ipv6_cidr_blocks": [],
                "prefix_list_ids": [],
                "protocol": "tcp",
                "security_groups": [],
                "self": false,
                "to_port": 18080
              },
              {
                "cidr_blocks": [
                  "0.0.0.0/0"
                ],
                "description": "",
                "from_port": 6066,
                "ipv6_cidr_blocks": [],
                "prefix_list_ids": [],
                "protocol": "tcp",
                "security_groups": [],
                "self": false,
                "to_port": 6066
              },
              {
                "cidr_blocks": [
                  "0.0.0.0/0"
                ],
                "description": "",
                "from_port": 7077,
                "ipv6_cidr_blocks": [],
                "prefix_list_ids": [],
                "protocol": "tcp",
                "security_groups": [],
                "self": false,
                "to_port": 7077
              },
              {
                "cidr_blocks": [
                  "0.0.0.0/0"
                ],
                "description": "",
                "from_port": 8080,
                "ipv6_cidr_blocks": [],
                "prefix_list_ids": [],
                "protocol": "tcp",
                "security_groups": [],
                "self": false,
                "to_port": 8080
              }
            ],
            "name": "terraform-20250122124819952900000009",
            "name_prefix": "terraform-",
            "owner_id": "516371590104",
            "revoke_rules_on_delete": false,
            "tags": {
              "Name": "gis-pov-dev-spark-master-sg"
            },
            "tags_all": {
              "Name": "gis-pov-dev-spark-master-sg"
            },
            "timeouts": null,
            "vpc_id": "vpc-0c9e8d23f77fe7872"
          },
          "sensitive_attributes": [],
          "private": "eyJlMmJmYjczMC1lY2FhLTExZTYtOGY4OC0zNDM2M2JjN2M0YzAiOnsiY3JlYXRlIjo2MDAwMDAwMDAwMDAsImRlbGV0ZSI6OTAwMDAwMDAwMDAwfSwic2NoZW1hX3ZlcnNpb24iOiIxIn0=",
          "dependencies": [
            "module.vpc.aws_vpc.main_vpc"
          ]
        }
      ]
    },
    {
      "module": "module.ecs.module.spark",
      "mode": "managed",
      "type": "aws_security_group",
      "name": "spark_worker_security_group",
      "provider": "provider[\"registry.terraform.io/hashicorp/aws\"]",
      "instances": [
        {
          "schema_version": 1,
          "attributes": {
            "arn": "arn:aws:ec2:eu-west-1:516371590104:security-group/sg-0b80f6cbf54b94baa",
            "description": "Managed by Terraform",
            "egress": [
              {
                "cidr_blocks": [
                  "0.0.0.0/0"
                ],
                "description": "",
                "from_port": 0,
                "ipv6_cidr_blocks": [],
                "prefix_list_ids": [],
                "protocol": "-1",
                "security_groups": [],
                "self": false,
                "to_port": 0
              }
            ],
            "id": "sg-0b80f6cbf54b94baa",
            "ingress": [
              {
                "cidr_blocks": [
                  "0.0.0.0/0"
                ],
                "description": "",
                "from_port": 7077,
                "ipv6_cidr_blocks": [],
                "prefix_list_ids": [],
                "protocol": "tcp",
                "security_groups": [],
                "self": false,
                "to_port": 7077
              },
              {
                "cidr_blocks": [
                  "0.0.0.0/0"
                ],
                "description": "",
                "from_port": 8081,
                "ipv6_cidr_blocks": [],
                "prefix_list_ids": [],
                "protocol": "tcp",
                "security_groups": [],
                "self": false,
                "to_port": 8081
              },
              {
                "cidr_blocks": [],
                "description": "",
                "from_port": 8081,
                "ipv6_cidr_blocks": [],
                "prefix_list_ids": [],
                "protocol": "tcp",
                "security_groups": [
                  "sg-026a2a4e2724002be"
                ],
                "self": false,
                "to_port": 8081
              }
            ],
            "name": "terraform-2025012212482245290000000b",
            "name_prefix": "terraform-",
            "owner_id": "516371590104",
            "revoke_rules_on_delete": false,
            "tags": {
              "Name": "gis-pov-dev-spark-sg"
            },
            "tags_all": {
              "Name": "gis-pov-dev-spark-sg"
            },
            "timeouts": null,
            "vpc_id": "vpc-0c9e8d23f77fe7872"
          },
          "sensitive_attributes": [],
          "private": "eyJlMmJmYjczMC1lY2FhLTExZTYtOGY4OC0zNDM2M2JjN2M0YzAiOnsiY3JlYXRlIjo2MDAwMDAwMDAwMDAsImRlbGV0ZSI6OTAwMDAwMDAwMDAwfSwic2NoZW1hX3ZlcnNpb24iOiIxIn0=",
          "dependencies": [
            "module.ecs.module.spark.aws_security_group.spark_master_security_group",
            "module.vpc.aws_vpc.main_vpc"
          ]
        }
      ]
    },
    {
      "module": "module.ecs.module.spark",
      "mode": "managed",
      "type": "aws_service_discovery_private_dns_namespace",
      "name": "spark_ns",
      "provider": "provider[\"registry.terraform.io/hashicorp/aws\"]",
      "instances": [
        {
          "schema_version": 0,
          "attributes": {
            "arn": "arn:aws:servicediscovery:eu-west-1:516371590104:namespace/ns-iujkitv4kxi6itta",
            "description": "Namespace for Spark Cluster",
            "hosted_zone": "Z00031455UOWCPCYS228",
            "id": "ns-iujkitv4kxi6itta",
            "name": "spark.local",
            "tags": {},
            "tags_all": {},
            "vpc": "vpc-0c9e8d23f77fe7872"
          },
          "sensitive_attributes": [],
          "private": "bnVsbA==",
          "dependencies": [
            "module.vpc.aws_vpc.main_vpc"
          ]
        }
      ]
    },
    {
      "module": "module.ecs.module.spark",
      "mode": "managed",
      "type": "aws_service_discovery_service",
      "name": "spark_master_sd",
      "provider": "provider[\"registry.terraform.io/hashicorp/aws\"]",
      "instances": [
        {
          "schema_version": 0,
          "attributes": {
            "arn": "arn:aws:servicediscovery:eu-west-1:516371590104:service/srv-tj7iitfr3n7ohp7v",
            "description": "",
            "dns_config": [
              {
                "dns_records": [
                  {
                    "ttl": 60,
                    "type": "A"
                  }
                ],
                "namespace_id": "ns-iujkitv4kxi6itta",
                "routing_policy": "MULTIVALUE"
              }
            ],
            "force_destroy": false,
            "health_check_config": [],
            "health_check_custom_config": [
              {
                "failure_threshold": 1
              }
            ],
            "id": "srv-tj7iitfr3n7ohp7v",
            "name": "spark-master",
            "namespace_id": "ns-iujkitv4kxi6itta",
            "tags": {},
            "tags_all": {},
            "type": "DNS_HTTP"
          },
          "sensitive_attributes": [],
          "private": "bnVsbA==",
          "dependencies": [
            "module.ecs.module.spark.aws_service_discovery_private_dns_namespace.spark_ns",
            "module.vpc.aws_vpc.main_vpc"
          ]
        }
      ]
    },
    {
      "module": "module.ecs.module.timescaledb",
      "mode": "managed",
      "type": "aws_cloudwatch_log_group",
      "name": "timescaledb_log_group",
      "provider": "provider[\"registry.terraform.io/hashicorp/aws\"]",
      "instances": [
        {
          "schema_version": 0,
          "attributes": {
            "arn": "arn:aws:logs:eu-west-1:516371590104:log-group:/ecs/gis-pov-dev-timescaledb",
            "id": "/ecs/gis-pov-dev-timescaledb",
            "kms_key_id": "",
            "name": "/ecs/gis-pov-dev-timescaledb",
            "name_prefix": "",
            "retention_in_days": 7,
            "skip_destroy": null,
            "tags": {
              "Name": "gis-pov-dev-timescaledb-log-group"
            },
            "tags_all": {
              "Name": "gis-pov-dev-timescaledb-log-group"
            }
          },
          "sensitive_attributes": [],
          "private": "eyJzY2hlbWFfdmVyc2lvbiI6IjAifQ=="
        }
      ]
    },
    {
      "module": "module.ecs.module.timescaledb",
      "mode": "managed",
      "type": "aws_ecs_service",
      "name": "timescaledb_service",
      "provider": "provider[\"registry.terraform.io/hashicorp/aws\"]",
      "instances": [
        {
          "schema_version": 0,
          "attributes": {
            "alarms": [],
            "capacity_provider_strategy": [],
            "cluster": "arn:aws:ecs:eu-west-1:516371590104:cluster/gis-pov-dev-cluster",
            "deployment_circuit_breaker": [
              {
                "enable": false,
                "rollback": false
              }
            ],
            "deployment_controller": [
              {
                "type": "ECS"
              }
            ],
            "deployment_maximum_percent": 200,
            "deployment_minimum_healthy_percent": 100,
            "desired_count": 1,
            "enable_ecs_managed_tags": false,
            "enable_execute_command": true,
            "force_new_deployment": null,
            "health_check_grace_period_seconds": 0,
            "iam_role": "aws-service-role",
            "id": "arn:aws:ecs:eu-west-1:516371590104:service/gis-pov-dev-cluster/gis-pov-dev-timescaledb-service",
            "launch_type": "FARGATE",
            "load_balancer": [
              {
                "container_name": "timescaledb",
                "container_port": 5432,
                "elb_name": "",
                "target_group_arn": "arn:aws:elasticloadbalancing:eu-west-1:516371590104:targetgroup/gis-pov-dev-tsdb-tg/714835234e9f34b4"
              }
            ],
            "name": "gis-pov-dev-timescaledb-service",
            "network_configuration": [
              {
                "assign_public_ip": false,
                "security_groups": [
                  "sg-0a67f2944207c9835"
                ],
                "subnets": [
                  "subnet-0006f3e4e7b7d2fcf",
                  "subnet-003cddfe37b8fff0e"
                ]
              }
            ],
            "ordered_placement_strategy": [],
            "placement_constraints": [],
            "platform_version": "LATEST",
            "propagate_tags": "NONE",
            "scheduling_strategy": "REPLICA",
            "service_connect_configuration": [],
            "service_registries": [],
            "tags": {},
            "tags_all": {},
            "task_definition": "arn:aws:ecs:eu-west-1:516371590104:task-definition/gis-pov-dev-timescaledb-task:9",
            "timeouts": null,
            "triggers": {},
            "wait_for_steady_state": false
          },
          "sensitive_attributes": [],
          "private": "eyJlMmJmYjczMC1lY2FhLTExZTYtOGY4OC0zNDM2M2JjN2M0YzAiOnsiY3JlYXRlIjoxMjAwMDAwMDAwMDAwLCJkZWxldGUiOjEyMDAwMDAwMDAwMDAsInVwZGF0ZSI6MTIwMDAwMDAwMDAwMH19",
          "dependencies": [
            "module.alb.aws_alb.network_load_balancer",
            "module.ecs.aws_ecs_cluster.cluster",
            "module.ecs.aws_iam_role.ecs_task_execution_role",
            "module.ecs.aws_iam_role.ecs_task_role",
            "module.ecs.module.timescaledb.aws_cloudwatch_log_group.timescaledb_log_group",
            "module.ecs.module.timescaledb.aws_ecs_task_definition.timescaledb_task",
            "module.ecs.module.timescaledb.aws_lb_target_group.ecs_timescaledb_target_group",
            "module.ecs.module.timescaledb.aws_security_group.timescaledb_security_group",
            "module.vpc.aws_subnet.private_subnet",
            "module.vpc.aws_subnet.public_subnet",
            "module.vpc.aws_vpc.main_vpc"
          ]
        }
      ]
    },
    {
      "module": "module.ecs.module.timescaledb",
      "mode": "managed",
      "type": "aws_ecs_task_definition",
      "name": "timescaledb_task",
      "provider": "provider[\"registry.terraform.io/hashicorp/aws\"]",
      "instances": [
        {
          "schema_version": 1,
          "attributes": {
            "arn": "arn:aws:ecs:eu-west-1:516371590104:task-definition/gis-pov-dev-timescaledb-task:9",
            "container_definitions": "[{\"cpu\":256,\"environment\":[{\"name\":\"POSTGRES_DB\",\"value\":\"gis_db\"},{\"name\":\"POSTGRES_PASSWORD\",\"value\":\"admin\"},{\"name\":\"POSTGRES_USER\",\"value\":\"admin\"}],\"essential\":true,\"image\":\"516371590104.dkr.ecr.eu-west-1.amazonaws.com/gis-timescale:1.0\",\"logConfiguration\":{\"logDriver\":\"awslogs\",\"options\":{\"awslogs-group\":\"/ecs/gis-pov-dev-timescaledb\",\"awslogs-region\":\"eu-west-1\",\"awslogs-stream-prefix\":\"ecs\"}},\"memory\":512,\"mountPoints\":[],\"name\":\"timescaledb\",\"portMappings\":[{\"containerPort\":5432,\"hostPort\":5432,\"protocol\":\"tcp\"}],\"systemControls\":[],\"volumesFrom\":[]},{\"cpu\":256,\"environment\":[{\"name\":\"DATA_SOURCE_NAME\",\"value\":\"postgresql://admin:admin@tf-lb-20250122130434376100000001-02b393258de32f50.elb.eu-west-1.amazonaws.com:5432/database\"}],\"essential\":false,\"image\":\"prometheuscommunity/postgres-exporter:latest\",\"memory\":512,\"mountPoints\":[],\"name\":\"postgres_exporter\",\"portMappings\":[{\"containerPort\":9187,\"hostPort\":9187,\"protocol\":\"tcp\"}],\"systemControls\":[],\"volumesFrom\":[]}]",
            "cpu": "512",
            "ephemeral_storage": [],
            "execution_role_arn": "arn:aws:iam::516371590104:role/gis-pov-dev-ecs-task-execution-role",
            "family": "gis-pov-dev-timescaledb-task",
            "id": "gis-pov-dev-timescaledb-task",
            "inference_accelerator": [],
            "ipc_mode": "",
            "memory": "1024",
            "network_mode": "awsvpc",
            "pid_mode": "",
            "placement_constraints": [],
            "proxy_configuration": [],
            "requires_compatibilities": [
              "FARGATE"
            ],
            "revision": 9,
            "runtime_platform": [],
            "skip_destroy": false,
            "tags": {},
            "tags_all": {},
            "task_role_arn": "arn:aws:iam::516371590104:role/gis-pov-dev-ecs-task-role",
            "volume": []
          },
          "sensitive_attributes": [],
          "private": "eyJzY2hlbWFfdmVyc2lvbiI6IjEifQ==",
          "dependencies": [
            "module.alb.aws_alb.network_load_balancer",
            "module.ecs.aws_iam_role.ecs_task_execution_role",
            "module.ecs.aws_iam_role.ecs_task_role",
            "module.ecs.module.timescaledb.aws_cloudwatch_log_group.timescaledb_log_group",
            "module.vpc.aws_subnet.public_subnet",
            "module.vpc.aws_vpc.main_vpc"
          ]
        }
      ]
    },
    {
      "module": "module.ecs.module.timescaledb",
      "mode": "managed",
      "type": "aws_efs_access_point",
      "name": "timescaledb_etc_efs_access_point",
      "provider": "provider[\"registry.terraform.io/hashicorp/aws\"]",
      "instances": [
        {
          "schema_version": 0,
          "attributes": {
            "arn": "arn:aws:elasticfilesystem:eu-west-1:516371590104:access-point/fsap-0ba93dd832cad4a67",
            "file_system_arn": "arn:aws:elasticfilesystem:eu-west-1:516371590104:file-system/fs-07fa5baae76978bc7",
            "file_system_id": "fs-07fa5baae76978bc7",
            "id": "fsap-0ba93dd832cad4a67",
            "owner_id": "516371590104",
            "posix_user": [
              {
                "gid": 1000,
                "secondary_gids": [],
                "uid": 1000
              }
            ],
            "root_directory": [
              {
                "creation_info": [
                  {
                    "owner_gid": 1000,
                    "owner_uid": 1000,
                    "permissions": "0755"
                  }
                ],
                "path": "/timescaledb/etc"
              }
            ],
            "tags": {
              "Name": "gis-pov-dev-timescaledb-etc-efs-access-point"
            },
            "tags_all": {
              "Name": "gis-pov-dev-timescaledb-etc-efs-access-point"
            }
          },
          "sensitive_attributes": [],
          "private": "bnVsbA==",
          "dependencies": [
            "module.efs.aws_efs_file_system.main_efs"
          ]
        }
      ]
    },
    {
      "module": "module.ecs.module.timescaledb",
      "mode": "managed",
      "type": "aws_lb_listener",
      "name": "timescaledb_nlb_listener",
      "provider": "provider[\"registry.terraform.io/hashicorp/aws\"]",
      "instances": [
        {
          "schema_version": 0,
          "attributes": {
            "alpn_policy": null,
            "arn": "arn:aws:elasticloadbalancing:eu-west-1:516371590104:listener/net/tf-lb-20250122130434376100000001/02b393258de32f50/54015954c59c38dc",
            "certificate_arn": null,
            "default_action": [
              {
                "authenticate_cognito": [],
                "authenticate_oidc": [],
                "fixed_response": [],
                "forward": [],
                "order": 1,
                "redirect": [],
                "target_group_arn": "arn:aws:elasticloadbalancing:eu-west-1:516371590104:targetgroup/gis-pov-dev-tsdb-tg/714835234e9f34b4",
                "type": "forward"
              }
            ],
            "id": "arn:aws:elasticloadbalancing:eu-west-1:516371590104:listener/net/tf-lb-20250122130434376100000001/02b393258de32f50/54015954c59c38dc",
            "load_balancer_arn": "arn:aws:elasticloadbalancing:eu-west-1:516371590104:loadbalancer/net/tf-lb-20250122130434376100000001/02b393258de32f50",
            "port": 5432,
            "protocol": "TCP",
            "ssl_policy": "",
            "tags": {},
            "tags_all": {},
            "timeouts": null
          },
          "sensitive_attributes": [],
          "private": "eyJlMmJmYjczMC1lY2FhLTExZTYtOGY4OC0zNDM2M2JjN2M0YzAiOnsicmVhZCI6NjAwMDAwMDAwMDAwfX0=",
          "dependencies": [
            "module.alb.aws_alb.network_load_balancer",
            "module.ecs.module.timescaledb.aws_lb_target_group.ecs_timescaledb_target_group",
            "module.vpc.aws_subnet.public_subnet",
            "module.vpc.aws_vpc.main_vpc"
          ]
        }
      ]
    },
    {
      "module": "module.ecs.module.timescaledb",
      "mode": "managed",
      "type": "aws_lb_target_group",
      "name": "ecs_timescaledb_target_group",
      "provider": "provider[\"registry.terraform.io/hashicorp/aws\"]",
      "instances": [
        {
          "schema_version": 0,
          "attributes": {
            "arn": "arn:aws:elasticloadbalancing:eu-west-1:516371590104:targetgroup/gis-pov-dev-tsdb-tg/714835234e9f34b4",
            "arn_suffix": "targetgroup/gis-pov-dev-tsdb-tg/714835234e9f34b4",
            "connection_termination": false,
            "deregistration_delay": "300",
            "health_check": [
              {
                "enabled": true,
                "healthy_threshold": 5,
                "interval": 30,
                "matcher": "",
                "path": "",
                "port": "traffic-port",
                "protocol": "TCP",
                "timeout": 10,
                "unhealthy_threshold": 2
              }
            ],
            "id": "arn:aws:elasticloadbalancing:eu-west-1:516371590104:targetgroup/gis-pov-dev-tsdb-tg/714835234e9f34b4",
            "ip_address_type": "ipv4",
            "lambda_multi_value_headers_enabled": false,
            "load_balancing_algorithm_type": null,
            "name": "gis-pov-dev-tsdb-tg",
            "name_prefix": null,
            "port": 5432,
            "preserve_client_ip": "false",
            "protocol": "TCP",
            "protocol_version": null,
            "proxy_protocol_v2": false,
            "slow_start": 0,
            "stickiness": [
              {
                "cookie_duration": 0,
                "cookie_name": "",
                "enabled": false,
                "type": "source_ip"
              }
            ],
            "tags": {
              "Name": "gis-pov-dev-tsdb-tg"
            },
            "tags_all": {
              "Name": "gis-pov-dev-tsdb-tg"
            },
            "target_failover": [
              {
                "on_deregistration": null,
                "on_unhealthy": null
              }
            ],
            "target_type": "ip",
            "vpc_id": "vpc-0c9e8d23f77fe7872"
          },
          "sensitive_attributes": [],
          "private": "bnVsbA==",
          "dependencies": [
            "module.vpc.aws_vpc.main_vpc"
          ]
        }
      ]
    },
    {
      "module": "module.ecs.module.timescaledb",
      "mode": "managed",
      "type": "aws_security_group",
      "name": "timescaledb_security_group",
      "provider": "provider[\"registry.terraform.io/hashicorp/aws\"]",
      "instances": [
        {
          "schema_version": 1,
          "attributes": {
            "arn": "arn:aws:ec2:eu-west-1:516371590104:security-group/sg-0a67f2944207c9835",
            "description": "Managed by Terraform",
            "egress": [
              {
                "cidr_blocks": [
                  "0.0.0.0/0"
                ],
                "description": "",
                "from_port": 0,
                "ipv6_cidr_blocks": [],
                "prefix_list_ids": [],
                "protocol": "-1",
                "security_groups": [],
                "self": false,
                "to_port": 0
              }
            ],
            "id": "sg-0a67f2944207c9835",
            "ingress": [
              {
                "cidr_blocks": [
                  "0.0.0.0/0"
                ],
                "description": "",
                "from_port": 5432,
                "ipv6_cidr_blocks": [],
                "prefix_list_ids": [],
                "protocol": "tcp",
                "security_groups": [],
                "self": false,
                "to_port": 5432
              }
            ],
            "name": "terraform-20250122124819432600000007",
            "name_prefix": "terraform-",
            "owner_id": "516371590104",
            "revoke_rules_on_delete": false,
            "tags": {
              "Name": "gis-pov-dev-timescaledb-sg"
            },
            "tags_all": {
              "Name": "gis-pov-dev-timescaledb-sg"
            },
            "timeouts": null,
            "vpc_id": "vpc-0c9e8d23f77fe7872"
          },
          "sensitive_attributes": [],
          "private": "eyJlMmJmYjczMC1lY2FhLTExZTYtOGY4OC0zNDM2M2JjN2M0YzAiOnsiY3JlYXRlIjo2MDAwMDAwMDAwMDAsImRlbGV0ZSI6OTAwMDAwMDAwMDAwfSwic2NoZW1hX3ZlcnNpb24iOiIxIn0=",
          "dependencies": [
            "module.vpc.aws_vpc.main_vpc"
          ]
        }
      ]
    },
    {
      "module": "module.efs",
      "mode": "managed",
      "type": "aws_efs_file_system",
      "name": "main_efs",
      "provider": "provider[\"registry.terraform.io/hashicorp/aws\"]",
      "instances": [
        {
          "schema_version": 0,
          "attributes": {
            "arn": "arn:aws:elasticfilesystem:eu-west-1:516371590104:file-system/fs-07fa5baae76978bc7",
            "availability_zone_id": "",
            "availability_zone_name": "",
            "creation_token": "gis-pov-dev-main-efs",
            "dns_name": "fs-07fa5baae76978bc7.efs.eu-west-1.amazonaws.com",
            "encrypted": true,
            "id": "fs-07fa5baae76978bc7",
            "kms_key_id": "arn:aws:kms:eu-west-1:516371590104:key/4f8a98ff-7e9c-4c05-9b8f-1529b804c30d",
            "lifecycle_policy": [],
            "number_of_mount_targets": 2,
            "owner_id": "516371590104",
            "performance_mode": "generalPurpose",
            "provisioned_throughput_in_mibps": 0,
            "size_in_bytes": [
              {
                "value": 24576,
                "value_in_ia": 0,
                "value_in_standard": 24576
              }
            ],
            "tags": {
              "Name": "gis-pov-dev-main-efs"
            },
            "tags_all": {
              "Name": "gis-pov-dev-main-efs"
            },
            "throughput_mode": "bursting"
          },
          "sensitive_attributes": [],
          "private": "eyJzY2hlbWFfdmVyc2lvbiI6IjAifQ=="
        }
      ]
    },
    {
      "module": "module.efs",
      "mode": "managed",
      "type": "aws_efs_mount_target",
      "name": "main_efs_mount_target",
      "provider": "provider[\"registry.terraform.io/hashicorp/aws\"]",
      "instances": [
        {
          "index_key": 0,
          "schema_version": 0,
          "attributes": {
            "availability_zone_id": "euw1-az1",
            "availability_zone_name": "eu-west-1a",
            "dns_name": "fs-07fa5baae76978bc7.efs.eu-west-1.amazonaws.com",
            "file_system_arn": "arn:aws:elasticfilesystem:eu-west-1:516371590104:file-system/fs-07fa5baae76978bc7",
            "file_system_id": "fs-07fa5baae76978bc7",
            "id": "fsmt-02d97af39dbf06947",
            "ip_address": "10.0.101.120",
            "mount_target_dns_name": "eu-west-1a.fs-07fa5baae76978bc7.efs.eu-west-1.amazonaws.com",
            "network_interface_id": "eni-00cc7af92a76cd1f1",
            "owner_id": "516371590104",
            "security_groups": [
              "sg-0d7968238290b6b84"
            ],
            "subnet_id": "subnet-0006f3e4e7b7d2fcf",
            "timeouts": null
          },
          "sensitive_attributes": [],
          "private": "eyJlMmJmYjczMC1lY2FhLTExZTYtOGY4OC0zNDM2M2JjN2M0YzAiOnsiY3JlYXRlIjoxODAwMDAwMDAwMDAwLCJkZWxldGUiOjYwMDAwMDAwMDAwMH19",
          "dependencies": [
            "module.efs.aws_efs_file_system.main_efs",
            "module.efs.aws_security_group.efs_security_group",
            "module.vpc.aws_subnet.private_subnet",
            "module.vpc.aws_vpc.main_vpc"
          ]
        },
        {
          "index_key": 1,
          "schema_version": 0,
          "attributes": {
            "availability_zone_id": "euw1-az2",
            "availability_zone_name": "eu-west-1b",
            "dns_name": "fs-07fa5baae76978bc7.efs.eu-west-1.amazonaws.com",
            "file_system_arn": "arn:aws:elasticfilesystem:eu-west-1:516371590104:file-system/fs-07fa5baae76978bc7",
            "file_system_id": "fs-07fa5baae76978bc7",
            "id": "fsmt-0db5c91627fe87575",
            "ip_address": "10.0.102.22",
            "mount_target_dns_name": "eu-west-1b.fs-07fa5baae76978bc7.efs.eu-west-1.amazonaws.com",
            "network_interface_id": "eni-02c3028feb5a0598d",
            "owner_id": "516371590104",
            "security_groups": [
              "sg-0d7968238290b6b84"
            ],
            "subnet_id": "subnet-003cddfe37b8fff0e",
            "timeouts": null
          },
          "sensitive_attributes": [],
          "private": "eyJlMmJmYjczMC1lY2FhLTExZTYtOGY4OC0zNDM2M2JjN2M0YzAiOnsiY3JlYXRlIjoxODAwMDAwMDAwMDAwLCJkZWxldGUiOjYwMDAwMDAwMDAwMH19",
          "dependencies": [
            "module.efs.aws_efs_file_system.main_efs",
            "module.efs.aws_security_group.efs_security_group",
            "module.vpc.aws_subnet.private_subnet",
            "module.vpc.aws_vpc.main_vpc"
          ]
        }
      ]
    },
    {
      "module": "module.efs",
      "mode": "managed",
      "type": "aws_security_group",
      "name": "efs_security_group",
      "provider": "provider[\"registry.terraform.io/hashicorp/aws\"]",
      "instances": [
        {
          "schema_version": 1,
          "attributes": {
            "arn": "arn:aws:ec2:eu-west-1:516371590104:security-group/sg-0d7968238290b6b84",
            "description": "Managed by Terraform",
            "egress": [
              {
                "cidr_blocks": [
                  "0.0.0.0/0"
                ],
                "description": "",
                "from_port": 0,
                "ipv6_cidr_blocks": [],
                "prefix_list_ids": [],
                "protocol": "-1",
                "security_groups": [],
                "self": false,
                "to_port": 0
              }
            ],
            "id": "sg-0d7968238290b6b84",
            "ingress": [
              {
                "cidr_blocks": [
                  "0.0.0.0/0"
                ],
                "description": "",
                "from_port": 2049,
                "ipv6_cidr_blocks": [],
                "prefix_list_ids": [],
                "protocol": "tcp",
                "security_groups": [],
                "self": false,
                "to_port": 2049
              }
            ],
            "name": "terraform-20250122130829016400000001",
            "name_prefix": "terraform-",
            "owner_id": "516371590104",
            "revoke_rules_on_delete": false,
            "tags": {
              "Name": "gis-pov-dev-efs-sg"
            },
            "tags_all": {
              "Name": "gis-pov-dev-efs-sg"
            },
            "timeouts": null,
            "vpc_id": "vpc-0c9e8d23f77fe7872"
          },
          "sensitive_attributes": [],
          "private": "eyJlMmJmYjczMC1lY2FhLTExZTYtOGY4OC0zNDM2M2JjN2M0YzAiOnsiY3JlYXRlIjo2MDAwMDAwMDAwMDAsImRlbGV0ZSI6OTAwMDAwMDAwMDAwfSwic2NoZW1hX3ZlcnNpb24iOiIxIn0=",
          "dependencies": [
            "module.vpc.aws_vpc.main_vpc"
          ]
        }
      ]
    },
    {
      "module": "module.lambda",
      "mode": "managed",
      "type": "aws_iam_policy",
      "name": "lambda_logging_policy",
      "provider": "provider[\"registry.terraform.io/hashicorp/aws\"]",
      "instances": [
        {
          "schema_version": 0,
          "attributes": {
            "arn": "arn:aws:iam::516371590104:policy/gis-pov-dev-lambda-logging-policy",
            "description": "",
            "id": "arn:aws:iam::516371590104:policy/gis-pov-dev-lambda-logging-policy",
            "name": "gis-pov-dev-lambda-logging-policy",
            "name_prefix": null,
            "path": "/",
            "policy": "{\"Statement\":[{\"Action\":[\"logs:CreateLogGroup\",\"logs:CreateLogStream\",\"logs:PutLogEvents\"],\"Effect\":\"Allow\",\"Resource\":\"*\"}],\"Version\":\"2012-10-17\"}",
            "policy_id": "ANPAXQORFFPMPXIAJGJHH",
            "tags": {},
            "tags_all": {}
          },
          "sensitive_attributes": [],
          "private": "bnVsbA=="
        }
      ]
    },
    {
      "module": "module.lambda",
      "mode": "managed",
      "type": "aws_iam_policy",
      "name": "s3_readonly_policy",
      "provider": "provider[\"registry.terraform.io/hashicorp/aws\"]",
      "instances": [
        {
          "schema_version": 0,
          "attributes": {
            "arn": "arn:aws:iam::516371590104:policy/gis-pov-dev-s3-readonly-policy",
            "description": "Policy for Lambda to access S3 with read-only permissions",
            "id": "arn:aws:iam::516371590104:policy/gis-pov-dev-s3-readonly-policy",
            "name": "gis-pov-dev-s3-readonly-policy",
            "name_prefix": null,
            "path": "/",
            "policy": "{\"Statement\":[{\"Action\":[\"s3:GetObject\",\"s3:ListBucket\"],\"Effect\":\"Allow\",\"Resource\":[\"arn:aws:s3:::test-lambda-bucket\",\"arn:aws:s3:::test-lambda-bucket/*\"]}],\"Version\":\"2012-10-17\"}",
            "policy_id": "ANPAXQORFFPMPAP5TDOQM",
            "tags": {},
            "tags_all": {}
          },
          "sensitive_attributes": [],
          "private": "bnVsbA=="
        }
      ]
    },
    {
      "module": "module.lambda",
      "mode": "managed",
      "type": "aws_iam_role",
      "name": "lambda_execution_role",
      "provider": "provider[\"registry.terraform.io/hashicorp/aws\"]",
      "instances": [
        {
          "schema_version": 0,
          "attributes": {
            "arn": "arn:aws:iam::516371590104:role/gis-pov-dev-lambda-execution-role",
            "assume_role_policy": "{\"Statement\":[{\"Action\":\"sts:AssumeRole\",\"Effect\":\"Allow\",\"Principal\":{\"Service\":\"lambda.amazonaws.com\"}}],\"Version\":\"2012-10-17\"}",
            "create_date": "2025-01-22T13:09:15Z",
            "description": "",
            "force_detach_policies": false,
            "id": "gis-pov-dev-lambda-execution-role",
            "inline_policy": [],
            "managed_policy_arns": [
              "arn:aws:iam::516371590104:policy/gis-pov-dev-lambda-logging-policy",
              "arn:aws:iam::516371590104:policy/gis-pov-dev-s3-readonly-policy",
              "arn:aws:iam::aws:policy/service-role/AWSLambdaBasicExecutionRole"
            ],
            "max_session_duration": 3600,
            "name": "gis-pov-dev-lambda-execution-role",
            "name_prefix": "",
            "path": "/",
            "permissions_boundary": null,
            "tags": {},
            "tags_all": {},
            "unique_id": "AROAXQORFFPMNMIIZFXQV"
          },
          "sensitive_attributes": [],
          "private": "bnVsbA=="
        }
      ]
    },
    {
      "module": "module.lambda",
      "mode": "managed",
      "type": "aws_iam_role_policy_attachment",
      "name": "attach_s3_readonly_policy",
      "provider": "provider[\"registry.terraform.io/hashicorp/aws\"]",
      "instances": [
        {
          "schema_version": 0,
          "attributes": {
            "id": "gis-pov-dev-lambda-execution-role-20250122130930045400000003",
            "policy_arn": "arn:aws:iam::516371590104:policy/gis-pov-dev-s3-readonly-policy",
            "role": "gis-pov-dev-lambda-execution-role"
          },
          "sensitive_attributes": [],
          "private": "bnVsbA==",
          "dependencies": [
            "module.lambda.aws_iam_policy.s3_readonly_policy",
            "module.lambda.aws_iam_role.lambda_execution_role"
          ]
        }
      ]
    },
    {
      "module": "module.lambda",
      "mode": "managed",
      "type": "aws_iam_role_policy_attachment",
      "name": "basic_execution_policy",
      "provider": "provider[\"registry.terraform.io/hashicorp/aws\"]",
      "instances": [
        {
          "schema_version": 0,
          "attributes": {
            "id": "gis-pov-dev-lambda-execution-role-20250122130941379100000001",
            "policy_arn": "arn:aws:iam::aws:policy/service-role/AWSLambdaBasicExecutionRole",
            "role": "gis-pov-dev-lambda-execution-role"
          },
          "sensitive_attributes": [],
          "private": "bnVsbA==",
          "dependencies": [
            "module.lambda.aws_iam_role.lambda_execution_role"
          ]
        }
      ]
    },
    {
      "module": "module.lambda",
      "mode": "managed",
      "type": "aws_iam_role_policy_attachment",
      "name": "logging_policy_attachment",
      "provider": "provider[\"registry.terraform.io/hashicorp/aws\"]",
      "instances": [
        {
          "schema_version": 0,
          "attributes": {
            "id": "gis-pov-dev-lambda-execution-role-20250122130955820000000001",
            "policy_arn": "arn:aws:iam::516371590104:policy/gis-pov-dev-lambda-logging-policy",
            "role": "gis-pov-dev-lambda-execution-role"
          },
          "sensitive_attributes": [],
          "private": "bnVsbA==",
          "dependencies": [
            "module.lambda.aws_iam_policy.lambda_logging_policy",
            "module.lambda.aws_iam_role.lambda_execution_role"
          ]
        }
      ]
    },
    {
      "module": "module.lambda",
      "mode": "managed",
      "type": "aws_lambda_function",
      "name": "submit_spark_job_lambda",
      "provider": "provider[\"registry.terraform.io/hashicorp/aws\"]",
      "instances": [
        {
          "schema_version": 0,
          "attributes": {
            "architectures": [
              "x86_64"
            ],
            "arn": "arn:aws:lambda:eu-west-1:516371590104:function:gis-pov-dev-submit-spark-job-lambda",
            "code_signing_config_arn": "",
            "dead_letter_config": [],
            "description": "",
            "environment": [
              {
                "variables": {
                  "LOAD_BALANCER_DNS_NAME": "tf-lb-20250122130434376100000001-02b393258de32f50.elb.eu-west-1.amazonaws.com",
                  "S3_BUCKET_NAME": "test-lambda-bucket"
                }
              }
            ],
            "ephemeral_storage": [
              {
                "size": 512
              }
            ],
            "file_system_config": [],
            "filename": null,
            "function_name": "gis-pov-dev-submit-spark-job-lambda",
            "handler": "submit_spark_job.lambda_handler",
            "id": "gis-pov-dev-submit-spark-job-lambda",
            "image_config": [],
            "image_uri": "",
            "invoke_arn": "arn:aws:apigateway:eu-west-1:lambda:path/2015-03-31/functions/arn:aws:lambda:eu-west-1:516371590104:function:gis-pov-dev-submit-spark-job-lambda/invocations",
            "kms_key_arn": "",
            "last_modified": "2025-01-22T13:10:08.489+0000",
            "layers": [],
            "memory_size": 128,
            "package_type": "Zip",
            "publish": false,
            "qualified_arn": "arn:aws:lambda:eu-west-1:516371590104:function:gis-pov-dev-submit-spark-job-lambda:$LATEST",
            "qualified_invoke_arn": "arn:aws:apigateway:eu-west-1:lambda:path/2015-03-31/functions/arn:aws:lambda:eu-west-1:516371590104:function:gis-pov-dev-submit-spark-job-lambda:$LATEST/invocations",
            "replace_security_groups_on_destroy": null,
            "replacement_security_group_ids": null,
            "reserved_concurrent_executions": -1,
            "role": "arn:aws:iam::516371590104:role/gis-pov-dev-lambda-execution-role",
            "runtime": "python3.9",
            "s3_bucket": "gis-pov-dev-lambda-bucket",
            "s3_key": "scripts/lambda_spark_submit_api.zip",
            "s3_object_version": null,
            "signing_job_arn": "",
            "signing_profile_version_arn": "",
            "snap_start": [],
            "source_code_hash": "Dppmcbo1+MKcWDXCtGpGozZDIQ81qittnGLb8SAJ5dU=",
            "source_code_size": 813886,
            "tags": {
              "Name": "gis-pov-dev-submit-spark-job-lambda"
            },
            "tags_all": {
              "Name": "gis-pov-dev-submit-spark-job-lambda"
            },
            "timeout": 30,
            "timeouts": null,
            "tracing_config": [
              {
                "mode": "PassThrough"
              }
            ],
            "version": "$LATEST",
            "vpc_config": []
          },
          "sensitive_attributes": [],
          "private": "eyJlMmJmYjczMC1lY2FhLTExZTYtOGY4OC0zNDM2M2JjN2M0YzAiOnsiY3JlYXRlIjo2MDAwMDAwMDAwMDAsInVwZGF0ZSI6NjAwMDAwMDAwMDAwfX0=",
          "dependencies": [
            "module.alb.aws_alb.network_load_balancer",
            "module.lambda.aws_iam_role.lambda_execution_role",
            "module.lambda.aws_s3_bucket.lambda_bucket",
            "module.lambda.aws_s3_object.lambda_code_file",
            "module.vpc.aws_subnet.public_subnet",
            "module.vpc.aws_vpc.main_vpc"
          ]
        }
      ]
    },
    {
      "module": "module.lambda",
      "mode": "managed",
      "type": "aws_s3_bucket",
      "name": "lambda_bucket",
      "provider": "provider[\"registry.terraform.io/hashicorp/aws\"]",
      "instances": [
        {
          "schema_version": 0,
          "attributes": {
            "acceleration_status": "",
            "acl": null,
            "arn": "arn:aws:s3:::gis-pov-dev-lambda-bucket",
            "bucket": "gis-pov-dev-lambda-bucket",
            "bucket_domain_name": "gis-pov-dev-lambda-bucket.s3.amazonaws.com",
            "bucket_prefix": null,
            "bucket_regional_domain_name": "gis-pov-dev-lambda-bucket.s3.eu-west-1.amazonaws.com",
            "cors_rule": [],
            "force_destroy": false,
            "grant": [
              {
                "id": "051745dbb37688cca8243be6bd9182ff70082ad2700b54bbafb80153e4aad15e",
                "permissions": [
                  "FULL_CONTROL"
                ],
                "type": "CanonicalUser",
                "uri": ""
              }
            ],
            "hosted_zone_id": "Z1BKCTXD74EZPE",
            "id": "gis-pov-dev-lambda-bucket",
            "lifecycle_rule": [],
            "logging": [],
            "object_lock_configuration": [],
            "object_lock_enabled": false,
            "policy": "",
            "region": "eu-west-1",
            "replication_configuration": [],
            "request_payer": "BucketOwner",
            "server_side_encryption_configuration": [
              {
                "rule": [
                  {
                    "apply_server_side_encryption_by_default": [
                      {
                        "kms_master_key_id": "",
                        "sse_algorithm": "AES256"
                      }
                    ],
                    "bucket_key_enabled": false
                  }
                ]
              }
            ],
            "tags": {
              "Environment": "production",
              "Name": "gis-pov-dev-lambda-bucket"
            },
            "tags_all": {
              "Environment": "production",
              "Name": "gis-pov-dev-lambda-bucket"
            },
            "timeouts": null,
            "versioning": [
              {
                "enabled": true,
                "mfa_delete": false
              }
            ],
            "website": [],
            "website_domain": null,
            "website_endpoint": null
          },
          "sensitive_attributes": [],
          "private": "eyJlMmJmYjczMC1lY2FhLTExZTYtOGY4OC0zNDM2M2JjN2M0YzAiOnsiY3JlYXRlIjoxMjAwMDAwMDAwMDAwLCJkZWxldGUiOjM2MDAwMDAwMDAwMDAsInJlYWQiOjEyMDAwMDAwMDAwMDAsInVwZGF0ZSI6MTIwMDAwMDAwMDAwMH19"
        }
      ]
    },
    {
      "module": "module.lambda",
      "mode": "managed",
      "type": "aws_s3_bucket_ownership_controls",
      "name": "lambda_bucket_ownership",
      "provider": "provider[\"registry.terraform.io/hashicorp/aws\"]",
      "instances": [
        {
          "schema_version": 0,
          "attributes": {
            "bucket": "gis-pov-dev-lambda-bucket",
            "id": "gis-pov-dev-lambda-bucket",
            "rule": [
              {
                "object_ownership": "BucketOwnerPreferred"
              }
            ]
          },
          "sensitive_attributes": [],
          "private": "bnVsbA==",
          "dependencies": [
            "module.lambda.aws_s3_bucket.lambda_bucket"
          ]
        }
      ]
    },
    {
      "module": "module.lambda",
      "mode": "managed",
      "type": "aws_s3_bucket_versioning",
      "name": "lambda_bucket_versioning",
      "provider": "provider[\"registry.terraform.io/hashicorp/aws\"]",
      "instances": [
        {
          "schema_version": 0,
          "attributes": {
            "bucket": "gis-pov-dev-lambda-bucket",
            "expected_bucket_owner": "",
            "id": "gis-pov-dev-lambda-bucket",
            "mfa": null,
            "versioning_configuration": [
              {
                "mfa_delete": "",
                "status": "Enabled"
              }
            ]
          },
          "sensitive_attributes": [],
          "private": "bnVsbA==",
          "dependencies": [
            "module.lambda.aws_s3_bucket.lambda_bucket"
          ]
        }
      ]
    },
    {
      "module": "module.lambda",
      "mode": "managed",
      "type": "aws_s3_object",
      "name": "lambda_code_file",
      "provider": "provider[\"registry.terraform.io/hashicorp/aws\"]",
      "instances": [
        {
          "schema_version": 0,
          "attributes": {
            "acl": "private",
            "bucket": "gis-pov-dev-lambda-bucket",
            "bucket_key_enabled": false,
            "cache_control": "",
            "content": null,
            "content_base64": null,
            "content_disposition": "",
            "content_encoding": "",
            "content_language": "",
            "content_type": "application/zip",
            "etag": "0e0f05101855996311d0bf6a1926e8a3",
            "force_destroy": false,
            "id": "scripts/lambda_spark_submit_api.zip",
            "key": "scripts/lambda_spark_submit_api.zip",
            "kms_key_id": null,
            "metadata": {},
            "object_lock_legal_hold_status": "",
            "object_lock_mode": "",
            "object_lock_retain_until_date": "",
            "server_side_encryption": "AES256",
            "source": "./../data/lambda_spark_submit_api/lambda_spark_submit_api.zip",
            "source_hash": null,
            "storage_class": "STANDARD",
            "tags": {},
            "tags_all": {},
            "version_id": "tUnC5twNENyF5GhvqV6oNFg9ZudHfowr",
            "website_redirect": ""
          },
          "sensitive_attributes": [],
          "private": "bnVsbA==",
          "dependencies": [
            "module.lambda.aws_s3_bucket.lambda_bucket"
          ]
        }
      ]
    },
    {
      "module": "module.vpc",
      "mode": "managed",
      "type": "aws_eip",
      "name": "nat_eip",
      "provider": "provider[\"registry.terraform.io/hashicorp/aws\"]",
      "instances": [
        {
          "index_key": "eu-west-1a",
          "schema_version": 0,
          "attributes": {
            "address": null,
            "allocation_id": "eipalloc-073fa7121ac5df417",
            "associate_with_private_ip": null,
            "association_id": "eipassoc-041160f00d497ec17",
            "carrier_ip": "",
            "customer_owned_ip": "",
            "customer_owned_ipv4_pool": "",
            "domain": "vpc",
            "id": "eipalloc-073fa7121ac5df417",
            "instance": "",
            "network_border_group": "eu-west-1",
            "network_interface": "eni-025405c291ada83f8",
            "private_dns": "ip-10-0-0-119.eu-west-1.compute.internal",
            "private_ip": "10.0.0.119",
            "public_dns": "ec2-34-248-212-109.eu-west-1.compute.amazonaws.com",
            "public_ip": "34.248.212.109",
            "public_ipv4_pool": "amazon",
            "tags": {
              "Name": "gis-pov-dev-nat-eip-eu-west-1a"
            },
            "tags_all": {
              "Name": "gis-pov-dev-nat-eip-eu-west-1a"
            },
            "timeouts": null,
            "vpc": true
          },
          "sensitive_attributes": [],
          "private": "eyJlMmJmYjczMC1lY2FhLTExZTYtOGY4OC0zNDM2M2JjN2M0YzAiOnsiZGVsZXRlIjoxODAwMDAwMDAwMDAsInJlYWQiOjkwMDAwMDAwMDAwMCwidXBkYXRlIjozMDAwMDAwMDAwMDB9fQ=="
        },
        {
          "index_key": "eu-west-1b",
          "schema_version": 0,
          "attributes": {
            "address": null,
            "allocation_id": "eipalloc-08374f730c88e282c",
            "associate_with_private_ip": null,
            "association_id": "eipassoc-07caafa5f7c8d2ea8",
            "carrier_ip": "",
            "customer_owned_ip": "",
            "customer_owned_ipv4_pool": "",
            "domain": "vpc",
            "id": "eipalloc-08374f730c88e282c",
            "instance": "",
            "network_border_group": "eu-west-1",
            "network_interface": "eni-09298b160ae25730e",
            "private_dns": "ip-10-0-1-159.eu-west-1.compute.internal",
            "private_ip": "10.0.1.159",
            "public_dns": "ec2-34-247-10-151.eu-west-1.compute.amazonaws.com",
            "public_ip": "34.247.10.151",
            "public_ipv4_pool": "amazon",
            "tags": {
              "Name": "gis-pov-dev-nat-eip-eu-west-1b"
            },
            "tags_all": {
              "Name": "gis-pov-dev-nat-eip-eu-west-1b"
            },
            "timeouts": null,
            "vpc": true
          },
          "sensitive_attributes": [],
          "private": "eyJlMmJmYjczMC1lY2FhLTExZTYtOGY4OC0zNDM2M2JjN2M0YzAiOnsiZGVsZXRlIjoxODAwMDAwMDAwMDAsInJlYWQiOjkwMDAwMDAwMDAwMCwidXBkYXRlIjozMDAwMDAwMDAwMDB9fQ=="
        }
      ]
    },
    {
      "module": "module.vpc",
      "mode": "managed",
      "type": "aws_internet_gateway",
      "name": "internet_gateway",
      "provider": "provider[\"registry.terraform.io/hashicorp/aws\"]",
      "instances": [
        {
          "schema_version": 0,
          "attributes": {
            "arn": "arn:aws:ec2:eu-west-1:516371590104:internet-gateway/igw-0f029fa00c4fea47c",
            "id": "igw-0f029fa00c4fea47c",
            "owner_id": "516371590104",
            "tags": {
              "Name": "gis-pov-dev-internet-gateway"
            },
            "tags_all": {
              "Name": "gis-pov-dev-internet-gateway"
            },
            "timeouts": null,
            "vpc_id": "vpc-0c9e8d23f77fe7872"
          },
          "sensitive_attributes": [],
          "private": "eyJlMmJmYjczMC1lY2FhLTExZTYtOGY4OC0zNDM2M2JjN2M0YzAiOnsiY3JlYXRlIjoxMjAwMDAwMDAwMDAwLCJkZWxldGUiOjEyMDAwMDAwMDAwMDAsInVwZGF0ZSI6MTIwMDAwMDAwMDAwMH19",
          "dependencies": [
            "module.vpc.aws_vpc.main_vpc"
          ]
        }
      ]
    },
    {
      "module": "module.vpc",
      "mode": "managed",
      "type": "aws_nat_gateway",
      "name": "nat_gateway",
      "provider": "provider[\"registry.terraform.io/hashicorp/aws\"]",
      "instances": [
        {
          "index_key": "eu-west-1a",
          "schema_version": 0,
          "attributes": {
            "allocation_id": "eipalloc-073fa7121ac5df417",
            "connectivity_type": "public",
            "id": "nat-0d55230009cc203fe",
            "network_interface_id": "eni-025405c291ada83f8",
            "private_ip": "10.0.0.119",
            "public_ip": "34.248.212.109",
            "subnet_id": "subnet-05f9bfe23c197b615",
            "tags": {
              "Name": "gis-pov-dev-nat-gw-eu-west-1a"
            },
            "tags_all": {
              "Name": "gis-pov-dev-nat-gw-eu-west-1a"
            }
          },
          "sensitive_attributes": [],
          "private": "bnVsbA==",
          "dependencies": [
            "module.vpc.aws_eip.nat_eip",
            "module.vpc.aws_subnet.public_subnet",
            "module.vpc.aws_vpc.main_vpc"
          ]
        },
        {
          "index_key": "eu-west-1b",
          "schema_version": 0,
          "attributes": {
            "allocation_id": "eipalloc-08374f730c88e282c",
            "connectivity_type": "public",
            "id": "nat-09399d450e0399585",
            "network_interface_id": "eni-09298b160ae25730e",
            "private_ip": "10.0.1.159",
            "public_ip": "34.247.10.151",
            "subnet_id": "subnet-07833ac752ec8d715",
            "tags": {
              "Name": "gis-pov-dev-nat-gw-eu-west-1b"
            },
            "tags_all": {
              "Name": "gis-pov-dev-nat-gw-eu-west-1b"
            }
          },
          "sensitive_attributes": [],
          "private": "bnVsbA==",
          "dependencies": [
            "module.vpc.aws_eip.nat_eip",
            "module.vpc.aws_subnet.public_subnet",
            "module.vpc.aws_vpc.main_vpc"
          ]
        }
      ]
    },
    {
      "module": "module.vpc",
      "mode": "managed",
      "type": "aws_route_table",
      "name": "private_route_table",
      "provider": "provider[\"registry.terraform.io/hashicorp/aws\"]",
      "instances": [
        {
          "index_key": "eu-west-1a",
          "schema_version": 0,
          "attributes": {
            "arn": "arn:aws:ec2:eu-west-1:516371590104:route-table/rtb-09ef636d615e22641",
            "id": "rtb-09ef636d615e22641",
            "owner_id": "516371590104",
            "propagating_vgws": [],
            "route": [
              {
                "carrier_gateway_id": "",
                "cidr_block": "0.0.0.0/0",
                "core_network_arn": "",
                "destination_prefix_list_id": "",
                "egress_only_gateway_id": "",
                "gateway_id": "",
                "instance_id": "",
                "ipv6_cidr_block": "",
                "local_gateway_id": "",
                "nat_gateway_id": "nat-0d55230009cc203fe",
                "network_interface_id": "",
                "transit_gateway_id": "",
                "vpc_endpoint_id": "",
                "vpc_peering_connection_id": ""
              }
            ],
            "tags": {
              "Name": "gis-pov-dev-private-rt-eu-west-1a"
            },
            "tags_all": {
              "Name": "gis-pov-dev-private-rt-eu-west-1a"
            },
            "timeouts": null,
            "vpc_id": "vpc-0c9e8d23f77fe7872"
          },
          "sensitive_attributes": [],
          "private": "eyJlMmJmYjczMC1lY2FhLTExZTYtOGY4OC0zNDM2M2JjN2M0YzAiOnsiY3JlYXRlIjozMDAwMDAwMDAwMDAsImRlbGV0ZSI6MzAwMDAwMDAwMDAwLCJ1cGRhdGUiOjEyMDAwMDAwMDAwMH19",
          "dependencies": [
            "module.vpc.aws_eip.nat_eip",
            "module.vpc.aws_nat_gateway.nat_gateway",
            "module.vpc.aws_subnet.public_subnet",
            "module.vpc.aws_vpc.main_vpc"
          ]
        },
        {
          "index_key": "eu-west-1b",
          "schema_version": 0,
          "attributes": {
            "arn": "arn:aws:ec2:eu-west-1:516371590104:route-table/rtb-06b2c26977944f3c6",
            "id": "rtb-06b2c26977944f3c6",
            "owner_id": "516371590104",
            "propagating_vgws": [],
            "route": [
              {
                "carrier_gateway_id": "",
                "cidr_block": "0.0.0.0/0",
                "core_network_arn": "",
                "destination_prefix_list_id": "",
                "egress_only_gateway_id": "",
                "gateway_id": "",
                "instance_id": "",
                "ipv6_cidr_block": "",
                "local_gateway_id": "",
                "nat_gateway_id": "nat-09399d450e0399585",
                "network_interface_id": "",
                "transit_gateway_id": "",
                "vpc_endpoint_id": "",
                "vpc_peering_connection_id": ""
              }
            ],
            "tags": {
              "Name": "gis-pov-dev-private-rt-eu-west-1b"
            },
            "tags_all": {
              "Name": "gis-pov-dev-private-rt-eu-west-1b"
            },
            "timeouts": null,
            "vpc_id": "vpc-0c9e8d23f77fe7872"
          },
          "sensitive_attributes": [],
          "private": "eyJlMmJmYjczMC1lY2FhLTExZTYtOGY4OC0zNDM2M2JjN2M0YzAiOnsiY3JlYXRlIjozMDAwMDAwMDAwMDAsImRlbGV0ZSI6MzAwMDAwMDAwMDAwLCJ1cGRhdGUiOjEyMDAwMDAwMDAwMH19",
          "dependencies": [
            "module.vpc.aws_eip.nat_eip",
            "module.vpc.aws_nat_gateway.nat_gateway",
            "module.vpc.aws_subnet.public_subnet",
            "module.vpc.aws_vpc.main_vpc"
          ]
        }
      ]
    },
    {
      "module": "module.vpc",
      "mode": "managed",
      "type": "aws_route_table",
      "name": "public_route_table",
      "provider": "provider[\"registry.terraform.io/hashicorp/aws\"]",
      "instances": [
        {
          "schema_version": 0,
          "attributes": {
            "arn": "arn:aws:ec2:eu-west-1:516371590104:route-table/rtb-0fee3d819c42f18b7",
            "id": "rtb-0fee3d819c42f18b7",
            "owner_id": "516371590104",
            "propagating_vgws": [],
            "route": [
              {
                "carrier_gateway_id": "",
                "cidr_block": "0.0.0.0/0",
                "core_network_arn": "",
                "destination_prefix_list_id": "",
                "egress_only_gateway_id": "",
                "gateway_id": "igw-0f029fa00c4fea47c",
                "instance_id": "",
                "ipv6_cidr_block": "",
                "local_gateway_id": "",
                "nat_gateway_id": "",
                "network_interface_id": "",
                "transit_gateway_id": "",
                "vpc_endpoint_id": "",
                "vpc_peering_connection_id": ""
              }
            ],
            "tags": {
              "Name": "gis-pov-dev-public-rt"
            },
            "tags_all": {
              "Name": "gis-pov-dev-public-rt"
            },
            "timeouts": null,
            "vpc_id": "vpc-0c9e8d23f77fe7872"
          },
          "sensitive_attributes": [],
          "private": "eyJlMmJmYjczMC1lY2FhLTExZTYtOGY4OC0zNDM2M2JjN2M0YzAiOnsiY3JlYXRlIjozMDAwMDAwMDAwMDAsImRlbGV0ZSI6MzAwMDAwMDAwMDAwLCJ1cGRhdGUiOjEyMDAwMDAwMDAwMH19",
          "dependencies": [
            "module.vpc.aws_internet_gateway.internet_gateway",
            "module.vpc.aws_vpc.main_vpc"
          ]
        }
      ]
    },
    {
      "module": "module.vpc",
      "mode": "managed",
      "type": "aws_route_table_association",
      "name": "private_route_table_association",
      "provider": "provider[\"registry.terraform.io/hashicorp/aws\"]",
      "instances": [
        {
          "index_key": "eu-west-1a",
          "schema_version": 0,
          "attributes": {
            "gateway_id": "",
            "id": "rtbassoc-02c92cc8ddcf4d873",
            "route_table_id": "rtb-09ef636d615e22641",
            "subnet_id": "subnet-0006f3e4e7b7d2fcf"
          },
          "sensitive_attributes": [],
          "private": "bnVsbA==",
          "dependencies": [
            "module.vpc.aws_eip.nat_eip",
            "module.vpc.aws_nat_gateway.nat_gateway",
            "module.vpc.aws_route_table.private_route_table",
            "module.vpc.aws_subnet.private_subnet",
            "module.vpc.aws_subnet.public_subnet",
            "module.vpc.aws_vpc.main_vpc"
          ]
        },
        {
          "index_key": "eu-west-1b",
          "schema_version": 0,
          "attributes": {
            "gateway_id": "",
            "id": "rtbassoc-0e9979be4dfdeb8ef",
            "route_table_id": "rtb-06b2c26977944f3c6",
            "subnet_id": "subnet-003cddfe37b8fff0e"
          },
          "sensitive_attributes": [],
          "private": "bnVsbA==",
          "dependencies": [
            "module.vpc.aws_eip.nat_eip",
            "module.vpc.aws_nat_gateway.nat_gateway",
            "module.vpc.aws_route_table.private_route_table",
            "module.vpc.aws_subnet.private_subnet",
            "module.vpc.aws_subnet.public_subnet",
            "module.vpc.aws_vpc.main_vpc"
          ]
        }
      ]
    },
    {
      "module": "module.vpc",
      "mode": "managed",
      "type": "aws_route_table_association",
      "name": "public_route_table_association",
      "provider": "provider[\"registry.terraform.io/hashicorp/aws\"]",
      "instances": [
        {
          "index_key": "eu-west-1a",
          "schema_version": 0,
          "attributes": {
            "gateway_id": "",
            "id": "rtbassoc-081f5d11d8d8e978c",
            "route_table_id": "rtb-0fee3d819c42f18b7",
            "subnet_id": "subnet-05f9bfe23c197b615"
          },
          "sensitive_attributes": [],
          "private": "bnVsbA==",
          "dependencies": [
            "module.vpc.aws_internet_gateway.internet_gateway",
            "module.vpc.aws_route_table.public_route_table",
            "module.vpc.aws_subnet.public_subnet",
            "module.vpc.aws_vpc.main_vpc"
          ]
        },
        {
          "index_key": "eu-west-1b",
          "schema_version": 0,
          "attributes": {
            "gateway_id": "",
            "id": "rtbassoc-0e5736859de9579a9",
            "route_table_id": "rtb-0fee3d819c42f18b7",
            "subnet_id": "subnet-07833ac752ec8d715"
          },
          "sensitive_attributes": [],
          "private": "bnVsbA==",
          "dependencies": [
            "module.vpc.aws_internet_gateway.internet_gateway",
            "module.vpc.aws_route_table.public_route_table",
            "module.vpc.aws_subnet.public_subnet",
            "module.vpc.aws_vpc.main_vpc"
          ]
        }
      ]
    },
    {
      "module": "module.vpc",
      "mode": "managed",
      "type": "aws_security_group",
      "name": "private_security_group",
      "provider": "provider[\"registry.terraform.io/hashicorp/aws\"]",
      "instances": [
        {
          "schema_version": 1,
          "attributes": {
            "arn": "arn:aws:ec2:eu-west-1:516371590104:security-group/sg-02c00134fe14209e7",
            "description": "Managed by Terraform",
            "egress": [
              {
                "cidr_blocks": [
                  "0.0.0.0/0"
                ],
                "description": "",
                "from_port": 0,
                "ipv6_cidr_blocks": [],
                "prefix_list_ids": [],
                "protocol": "-1",
                "security_groups": [],
                "self": false,
                "to_port": 0
              }
            ],
            "id": "sg-02c00134fe14209e7",
            "ingress": [],
            "name": "terraform-20250122124819144100000005",
            "name_prefix": "terraform-",
            "owner_id": "516371590104",
            "revoke_rules_on_delete": false,
            "tags": {
              "Name": "gis-pov-dev-private-security-group"
            },
            "tags_all": {
              "Name": "gis-pov-dev-private-security-group"
            },
            "timeouts": null,
            "vpc_id": "vpc-0c9e8d23f77fe7872"
          },
          "sensitive_attributes": [],
          "private": "eyJlMmJmYjczMC1lY2FhLTExZTYtOGY4OC0zNDM2M2JjN2M0YzAiOnsiY3JlYXRlIjo2MDAwMDAwMDAwMDAsImRlbGV0ZSI6OTAwMDAwMDAwMDAwfSwic2NoZW1hX3ZlcnNpb24iOiIxIn0=",
          "dependencies": [
            "module.vpc.aws_vpc.main_vpc"
          ]
        }
      ]
    },
    {
      "module": "module.vpc",
      "mode": "managed",
      "type": "aws_security_group",
      "name": "public_security_group",
      "provider": "provider[\"registry.terraform.io/hashicorp/aws\"]",
      "instances": [
        {
          "schema_version": 1,
          "attributes": {
            "arn": "arn:aws:ec2:eu-west-1:516371590104:security-group/sg-0c8c27b2fa241540c",
            "description": "Managed by Terraform",
            "egress": [
              {
                "cidr_blocks": [
                  "0.0.0.0/0"
                ],
                "description": "",
                "from_port": 0,
                "ipv6_cidr_blocks": [],
                "prefix_list_ids": [],
                "protocol": "-1",
                "security_groups": [],
                "self": false,
                "to_port": 0
              }
            ],
            "id": "sg-0c8c27b2fa241540c",
            "ingress": [],
            "name": "terraform-20250122124819143100000004",
            "name_prefix": "terraform-",
            "owner_id": "516371590104",
            "revoke_rules_on_delete": false,
            "tags": {
              "Name": "gis-pov-dev-public-sg"
            },
            "tags_all": {
              "Name": "gis-pov-dev-public-sg"
            },
            "timeouts": null,
            "vpc_id": "vpc-0c9e8d23f77fe7872"
          },
          "sensitive_attributes": [],
          "private": "eyJlMmJmYjczMC1lY2FhLTExZTYtOGY4OC0zNDM2M2JjN2M0YzAiOnsiY3JlYXRlIjo2MDAwMDAwMDAwMDAsImRlbGV0ZSI6OTAwMDAwMDAwMDAwfSwic2NoZW1hX3ZlcnNpb24iOiIxIn0=",
          "dependencies": [
            "module.vpc.aws_vpc.main_vpc"
          ]
        }
      ]
    },
    {
      "module": "module.vpc",
      "mode": "managed",
      "type": "aws_subnet",
      "name": "private_subnet",
      "provider": "provider[\"registry.terraform.io/hashicorp/aws\"]",
      "instances": [
        {
          "index_key": "eu-west-1a",
          "schema_version": 1,
          "attributes": {
            "arn": "arn:aws:ec2:eu-west-1:516371590104:subnet/subnet-0006f3e4e7b7d2fcf",
            "assign_ipv6_address_on_creation": false,
            "availability_zone": "eu-west-1a",
            "availability_zone_id": "euw1-az1",
            "cidr_block": "10.0.101.0/24",
            "customer_owned_ipv4_pool": "",
            "enable_dns64": false,
            "enable_resource_name_dns_a_record_on_launch": false,
            "enable_resource_name_dns_aaaa_record_on_launch": false,
            "id": "subnet-0006f3e4e7b7d2fcf",
            "ipv6_cidr_block": "",
            "ipv6_cidr_block_association_id": "",
            "ipv6_native": false,
            "map_customer_owned_ip_on_launch": false,
            "map_public_ip_on_launch": false,
            "outpost_arn": "",
            "owner_id": "516371590104",
            "private_dns_hostname_type_on_launch": "ip-name",
            "tags": {
              "Name": "gis-pov-dev-private-subnet-eu-west-1a"
            },
            "tags_all": {
              "Name": "gis-pov-dev-private-subnet-eu-west-1a"
            },
            "timeouts": null,
            "vpc_id": "vpc-0c9e8d23f77fe7872"
          },
          "sensitive_attributes": [],
          "private": "eyJlMmJmYjczMC1lY2FhLTExZTYtOGY4OC0zNDM2M2JjN2M0YzAiOnsiY3JlYXRlIjo2MDAwMDAwMDAwMDAsImRlbGV0ZSI6MTIwMDAwMDAwMDAwMH0sInNjaGVtYV92ZXJzaW9uIjoiMSJ9",
          "dependencies": [
            "module.vpc.aws_vpc.main_vpc"
          ]
        },
        {
          "index_key": "eu-west-1b",
          "schema_version": 1,
          "attributes": {
            "arn": "arn:aws:ec2:eu-west-1:516371590104:subnet/subnet-003cddfe37b8fff0e",
            "assign_ipv6_address_on_creation": false,
            "availability_zone": "eu-west-1b",
            "availability_zone_id": "euw1-az2",
            "cidr_block": "10.0.102.0/24",
            "customer_owned_ipv4_pool": "",
            "enable_dns64": false,
            "enable_resource_name_dns_a_record_on_launch": false,
            "enable_resource_name_dns_aaaa_record_on_launch": false,
            "id": "subnet-003cddfe37b8fff0e",
            "ipv6_cidr_block": "",
            "ipv6_cidr_block_association_id": "",
            "ipv6_native": false,
            "map_customer_owned_ip_on_launch": false,
            "map_public_ip_on_launch": false,
            "outpost_arn": "",
            "owner_id": "516371590104",
            "private_dns_hostname_type_on_launch": "ip-name",
            "tags": {
              "Name": "gis-pov-dev-private-subnet-eu-west-1b"
            },
            "tags_all": {
              "Name": "gis-pov-dev-private-subnet-eu-west-1b"
            },
            "timeouts": null,
            "vpc_id": "vpc-0c9e8d23f77fe7872"
          },
          "sensitive_attributes": [],
          "private": "eyJlMmJmYjczMC1lY2FhLTExZTYtOGY4OC0zNDM2M2JjN2M0YzAiOnsiY3JlYXRlIjo2MDAwMDAwMDAwMDAsImRlbGV0ZSI6MTIwMDAwMDAwMDAwMH0sInNjaGVtYV92ZXJzaW9uIjoiMSJ9",
          "dependencies": [
            "module.vpc.aws_vpc.main_vpc"
          ]
        }
      ]
    },
    {
      "module": "module.vpc",
      "mode": "managed",
      "type": "aws_subnet",
      "name": "public_subnet",
      "provider": "provider[\"registry.terraform.io/hashicorp/aws\"]",
      "instances": [
        {
          "index_key": "eu-west-1a",
          "schema_version": 1,
          "attributes": {
            "arn": "arn:aws:ec2:eu-west-1:516371590104:subnet/subnet-05f9bfe23c197b615",
            "assign_ipv6_address_on_creation": false,
            "availability_zone": "eu-west-1a",
            "availability_zone_id": "euw1-az1",
            "cidr_block": "10.0.0.0/24",
            "customer_owned_ipv4_pool": "",
            "enable_dns64": false,
            "enable_resource_name_dns_a_record_on_launch": false,
            "enable_resource_name_dns_aaaa_record_on_launch": false,
            "id": "subnet-05f9bfe23c197b615",
            "ipv6_cidr_block": "",
            "ipv6_cidr_block_association_id": "",
            "ipv6_native": false,
            "map_customer_owned_ip_on_launch": false,
            "map_public_ip_on_launch": true,
            "outpost_arn": "",
            "owner_id": "516371590104",
            "private_dns_hostname_type_on_launch": "ip-name",
            "tags": {
              "Name": "gis-pov-dev-pub-subnet-eu-west-1a"
            },
            "tags_all": {
              "Name": "gis-pov-dev-pub-subnet-eu-west-1a"
            },
            "timeouts": null,
            "vpc_id": "vpc-0c9e8d23f77fe7872"
          },
          "sensitive_attributes": [],
          "private": "eyJlMmJmYjczMC1lY2FhLTExZTYtOGY4OC0zNDM2M2JjN2M0YzAiOnsiY3JlYXRlIjo2MDAwMDAwMDAwMDAsImRlbGV0ZSI6MTIwMDAwMDAwMDAwMH0sInNjaGVtYV92ZXJzaW9uIjoiMSJ9",
          "dependencies": [
            "module.vpc.aws_vpc.main_vpc"
          ]
        },
        {
          "index_key": "eu-west-1b",
          "schema_version": 1,
          "attributes": {
            "arn": "arn:aws:ec2:eu-west-1:516371590104:subnet/subnet-07833ac752ec8d715",
            "assign_ipv6_address_on_creation": false,
            "availability_zone": "eu-west-1b",
            "availability_zone_id": "euw1-az2",
            "cidr_block": "10.0.1.0/24",
            "customer_owned_ipv4_pool": "",
            "enable_dns64": false,
            "enable_resource_name_dns_a_record_on_launch": false,
            "enable_resource_name_dns_aaaa_record_on_launch": false,
            "id": "subnet-07833ac752ec8d715",
            "ipv6_cidr_block": "",
            "ipv6_cidr_block_association_id": "",
            "ipv6_native": false,
            "map_customer_owned_ip_on_launch": false,
            "map_public_ip_on_launch": true,
            "outpost_arn": "",
            "owner_id": "516371590104",
            "private_dns_hostname_type_on_launch": "ip-name",
            "tags": {
              "Name": "gis-pov-dev-pub-subnet-eu-west-1b"
            },
            "tags_all": {
              "Name": "gis-pov-dev-pub-subnet-eu-west-1b"
            },
            "timeouts": null,
            "vpc_id": "vpc-0c9e8d23f77fe7872"
          },
          "sensitive_attributes": [],
          "private": "eyJlMmJmYjczMC1lY2FhLTExZTYtOGY4OC0zNDM2M2JjN2M0YzAiOnsiY3JlYXRlIjo2MDAwMDAwMDAwMDAsImRlbGV0ZSI6MTIwMDAwMDAwMDAwMH0sInNjaGVtYV92ZXJzaW9uIjoiMSJ9",
          "dependencies": [
            "module.vpc.aws_vpc.main_vpc"
          ]
        }
      ]
    },
    {
      "module": "module.vpc",
      "mode": "managed",
      "type": "aws_vpc",
      "name": "main_vpc",
      "provider": "provider[\"registry.terraform.io/hashicorp/aws\"]",
      "instances": [
        {
          "schema_version": 1,
          "attributes": {
            "arn": "arn:aws:ec2:eu-west-1:516371590104:vpc/vpc-0c9e8d23f77fe7872",
            "assign_generated_ipv6_cidr_block": false,
            "cidr_block": "10.0.0.0/16",
            "default_network_acl_id": "acl-0852d9b5721e23cf7",
            "default_route_table_id": "rtb-0aab3c6b9c55593f5",
            "default_security_group_id": "sg-098546782575fed34",
            "dhcp_options_id": "dopt-03eeb75db6aaaba1f",
            "enable_classiclink": false,
            "enable_classiclink_dns_support": false,
            "enable_dns_hostnames": true,
            "enable_dns_support": true,
            "enable_network_address_usage_metrics": false,
            "id": "vpc-0c9e8d23f77fe7872",
            "instance_tenancy": "default",
            "ipv4_ipam_pool_id": null,
            "ipv4_netmask_length": null,
            "ipv6_association_id": "",
            "ipv6_cidr_block": "",
            "ipv6_cidr_block_network_border_group": "",
            "ipv6_ipam_pool_id": "",
            "ipv6_netmask_length": 0,
            "main_route_table_id": "rtb-0aab3c6b9c55593f5",
            "owner_id": "516371590104",
            "tags": {
              "Name": "gis-pov-dev-vpc"
            },
            "tags_all": {
              "Name": "gis-pov-dev-vpc"
            }
          },
          "sensitive_attributes": [],
          "private": "eyJzY2hlbWFfdmVyc2lvbiI6IjEifQ=="
        }
      ]
    }
  ],
  "check_results": null
}
